
Microsoft Visual Studio Solution File, Format Version 12.00
# Visual Studio Version 17
VisualStudioVersion = 17.8.34316.72
MinimumVisualStudioVersion = 10.0.40219.1
Project("{9A19103F-16F7-4668-BE54-9A1E7A4F7556}") = "Albatross.Collections", "Albatross.Collections\Albatross.Collections.csproj", "{16890298-5A5E-4850-9440-6BB4C2602D6B}"
EndProject
Project("{9A19103F-16F7-4668-BE54-9A1E7A4F7556}") = "Albatross.Collections.Test", "Albatross.Collections.Test\Albatross.Collections.Test.csproj", "{38E1A865-0EAD-4B0A-B2C5-64BADF0BAD36}"
EndProject
Project("{9A19103F-16F7-4668-BE54-9A1E7A4F7556}") = "Albatross.Hosting.Test", "..\hosting\Albatross.Hosting.Test\Albatross.Hosting.Test.csproj", "{93693167-5730-4189-A326-BD553F5389F5}"
EndProject
Project("{2150E333-8FDC-42A3-9474-1A3956D46DE8}") = "dependencies", "dependencies", "{D2308AA3-5984-49BE-AA5D-79A3050B2295}"
EndProject
Global
	GlobalSection(SolutionConfigurationPlatforms) = preSolution
		Debug|Any CPU = Debug|Any CPU
		Release|Any CPU = Release|Any CPU
	EndGlobalSection
	GlobalSection(ProjectConfigurationPlatforms) = postSolution
		{16890298-5A5E-4850-9440-6BB4C2602D6B}.Debug|Any CPU.ActiveCfg = Debug|Any CPU
		{16890298-5A5E-4850-9440-6BB4C2602D6B}.Debug|Any CPU.Build.0 = Debug|Any CPU
		{16890298-5A5E-4850-9440-6BB4C2602D6B}.Release|Any CPU.ActiveCfg = Release|Any CPU
		{16890298-5A5E-4850-9440-6BB4C2602D6B}.Release|Any CPU.Build.0 = Release|Any CPU
		{38E1A865-0EAD-4B0A-B2C5-64BADF0BAD36}.Debug|Any CPU.ActiveCfg = Debug|Any CPU
		{38E1A865-0EAD-4B0A-B2C5-64BADF0BAD36}.Debug|Any CPU.Build.0 = Debug|Any CPU
		{38E1A865-0EAD-4B0A-B2C5-64BADF0BAD36}.Release|Any CPU.ActiveCfg = Release|Any CPU
		{38E1A865-0EAD-4B0A-B2C5-64BADF0BAD36}.Release|Any CPU.Build.0 = Release|Any CPU
		{93693167-5730-4189-A326-BD553F5389F5}.Debug|Any CPU.ActiveCfg = Debug|Any CPU
		{93693167-5730-4189-A326-BD553F5389F5}.Debug|Any CPU.Build.0 = Debug|Any CPU
		{93693167-5730-4189-A326-BD553F5389F5}.Release|Any CPU.ActiveCfg = Release|Any CPU
		{93693167-5730-4189-A326-BD553F5389F5}.Release|Any CPU.Build.0 = Release|Any CPU
	EndGlobalSection
	GlobalSection(SolutionProperties) = preSolution
		HideSolutionNode = FALSE
	EndGlobalSection
	GlobalSection(NestedProjects) = preSolution
		{93693167-5730-4189-A326-BD553F5389F5} = {D2308AA3-5984-49BE-AA5D-79A3050B2295}
	EndGlobalSection
	GlobalSection(ExtensibilityGlobals) = postSolution
		SolutionGuid = {BE880DF3-20C6-4576-87F7-CA6D7CFD5DC0}
	EndGlobalSection
EndGlobal
