
Microsoft Visual Studio Solution File, Format Version 12.00
# Visual Studio Version 17
VisualStudioVersion = 17.8.34316.72
MinimumVisualStudioVersion = 10.0.40219.1
Project("{9A19103F-16F7-4668-BE54-9A1E7A4F7556}") = "Albatross.WebClient", "Albatross.WebClient\Albatross.WebClient.csproj", "{D6153668-59F8-4E17-A275-93C6427F30A9}"
EndProject
Project("{2150E333-8FDC-42A3-9474-1A3956D46DE8}") = "Solution Items", "Solution Items", "{C396A923-F9F0-46B2-B692-C49D2C092B5F}"
	ProjectSection(SolutionItems) = preProject
		.projects = .projects
		.version = .version
	EndProjectSection
EndProject
Project("{FAE04EC0-301F-11D3-BF4B-00C04F79EFBC}") = "Albatross.WebClient.Test", "Albatross.WebClient.Test\Albatross.WebClient.Test.csproj", "{5B070F58-63D1-459F-A131-4EF0BF22E661}"
EndProject
Global
	GlobalSection(SolutionConfigurationPlatforms) = preSolution
		Debug|Any CPU = Debug|Any CPU
		Release|Any CPU = Release|Any CPU
	EndGlobalSection
	GlobalSection(ProjectConfigurationPlatforms) = postSolution
		{D6153668-59F8-4E17-A275-93C6427F30A9}.Debug|Any CPU.ActiveCfg = Debug|Any CPU
		{D6153668-59F8-4E17-A275-93C6427F30A9}.Debug|Any CPU.Build.0 = Debug|Any CPU
		{D6153668-59F8-4E17-A275-93C6427F30A9}.Release|Any CPU.ActiveCfg = Release|Any CPU
		{D6153668-59F8-4E17-A275-93C6427F30A9}.Release|Any CPU.Build.0 = Release|Any CPU
		{5B070F58-63D1-459F-A131-4EF0BF22E661}.Debug|Any CPU.ActiveCfg = Debug|Any CPU
		{5B070F58-63D1-459F-A131-4EF0BF22E661}.Debug|Any CPU.Build.0 = Debug|Any CPU
		{5B070F58-63D1-459F-A131-4EF0BF22E661}.Release|Any CPU.ActiveCfg = Release|Any CPU
		{5B070F58-63D1-459F-A131-4EF0BF22E661}.Release|Any CPU.Build.0 = Release|Any CPU
	EndGlobalSection
	GlobalSection(SolutionProperties) = preSolution
		HideSolutionNode = FALSE
	EndGlobalSection
	GlobalSection(ExtensibilityGlobals) = postSolution
		SolutionGuid = {CEF9DE40-C655-4BAF-91CF-E42DC91E6E85}
	EndGlobalSection
EndGlobal
