
Microsoft Visual Studio Solution File, Format Version 12.00
# Visual Studio Version 16
VisualStudioVersion = 16.0.29123.88
MinimumVisualStudioVersion = 15.0.26124.0
Project("{2150E333-8FDC-42A3-9474-1A3956D46DE8}") = "config", "config", "{056FA890-360B-4795-A6D9-64AE81FF3E96}"
EndProject
Project("{9A19103F-16F7-4668-BE54-9A1E7A4F7556}") = "Albatross.Config", "src\Albatross.Config\Albatross.Config.csproj", "{81D939DC-0FB7-48E8-88E3-DFDE3FDA67C6}"
EndProject
Project("{9A19103F-16F7-4668-BE54-9A1E7A4F7556}") = "Albatross.Config.UnitTest", "tests\Albatross.Config.UnitTest\Albatross.Config.UnitTest.csproj", "{4B33765E-2959-47AD-99AA-BD3E80EF7C9D}"
EndProject
Project("{2150E333-8FDC-42A3-9474-1A3956D46DE8}") = "crypto", "crypto", "{E18EB25B-3C4E-42C6-8707-C72F870CFA9F}"
EndProject
Project("{2150E333-8FDC-42A3-9474-1A3956D46DE8}") = "hosting", "hosting", "{F7268AF8-35EC-4301-814F-B204590EABCA}"
EndProject
Project("{2150E333-8FDC-42A3-9474-1A3956D46DE8}") = "mapping", "mapping", "{1BC84F14-358A-4F92-AE6C-ABDB9EA7B4C0}"
EndProject
Project("{2150E333-8FDC-42A3-9474-1A3956D46DE8}") = "reflection", "reflection", "{A751C701-8582-4FB0-8C84-5E7F74266A3E}"
EndProject
Project("{9A19103F-16F7-4668-BE54-9A1E7A4F7556}") = "Albatross.Reflection.UnitTest", "tests\Albatross.Reflection.UnitTest\Albatross.Reflection.UnitTest.csproj", "{0729FD0D-EAF9-4708-A8A4-12B8840ED69C}"
EndProject
Project("{2150E333-8FDC-42A3-9474-1A3956D46DE8}") = "repository", "repository", "{0D0A8505-9722-46F1-A6C1-C7D61BDFED07}"
EndProject
Project("{9A19103F-16F7-4668-BE54-9A1E7A4F7556}") = "Albatross.Repository", "src\Albatross.Repository\Albatross.Repository.csproj", "{D940A88A-E3C1-454F-96D4-FFC2A5FE35E6}"
EndProject
Project("{2150E333-8FDC-42A3-9474-1A3956D46DE8}") = "webclient", "webclient", "{64DD75D5-BE93-446B-B74F-0D5AE8DCCB06}"
EndProject
Project("{2150E333-8FDC-42A3-9474-1A3956D46DE8}") = "authentication", "authentication", "{61928BE3-77D1-4A22-8ED6-06CDEA2197EF}"
EndProject
Project("{9A19103F-16F7-4668-BE54-9A1E7A4F7556}") = "Albatross.Cryptography", "src\Albatross.Cryptography\Albatross.Cryptography.csproj", "{D10FBF23-F3B8-46A1-A253-AAD1F95C6A01}"
EndProject
Project("{9A19103F-16F7-4668-BE54-9A1E7A4F7556}") = "Albatross.Cryptography.UnitTest", "tests\Albatross.Cryptography.UnitTest\Albatross.Cryptography.UnitTest.csproj", "{9FE2FACB-83CF-4FB5-8F74-FF336B079D3D}"
EndProject
Project("{9A19103F-16F7-4668-BE54-9A1E7A4F7556}") = "Albatross.Cryptography.PowerShell", "src\Albatross.Cryptography.PowerShell\Albatross.Cryptography.PowerShell.csproj", "{9D34ACE2-7F4C-48C8-AA1C-1BFF920E1BE8}"
EndProject
Project("{9A19103F-16F7-4668-BE54-9A1E7A4F7556}") = "Albatross.Hosting.PowerShell", "src\Albatross.Hosting.PowerShell\Albatross.Hosting.PowerShell.csproj", "{68874C53-A389-4C0B-B3EF-F9A2D249C0EB}"
EndProject
Project("{9A19103F-16F7-4668-BE54-9A1E7A4F7556}") = "Albatross.Hosting.Demo", "tests\Albatross.Hosting.UnitTest\Albatross.Hosting.Demo.csproj", "{E0C9D7C3-ACE6-4FAE-AFA8-94F1AA643AED}"
EndProject
Project("{9A19103F-16F7-4668-BE54-9A1E7A4F7556}") = "Albatross.Mapping", "src\Albatross.Mapping\Albatross.Mapping.csproj", "{CA0F5536-7143-417B-AC86-341DE7E90B77}"
EndProject
Project("{9A19103F-16F7-4668-BE54-9A1E7A4F7556}") = "Albatross.Mapping.UnitTest", "tests\Albatross.Mapping.UnitTest\Albatross.Mapping.UnitTest.csproj", "{F3855961-D465-48F9-B436-6EDEF93BAA56}"
EndProject
Project("{9A19103F-16F7-4668-BE54-9A1E7A4F7556}") = "Albatross.Reflection", "src\Albatross.Reflection\Albatross.Reflection.csproj", "{1D7F8261-5E05-48F5-9FF3-4CF7BCD94797}"
EndProject
Project("{9A19103F-16F7-4668-BE54-9A1E7A4F7556}") = "Albatross.Authentication", "src\Albatross.Authentication\Albatross.Authentication.csproj", "{CD7EFAA1-0F95-4ECC-975F-E0AAEC9F3099}"
EndProject
Project("{9A19103F-16F7-4668-BE54-9A1E7A4F7556}") = "Albatross.Authentication.UnitTest", "tests\Albatross.Authentication.UnitTest\Albatross.Authentication.UnitTest.csproj", "{D3BD77FC-C636-4D20-8E00-EFD0E418D95E}"
EndProject
Project("{9A19103F-16F7-4668-BE54-9A1E7A4F7556}") = "Albatross.CodeGen.WebClient", "src\Albatross.CodeGen.WebClient\Albatross.CodeGen.WebClient.csproj", "{B5C4E084-F610-44F7-9F74-50E215FDE03D}"
EndProject
Project("{9A19103F-16F7-4668-BE54-9A1E7A4F7556}") = "Albatross.CodeGen.WebClient.UnitTest", "tests\Albatross.CodeGen.WebClient.UnitTest\Albatross.CodeGen.WebClient.UnitTest.csproj", "{341AC648-D53D-4703-B78A-A68E4A57990E}"
EndProject
Project("{9A19103F-16F7-4668-BE54-9A1E7A4F7556}") = "Albatross.WebClient", "src\Albatross.WebClient\Albatross.WebClient.csproj", "{A1541D93-16B0-4CEC-8585-B49F9CD31ACF}"
EndProject
Project("{9A19103F-16F7-4668-BE54-9A1E7A4F7556}") = "Albatross.WebClient.IntegrationTest", "tests\Albatross.WebClient.IntegrationTest\Albatross.WebClient.IntegrationTest.csproj", "{59055985-6F7E-4331-BC18-79BE621F60FD}"
EndProject
Project("{9A19103F-16F7-4668-BE54-9A1E7A4F7556}") = "Albatross.WebClient.IntegrationTest.Messages", "tests\Albatross.WebClient.IntegrationTest.Messages\Albatross.WebClient.IntegrationTest.Messages.csproj", "{BFA1A245-53B4-44CE-ACAC-85880F0B03D5}"
EndProject
Project("{9A19103F-16F7-4668-BE54-9A1E7A4F7556}") = "Albatross.WebClient.TestApi", "tests\Albatross.WebClient.TestApi\Albatross.WebClient.TestApi.csproj", "{F59BC85F-082C-4C99-9803-1CD79DABD94E}"
EndProject
Project("{2150E333-8FDC-42A3-9474-1A3956D46DE8}") = "codegen", "codegen", "{C51E9B80-5260-4A6B-BC54-8D32AE8E419B}"
EndProject
Project("{9A19103F-16F7-4668-BE54-9A1E7A4F7556}") = "Albatross.CodeGen", "src\Albatross.CodeGen\Albatross.CodeGen.csproj", "{59F41E47-7D71-447C-A603-894E6E4C4CD1}"
EndProject
Project("{9A19103F-16F7-4668-BE54-9A1E7A4F7556}") = "Albatross.CodeGen.PowerShell", "src\Albatross.CodeGen.PowerShell\Albatross.CodeGen.PowerShell.csproj", "{DA9E9B0D-0101-4A9D-9658-2B8D426EFD53}"
EndProject
Project("{9A19103F-16F7-4668-BE54-9A1E7A4F7556}") = "Albatross.CodeGen.UnitTest", "tests\Albatross.CodeGen.UnitTest\Albatross.CodeGen.UnitTest.csproj", "{55F4B24D-1406-41F4-B2A5-2DEF155C1D05}"
EndProject
Project("{9A19103F-16F7-4668-BE54-9A1E7A4F7556}") = "Albatross.Repository.Sqlite", "src\Albatross.Repository.Sqlite\Albatross.Repository.Sqlite.csproj", "{45AB1C1E-5F3F-4CCA-84B4-1928E19BC827}"
EndProject
Project("{9A19103F-16F7-4668-BE54-9A1E7A4F7556}") = "Albatross.Repository.PostgreSQL", "src\Albatross.Repository.PostgreSQL\Albatross.Repository.PostgreSQL.csproj", "{9AFC6C12-1D2A-4CBB-B83A-64E145A21498}"
EndProject
Project("{9A19103F-16F7-4668-BE54-9A1E7A4F7556}") = "Albatross.Repository.SqlServer", "src\Albatross.Repository.SqlServer\Albatross.Repository.SqlServer.csproj", "{F126450A-8230-40E9-80D0-5102D592D4FB}"
EndProject
Project("{9A19103F-16F7-4668-BE54-9A1E7A4F7556}") = "Albatross.Hosting.Utility", "src\Albatross.Hosting.Utility\Albatross.Hosting.Utility.csproj", "{A6153010-3622-46C3-9C20-1149F3620BF7}"
EndProject
Project("{2150E333-8FDC-42A3-9474-1A3956D46DE8}") = "utility", "utility", "{5F2DB5AE-2C09-4269-BF37-8852C5CA6FCC}"
EndProject
Project("{9A19103F-16F7-4668-BE54-9A1E7A4F7556}") = "Albatross.Framework.Utility", "src\Albatross.Framework.Utility\Albatross.Framework.Utility.csproj", "{3D3F7457-25C3-4327-902F-23AEF3D44F07}"
EndProject
Project("{9A19103F-16F7-4668-BE54-9A1E7A4F7556}") = "Albatross.Hosting.Test", "src\Albatross.Hosting.Test\Albatross.Hosting.Test.csproj", "{1A6BDD6F-B306-4AFD-BCAA-14708BE36A7B}"
EndProject
Project("{9A19103F-16F7-4668-BE54-9A1E7A4F7556}") = "Albatross.CRM", "tests\Albatross.CRM\Albatross.CRM.csproj", "{2CEA69B0-E609-4C52-95CE-262CC5A11C9D}"
EndProject
Project("{9A19103F-16F7-4668-BE54-9A1E7A4F7556}") = "Albatross.CRM.UnitTest", "tests\Albatross.CRM.UnitTest\Albatross.CRM.UnitTest.csproj", "{452DD4D3-6E75-4998-8737-06BA1B04704B}"
EndProject
Project("{2150E333-8FDC-42A3-9474-1A3956D46DE8}") = "logging", "logging", "{0D488696-563C-40B3-905C-C80BCDB4020F}"
EndProject
Project("{9A19103F-16F7-4668-BE54-9A1E7A4F7556}") = "Albatross.Logging", "src\Albatross.Logging\Albatross.Logging.csproj", "{142986D3-AB94-49BD-AF10-F64E736BEF1C}"
EndProject
Project("{9A19103F-16F7-4668-BE54-9A1E7A4F7556}") = "Albatross.Mapping.ByAutoMapper", "src\Albatross.Mapping.ByAutoMapper\Albatross.Mapping.ByAutoMapper.csproj", "{EDC6F976-9E82-4CCF-81FC-8F7719CBB71A}"
EndProject
Project("{9A19103F-16F7-4668-BE54-9A1E7A4F7556}") = "Albatross.Hosting", "src\Albatross.Hosting\Albatross.Hosting.csproj", "{43964925-8E7F-4A36-AF54-9B0EADCD0BE1}"
EndProject
Global
	GlobalSection(SolutionConfigurationPlatforms) = preSolution
		Debug|Any CPU = Debug|Any CPU
		Debug|x64 = Debug|x64
		Debug|x86 = Debug|x86
		Release|Any CPU = Release|Any CPU
		Release|x64 = Release|x64
		Release|x86 = Release|x86
	EndGlobalSection
	GlobalSection(ProjectConfigurationPlatforms) = postSolution
		{81D939DC-0FB7-48E8-88E3-DFDE3FDA67C6}.Debug|Any CPU.ActiveCfg = Debug|Any CPU
		{81D939DC-0FB7-48E8-88E3-DFDE3FDA67C6}.Debug|Any CPU.Build.0 = Debug|Any CPU
		{81D939DC-0FB7-48E8-88E3-DFDE3FDA67C6}.Debug|x64.ActiveCfg = Debug|Any CPU
		{81D939DC-0FB7-48E8-88E3-DFDE3FDA67C6}.Debug|x64.Build.0 = Debug|Any CPU
		{81D939DC-0FB7-48E8-88E3-DFDE3FDA67C6}.Debug|x86.ActiveCfg = Debug|Any CPU
		{81D939DC-0FB7-48E8-88E3-DFDE3FDA67C6}.Debug|x86.Build.0 = Debug|Any CPU
		{81D939DC-0FB7-48E8-88E3-DFDE3FDA67C6}.Release|Any CPU.ActiveCfg = Release|Any CPU
		{81D939DC-0FB7-48E8-88E3-DFDE3FDA67C6}.Release|Any CPU.Build.0 = Release|Any CPU
		{81D939DC-0FB7-48E8-88E3-DFDE3FDA67C6}.Release|x64.ActiveCfg = Release|Any CPU
		{81D939DC-0FB7-48E8-88E3-DFDE3FDA67C6}.Release|x64.Build.0 = Release|Any CPU
		{81D939DC-0FB7-48E8-88E3-DFDE3FDA67C6}.Release|x86.ActiveCfg = Release|Any CPU
		{81D939DC-0FB7-48E8-88E3-DFDE3FDA67C6}.Release|x86.Build.0 = Release|Any CPU
		{4B33765E-2959-47AD-99AA-BD3E80EF7C9D}.Debug|Any CPU.ActiveCfg = Debug|Any CPU
		{4B33765E-2959-47AD-99AA-BD3E80EF7C9D}.Debug|Any CPU.Build.0 = Debug|Any CPU
		{4B33765E-2959-47AD-99AA-BD3E80EF7C9D}.Debug|x64.ActiveCfg = Debug|Any CPU
		{4B33765E-2959-47AD-99AA-BD3E80EF7C9D}.Debug|x64.Build.0 = Debug|Any CPU
		{4B33765E-2959-47AD-99AA-BD3E80EF7C9D}.Debug|x86.ActiveCfg = Debug|Any CPU
		{4B33765E-2959-47AD-99AA-BD3E80EF7C9D}.Debug|x86.Build.0 = Debug|Any CPU
		{4B33765E-2959-47AD-99AA-BD3E80EF7C9D}.Release|Any CPU.ActiveCfg = Release|Any CPU
		{4B33765E-2959-47AD-99AA-BD3E80EF7C9D}.Release|Any CPU.Build.0 = Release|Any CPU
		{4B33765E-2959-47AD-99AA-BD3E80EF7C9D}.Release|x64.ActiveCfg = Release|Any CPU
		{4B33765E-2959-47AD-99AA-BD3E80EF7C9D}.Release|x64.Build.0 = Release|Any CPU
		{4B33765E-2959-47AD-99AA-BD3E80EF7C9D}.Release|x86.ActiveCfg = Release|Any CPU
		{4B33765E-2959-47AD-99AA-BD3E80EF7C9D}.Release|x86.Build.0 = Release|Any CPU
		{0729FD0D-EAF9-4708-A8A4-12B8840ED69C}.Debug|Any CPU.ActiveCfg = Debug|Any CPU
		{0729FD0D-EAF9-4708-A8A4-12B8840ED69C}.Debug|Any CPU.Build.0 = Debug|Any CPU
		{0729FD0D-EAF9-4708-A8A4-12B8840ED69C}.Debug|x64.ActiveCfg = Debug|Any CPU
		{0729FD0D-EAF9-4708-A8A4-12B8840ED69C}.Debug|x64.Build.0 = Debug|Any CPU
		{0729FD0D-EAF9-4708-A8A4-12B8840ED69C}.Debug|x86.ActiveCfg = Debug|Any CPU
		{0729FD0D-EAF9-4708-A8A4-12B8840ED69C}.Debug|x86.Build.0 = Debug|Any CPU
		{0729FD0D-EAF9-4708-A8A4-12B8840ED69C}.Release|Any CPU.ActiveCfg = Release|Any CPU
		{0729FD0D-EAF9-4708-A8A4-12B8840ED69C}.Release|Any CPU.Build.0 = Release|Any CPU
		{0729FD0D-EAF9-4708-A8A4-12B8840ED69C}.Release|x64.ActiveCfg = Release|Any CPU
		{0729FD0D-EAF9-4708-A8A4-12B8840ED69C}.Release|x64.Build.0 = Release|Any CPU
		{0729FD0D-EAF9-4708-A8A4-12B8840ED69C}.Release|x86.ActiveCfg = Release|Any CPU
		{0729FD0D-EAF9-4708-A8A4-12B8840ED69C}.Release|x86.Build.0 = Release|Any CPU
		{D940A88A-E3C1-454F-96D4-FFC2A5FE35E6}.Debug|Any CPU.ActiveCfg = Debug|Any CPU
		{D940A88A-E3C1-454F-96D4-FFC2A5FE35E6}.Debug|Any CPU.Build.0 = Debug|Any CPU
		{D940A88A-E3C1-454F-96D4-FFC2A5FE35E6}.Debug|x64.ActiveCfg = Debug|Any CPU
		{D940A88A-E3C1-454F-96D4-FFC2A5FE35E6}.Debug|x64.Build.0 = Debug|Any CPU
		{D940A88A-E3C1-454F-96D4-FFC2A5FE35E6}.Debug|x86.ActiveCfg = Debug|Any CPU
		{D940A88A-E3C1-454F-96D4-FFC2A5FE35E6}.Debug|x86.Build.0 = Debug|Any CPU
		{D940A88A-E3C1-454F-96D4-FFC2A5FE35E6}.Release|Any CPU.ActiveCfg = Release|Any CPU
		{D940A88A-E3C1-454F-96D4-FFC2A5FE35E6}.Release|Any CPU.Build.0 = Release|Any CPU
		{D940A88A-E3C1-454F-96D4-FFC2A5FE35E6}.Release|x64.ActiveCfg = Release|Any CPU
		{D940A88A-E3C1-454F-96D4-FFC2A5FE35E6}.Release|x64.Build.0 = Release|Any CPU
		{D940A88A-E3C1-454F-96D4-FFC2A5FE35E6}.Release|x86.ActiveCfg = Release|Any CPU
		{D940A88A-E3C1-454F-96D4-FFC2A5FE35E6}.Release|x86.Build.0 = Release|Any CPU
		{D10FBF23-F3B8-46A1-A253-AAD1F95C6A01}.Debug|Any CPU.ActiveCfg = Debug|Any CPU
		{D10FBF23-F3B8-46A1-A253-AAD1F95C6A01}.Debug|Any CPU.Build.0 = Debug|Any CPU
		{D10FBF23-F3B8-46A1-A253-AAD1F95C6A01}.Debug|x64.ActiveCfg = Debug|Any CPU
		{D10FBF23-F3B8-46A1-A253-AAD1F95C6A01}.Debug|x64.Build.0 = Debug|Any CPU
		{D10FBF23-F3B8-46A1-A253-AAD1F95C6A01}.Debug|x86.ActiveCfg = Debug|Any CPU
		{D10FBF23-F3B8-46A1-A253-AAD1F95C6A01}.Debug|x86.Build.0 = Debug|Any CPU
		{D10FBF23-F3B8-46A1-A253-AAD1F95C6A01}.Release|Any CPU.ActiveCfg = Release|Any CPU
		{D10FBF23-F3B8-46A1-A253-AAD1F95C6A01}.Release|Any CPU.Build.0 = Release|Any CPU
		{D10FBF23-F3B8-46A1-A253-AAD1F95C6A01}.Release|x64.ActiveCfg = Release|Any CPU
		{D10FBF23-F3B8-46A1-A253-AAD1F95C6A01}.Release|x64.Build.0 = Release|Any CPU
		{D10FBF23-F3B8-46A1-A253-AAD1F95C6A01}.Release|x86.ActiveCfg = Release|Any CPU
		{D10FBF23-F3B8-46A1-A253-AAD1F95C6A01}.Release|x86.Build.0 = Release|Any CPU
		{9FE2FACB-83CF-4FB5-8F74-FF336B079D3D}.Debug|Any CPU.ActiveCfg = Debug|Any CPU
		{9FE2FACB-83CF-4FB5-8F74-FF336B079D3D}.Debug|Any CPU.Build.0 = Debug|Any CPU
		{9FE2FACB-83CF-4FB5-8F74-FF336B079D3D}.Debug|x64.ActiveCfg = Debug|Any CPU
		{9FE2FACB-83CF-4FB5-8F74-FF336B079D3D}.Debug|x64.Build.0 = Debug|Any CPU
		{9FE2FACB-83CF-4FB5-8F74-FF336B079D3D}.Debug|x86.ActiveCfg = Debug|Any CPU
		{9FE2FACB-83CF-4FB5-8F74-FF336B079D3D}.Debug|x86.Build.0 = Debug|Any CPU
		{9FE2FACB-83CF-4FB5-8F74-FF336B079D3D}.Release|Any CPU.ActiveCfg = Release|Any CPU
		{9FE2FACB-83CF-4FB5-8F74-FF336B079D3D}.Release|Any CPU.Build.0 = Release|Any CPU
		{9FE2FACB-83CF-4FB5-8F74-FF336B079D3D}.Release|x64.ActiveCfg = Release|Any CPU
		{9FE2FACB-83CF-4FB5-8F74-FF336B079D3D}.Release|x64.Build.0 = Release|Any CPU
		{9FE2FACB-83CF-4FB5-8F74-FF336B079D3D}.Release|x86.ActiveCfg = Release|Any CPU
		{9FE2FACB-83CF-4FB5-8F74-FF336B079D3D}.Release|x86.Build.0 = Release|Any CPU
		{9D34ACE2-7F4C-48C8-AA1C-1BFF920E1BE8}.Debug|Any CPU.ActiveCfg = Debug|Any CPU
		{9D34ACE2-7F4C-48C8-AA1C-1BFF920E1BE8}.Debug|Any CPU.Build.0 = Debug|Any CPU
		{9D34ACE2-7F4C-48C8-AA1C-1BFF920E1BE8}.Debug|x64.ActiveCfg = Debug|Any CPU
		{9D34ACE2-7F4C-48C8-AA1C-1BFF920E1BE8}.Debug|x64.Build.0 = Debug|Any CPU
		{9D34ACE2-7F4C-48C8-AA1C-1BFF920E1BE8}.Debug|x86.ActiveCfg = Debug|Any CPU
		{9D34ACE2-7F4C-48C8-AA1C-1BFF920E1BE8}.Debug|x86.Build.0 = Debug|Any CPU
		{9D34ACE2-7F4C-48C8-AA1C-1BFF920E1BE8}.Release|Any CPU.ActiveCfg = Release|Any CPU
		{9D34ACE2-7F4C-48C8-AA1C-1BFF920E1BE8}.Release|Any CPU.Build.0 = Release|Any CPU
		{9D34ACE2-7F4C-48C8-AA1C-1BFF920E1BE8}.Release|x64.ActiveCfg = Release|Any CPU
		{9D34ACE2-7F4C-48C8-AA1C-1BFF920E1BE8}.Release|x64.Build.0 = Release|Any CPU
		{9D34ACE2-7F4C-48C8-AA1C-1BFF920E1BE8}.Release|x86.ActiveCfg = Release|Any CPU
		{9D34ACE2-7F4C-48C8-AA1C-1BFF920E1BE8}.Release|x86.Build.0 = Release|Any CPU
		{68874C53-A389-4C0B-B3EF-F9A2D249C0EB}.Debug|Any CPU.ActiveCfg = Debug|Any CPU
		{68874C53-A389-4C0B-B3EF-F9A2D249C0EB}.Debug|Any CPU.Build.0 = Debug|Any CPU
		{68874C53-A389-4C0B-B3EF-F9A2D249C0EB}.Debug|x64.ActiveCfg = Debug|Any CPU
		{68874C53-A389-4C0B-B3EF-F9A2D249C0EB}.Debug|x64.Build.0 = Debug|Any CPU
		{68874C53-A389-4C0B-B3EF-F9A2D249C0EB}.Debug|x86.ActiveCfg = Debug|Any CPU
		{68874C53-A389-4C0B-B3EF-F9A2D249C0EB}.Debug|x86.Build.0 = Debug|Any CPU
		{68874C53-A389-4C0B-B3EF-F9A2D249C0EB}.Release|Any CPU.ActiveCfg = Release|Any CPU
		{68874C53-A389-4C0B-B3EF-F9A2D249C0EB}.Release|Any CPU.Build.0 = Release|Any CPU
		{68874C53-A389-4C0B-B3EF-F9A2D249C0EB}.Release|x64.ActiveCfg = Release|Any CPU
		{68874C53-A389-4C0B-B3EF-F9A2D249C0EB}.Release|x64.Build.0 = Release|Any CPU
		{68874C53-A389-4C0B-B3EF-F9A2D249C0EB}.Release|x86.ActiveCfg = Release|Any CPU
		{68874C53-A389-4C0B-B3EF-F9A2D249C0EB}.Release|x86.Build.0 = Release|Any CPU
		{E0C9D7C3-ACE6-4FAE-AFA8-94F1AA643AED}.Debug|Any CPU.ActiveCfg = Debug|Any CPU
		{E0C9D7C3-ACE6-4FAE-AFA8-94F1AA643AED}.Debug|Any CPU.Build.0 = Debug|Any CPU
		{E0C9D7C3-ACE6-4FAE-AFA8-94F1AA643AED}.Debug|x64.ActiveCfg = Debug|Any CPU
		{E0C9D7C3-ACE6-4FAE-AFA8-94F1AA643AED}.Debug|x64.Build.0 = Debug|Any CPU
		{E0C9D7C3-ACE6-4FAE-AFA8-94F1AA643AED}.Debug|x86.ActiveCfg = Debug|Any CPU
		{E0C9D7C3-ACE6-4FAE-AFA8-94F1AA643AED}.Debug|x86.Build.0 = Debug|Any CPU
		{E0C9D7C3-ACE6-4FAE-AFA8-94F1AA643AED}.Release|Any CPU.ActiveCfg = Release|Any CPU
		{E0C9D7C3-ACE6-4FAE-AFA8-94F1AA643AED}.Release|Any CPU.Build.0 = Release|Any CPU
		{E0C9D7C3-ACE6-4FAE-AFA8-94F1AA643AED}.Release|x64.ActiveCfg = Release|Any CPU
		{E0C9D7C3-ACE6-4FAE-AFA8-94F1AA643AED}.Release|x64.Build.0 = Release|Any CPU
		{E0C9D7C3-ACE6-4FAE-AFA8-94F1AA643AED}.Release|x86.ActiveCfg = Release|Any CPU
		{E0C9D7C3-ACE6-4FAE-AFA8-94F1AA643AED}.Release|x86.Build.0 = Release|Any CPU
		{CA0F5536-7143-417B-AC86-341DE7E90B77}.Debug|Any CPU.ActiveCfg = Debug|Any CPU
		{CA0F5536-7143-417B-AC86-341DE7E90B77}.Debug|Any CPU.Build.0 = Debug|Any CPU
		{CA0F5536-7143-417B-AC86-341DE7E90B77}.Debug|x64.ActiveCfg = Debug|Any CPU
		{CA0F5536-7143-417B-AC86-341DE7E90B77}.Debug|x64.Build.0 = Debug|Any CPU
		{CA0F5536-7143-417B-AC86-341DE7E90B77}.Debug|x86.ActiveCfg = Debug|Any CPU
		{CA0F5536-7143-417B-AC86-341DE7E90B77}.Debug|x86.Build.0 = Debug|Any CPU
		{CA0F5536-7143-417B-AC86-341DE7E90B77}.Release|Any CPU.ActiveCfg = Release|Any CPU
		{CA0F5536-7143-417B-AC86-341DE7E90B77}.Release|Any CPU.Build.0 = Release|Any CPU
		{CA0F5536-7143-417B-AC86-341DE7E90B77}.Release|x64.ActiveCfg = Release|Any CPU
		{CA0F5536-7143-417B-AC86-341DE7E90B77}.Release|x64.Build.0 = Release|Any CPU
		{CA0F5536-7143-417B-AC86-341DE7E90B77}.Release|x86.ActiveCfg = Release|Any CPU
		{CA0F5536-7143-417B-AC86-341DE7E90B77}.Release|x86.Build.0 = Release|Any CPU
		{F3855961-D465-48F9-B436-6EDEF93BAA56}.Debug|Any CPU.ActiveCfg = Debug|Any CPU
		{F3855961-D465-48F9-B436-6EDEF93BAA56}.Debug|Any CPU.Build.0 = Debug|Any CPU
		{F3855961-D465-48F9-B436-6EDEF93BAA56}.Debug|x64.ActiveCfg = Debug|Any CPU
		{F3855961-D465-48F9-B436-6EDEF93BAA56}.Debug|x64.Build.0 = Debug|Any CPU
		{F3855961-D465-48F9-B436-6EDEF93BAA56}.Debug|x86.ActiveCfg = Debug|Any CPU
		{F3855961-D465-48F9-B436-6EDEF93BAA56}.Debug|x86.Build.0 = Debug|Any CPU
		{F3855961-D465-48F9-B436-6EDEF93BAA56}.Release|Any CPU.ActiveCfg = Release|Any CPU
		{F3855961-D465-48F9-B436-6EDEF93BAA56}.Release|Any CPU.Build.0 = Release|Any CPU
		{F3855961-D465-48F9-B436-6EDEF93BAA56}.Release|x64.ActiveCfg = Release|Any CPU
		{F3855961-D465-48F9-B436-6EDEF93BAA56}.Release|x64.Build.0 = Release|Any CPU
		{F3855961-D465-48F9-B436-6EDEF93BAA56}.Release|x86.ActiveCfg = Release|Any CPU
		{F3855961-D465-48F9-B436-6EDEF93BAA56}.Release|x86.Build.0 = Release|Any CPU
		{1D7F8261-5E05-48F5-9FF3-4CF7BCD94797}.Debug|Any CPU.ActiveCfg = Debug|Any CPU
		{1D7F8261-5E05-48F5-9FF3-4CF7BCD94797}.Debug|Any CPU.Build.0 = Debug|Any CPU
		{1D7F8261-5E05-48F5-9FF3-4CF7BCD94797}.Debug|x64.ActiveCfg = Debug|Any CPU
		{1D7F8261-5E05-48F5-9FF3-4CF7BCD94797}.Debug|x64.Build.0 = Debug|Any CPU
		{1D7F8261-5E05-48F5-9FF3-4CF7BCD94797}.Debug|x86.ActiveCfg = Debug|Any CPU
		{1D7F8261-5E05-48F5-9FF3-4CF7BCD94797}.Debug|x86.Build.0 = Debug|Any CPU
		{1D7F8261-5E05-48F5-9FF3-4CF7BCD94797}.Release|Any CPU.ActiveCfg = Release|Any CPU
		{1D7F8261-5E05-48F5-9FF3-4CF7BCD94797}.Release|Any CPU.Build.0 = Release|Any CPU
		{1D7F8261-5E05-48F5-9FF3-4CF7BCD94797}.Release|x64.ActiveCfg = Release|Any CPU
		{1D7F8261-5E05-48F5-9FF3-4CF7BCD94797}.Release|x64.Build.0 = Release|Any CPU
		{1D7F8261-5E05-48F5-9FF3-4CF7BCD94797}.Release|x86.ActiveCfg = Release|Any CPU
		{1D7F8261-5E05-48F5-9FF3-4CF7BCD94797}.Release|x86.Build.0 = Release|Any CPU
		{CD7EFAA1-0F95-4ECC-975F-E0AAEC9F3099}.Debug|Any CPU.ActiveCfg = Debug|Any CPU
		{CD7EFAA1-0F95-4ECC-975F-E0AAEC9F3099}.Debug|Any CPU.Build.0 = Debug|Any CPU
		{CD7EFAA1-0F95-4ECC-975F-E0AAEC9F3099}.Debug|x64.ActiveCfg = Debug|Any CPU
		{CD7EFAA1-0F95-4ECC-975F-E0AAEC9F3099}.Debug|x64.Build.0 = Debug|Any CPU
		{CD7EFAA1-0F95-4ECC-975F-E0AAEC9F3099}.Debug|x86.ActiveCfg = Debug|Any CPU
		{CD7EFAA1-0F95-4ECC-975F-E0AAEC9F3099}.Debug|x86.Build.0 = Debug|Any CPU
		{CD7EFAA1-0F95-4ECC-975F-E0AAEC9F3099}.Release|Any CPU.ActiveCfg = Release|Any CPU
		{CD7EFAA1-0F95-4ECC-975F-E0AAEC9F3099}.Release|Any CPU.Build.0 = Release|Any CPU
		{CD7EFAA1-0F95-4ECC-975F-E0AAEC9F3099}.Release|x64.ActiveCfg = Release|Any CPU
		{CD7EFAA1-0F95-4ECC-975F-E0AAEC9F3099}.Release|x64.Build.0 = Release|Any CPU
		{CD7EFAA1-0F95-4ECC-975F-E0AAEC9F3099}.Release|x86.ActiveCfg = Release|Any CPU
		{CD7EFAA1-0F95-4ECC-975F-E0AAEC9F3099}.Release|x86.Build.0 = Release|Any CPU
		{D3BD77FC-C636-4D20-8E00-EFD0E418D95E}.Debug|Any CPU.ActiveCfg = Debug|Any CPU
		{D3BD77FC-C636-4D20-8E00-EFD0E418D95E}.Debug|Any CPU.Build.0 = Debug|Any CPU
		{D3BD77FC-C636-4D20-8E00-EFD0E418D95E}.Debug|x64.ActiveCfg = Debug|Any CPU
		{D3BD77FC-C636-4D20-8E00-EFD0E418D95E}.Debug|x64.Build.0 = Debug|Any CPU
		{D3BD77FC-C636-4D20-8E00-EFD0E418D95E}.Debug|x86.ActiveCfg = Debug|Any CPU
		{D3BD77FC-C636-4D20-8E00-EFD0E418D95E}.Debug|x86.Build.0 = Debug|Any CPU
		{D3BD77FC-C636-4D20-8E00-EFD0E418D95E}.Release|Any CPU.ActiveCfg = Release|Any CPU
		{D3BD77FC-C636-4D20-8E00-EFD0E418D95E}.Release|Any CPU.Build.0 = Release|Any CPU
		{D3BD77FC-C636-4D20-8E00-EFD0E418D95E}.Release|x64.ActiveCfg = Release|Any CPU
		{D3BD77FC-C636-4D20-8E00-EFD0E418D95E}.Release|x64.Build.0 = Release|Any CPU
		{D3BD77FC-C636-4D20-8E00-EFD0E418D95E}.Release|x86.ActiveCfg = Release|Any CPU
		{D3BD77FC-C636-4D20-8E00-EFD0E418D95E}.Release|x86.Build.0 = Release|Any CPU
		{B5C4E084-F610-44F7-9F74-50E215FDE03D}.Debug|Any CPU.ActiveCfg = Debug|Any CPU
		{B5C4E084-F610-44F7-9F74-50E215FDE03D}.Debug|Any CPU.Build.0 = Debug|Any CPU
		{B5C4E084-F610-44F7-9F74-50E215FDE03D}.Debug|x64.ActiveCfg = Debug|Any CPU
		{B5C4E084-F610-44F7-9F74-50E215FDE03D}.Debug|x64.Build.0 = Debug|Any CPU
		{B5C4E084-F610-44F7-9F74-50E215FDE03D}.Debug|x86.ActiveCfg = Debug|Any CPU
		{B5C4E084-F610-44F7-9F74-50E215FDE03D}.Debug|x86.Build.0 = Debug|Any CPU
		{B5C4E084-F610-44F7-9F74-50E215FDE03D}.Release|Any CPU.ActiveCfg = Release|Any CPU
		{B5C4E084-F610-44F7-9F74-50E215FDE03D}.Release|Any CPU.Build.0 = Release|Any CPU
		{B5C4E084-F610-44F7-9F74-50E215FDE03D}.Release|x64.ActiveCfg = Release|Any CPU
		{B5C4E084-F610-44F7-9F74-50E215FDE03D}.Release|x64.Build.0 = Release|Any CPU
		{B5C4E084-F610-44F7-9F74-50E215FDE03D}.Release|x86.ActiveCfg = Release|Any CPU
		{B5C4E084-F610-44F7-9F74-50E215FDE03D}.Release|x86.Build.0 = Release|Any CPU
		{341AC648-D53D-4703-B78A-A68E4A57990E}.Debug|Any CPU.ActiveCfg = Debug|Any CPU
		{341AC648-D53D-4703-B78A-A68E4A57990E}.Debug|Any CPU.Build.0 = Debug|Any CPU
		{341AC648-D53D-4703-B78A-A68E4A57990E}.Debug|x64.ActiveCfg = Debug|Any CPU
		{341AC648-D53D-4703-B78A-A68E4A57990E}.Debug|x64.Build.0 = Debug|Any CPU
		{341AC648-D53D-4703-B78A-A68E4A57990E}.Debug|x86.ActiveCfg = Debug|Any CPU
		{341AC648-D53D-4703-B78A-A68E4A57990E}.Debug|x86.Build.0 = Debug|Any CPU
		{341AC648-D53D-4703-B78A-A68E4A57990E}.Release|Any CPU.ActiveCfg = Release|Any CPU
		{341AC648-D53D-4703-B78A-A68E4A57990E}.Release|Any CPU.Build.0 = Release|Any CPU
		{341AC648-D53D-4703-B78A-A68E4A57990E}.Release|x64.ActiveCfg = Release|Any CPU
		{341AC648-D53D-4703-B78A-A68E4A57990E}.Release|x64.Build.0 = Release|Any CPU
		{341AC648-D53D-4703-B78A-A68E4A57990E}.Release|x86.ActiveCfg = Release|Any CPU
		{341AC648-D53D-4703-B78A-A68E4A57990E}.Release|x86.Build.0 = Release|Any CPU
		{A1541D93-16B0-4CEC-8585-B49F9CD31ACF}.Debug|Any CPU.ActiveCfg = Debug|Any CPU
		{A1541D93-16B0-4CEC-8585-B49F9CD31ACF}.Debug|Any CPU.Build.0 = Debug|Any CPU
		{A1541D93-16B0-4CEC-8585-B49F9CD31ACF}.Debug|x64.ActiveCfg = Debug|Any CPU
		{A1541D93-16B0-4CEC-8585-B49F9CD31ACF}.Debug|x64.Build.0 = Debug|Any CPU
		{A1541D93-16B0-4CEC-8585-B49F9CD31ACF}.Debug|x86.ActiveCfg = Debug|Any CPU
		{A1541D93-16B0-4CEC-8585-B49F9CD31ACF}.Debug|x86.Build.0 = Debug|Any CPU
		{A1541D93-16B0-4CEC-8585-B49F9CD31ACF}.Release|Any CPU.ActiveCfg = Release|Any CPU
		{A1541D93-16B0-4CEC-8585-B49F9CD31ACF}.Release|Any CPU.Build.0 = Release|Any CPU
		{A1541D93-16B0-4CEC-8585-B49F9CD31ACF}.Release|x64.ActiveCfg = Release|Any CPU
		{A1541D93-16B0-4CEC-8585-B49F9CD31ACF}.Release|x64.Build.0 = Release|Any CPU
		{A1541D93-16B0-4CEC-8585-B49F9CD31ACF}.Release|x86.ActiveCfg = Release|Any CPU
		{A1541D93-16B0-4CEC-8585-B49F9CD31ACF}.Release|x86.Build.0 = Release|Any CPU
		{59055985-6F7E-4331-BC18-79BE621F60FD}.Debug|Any CPU.ActiveCfg = Debug|Any CPU
		{59055985-6F7E-4331-BC18-79BE621F60FD}.Debug|Any CPU.Build.0 = Debug|Any CPU
		{59055985-6F7E-4331-BC18-79BE621F60FD}.Debug|x64.ActiveCfg = Debug|Any CPU
		{59055985-6F7E-4331-BC18-79BE621F60FD}.Debug|x64.Build.0 = Debug|Any CPU
		{59055985-6F7E-4331-BC18-79BE621F60FD}.Debug|x86.ActiveCfg = Debug|Any CPU
		{59055985-6F7E-4331-BC18-79BE621F60FD}.Debug|x86.Build.0 = Debug|Any CPU
		{59055985-6F7E-4331-BC18-79BE621F60FD}.Release|Any CPU.ActiveCfg = Release|Any CPU
		{59055985-6F7E-4331-BC18-79BE621F60FD}.Release|Any CPU.Build.0 = Release|Any CPU
		{59055985-6F7E-4331-BC18-79BE621F60FD}.Release|x64.ActiveCfg = Release|Any CPU
		{59055985-6F7E-4331-BC18-79BE621F60FD}.Release|x64.Build.0 = Release|Any CPU
		{59055985-6F7E-4331-BC18-79BE621F60FD}.Release|x86.ActiveCfg = Release|Any CPU
		{59055985-6F7E-4331-BC18-79BE621F60FD}.Release|x86.Build.0 = Release|Any CPU
		{BFA1A245-53B4-44CE-ACAC-85880F0B03D5}.Debug|Any CPU.ActiveCfg = Debug|Any CPU
		{BFA1A245-53B4-44CE-ACAC-85880F0B03D5}.Debug|Any CPU.Build.0 = Debug|Any CPU
		{BFA1A245-53B4-44CE-ACAC-85880F0B03D5}.Debug|x64.ActiveCfg = Debug|Any CPU
		{BFA1A245-53B4-44CE-ACAC-85880F0B03D5}.Debug|x64.Build.0 = Debug|Any CPU
		{BFA1A245-53B4-44CE-ACAC-85880F0B03D5}.Debug|x86.ActiveCfg = Debug|Any CPU
		{BFA1A245-53B4-44CE-ACAC-85880F0B03D5}.Debug|x86.Build.0 = Debug|Any CPU
		{BFA1A245-53B4-44CE-ACAC-85880F0B03D5}.Release|Any CPU.ActiveCfg = Release|Any CPU
		{BFA1A245-53B4-44CE-ACAC-85880F0B03D5}.Release|Any CPU.Build.0 = Release|Any CPU
		{BFA1A245-53B4-44CE-ACAC-85880F0B03D5}.Release|x64.ActiveCfg = Release|Any CPU
		{BFA1A245-53B4-44CE-ACAC-85880F0B03D5}.Release|x64.Build.0 = Release|Any CPU
		{BFA1A245-53B4-44CE-ACAC-85880F0B03D5}.Release|x86.ActiveCfg = Release|Any CPU
		{BFA1A245-53B4-44CE-ACAC-85880F0B03D5}.Release|x86.Build.0 = Release|Any CPU
		{F59BC85F-082C-4C99-9803-1CD79DABD94E}.Debug|Any CPU.ActiveCfg = Debug|Any CPU
		{F59BC85F-082C-4C99-9803-1CD79DABD94E}.Debug|Any CPU.Build.0 = Debug|Any CPU
		{F59BC85F-082C-4C99-9803-1CD79DABD94E}.Debug|x64.ActiveCfg = Debug|Any CPU
		{F59BC85F-082C-4C99-9803-1CD79DABD94E}.Debug|x64.Build.0 = Debug|Any CPU
		{F59BC85F-082C-4C99-9803-1CD79DABD94E}.Debug|x86.ActiveCfg = Debug|Any CPU
		{F59BC85F-082C-4C99-9803-1CD79DABD94E}.Debug|x86.Build.0 = Debug|Any CPU
		{F59BC85F-082C-4C99-9803-1CD79DABD94E}.Release|Any CPU.ActiveCfg = Release|Any CPU
		{F59BC85F-082C-4C99-9803-1CD79DABD94E}.Release|Any CPU.Build.0 = Release|Any CPU
		{F59BC85F-082C-4C99-9803-1CD79DABD94E}.Release|x64.ActiveCfg = Release|Any CPU
		{F59BC85F-082C-4C99-9803-1CD79DABD94E}.Release|x64.Build.0 = Release|Any CPU
		{F59BC85F-082C-4C99-9803-1CD79DABD94E}.Release|x86.ActiveCfg = Release|Any CPU
		{F59BC85F-082C-4C99-9803-1CD79DABD94E}.Release|x86.Build.0 = Release|Any CPU
		{59F41E47-7D71-447C-A603-894E6E4C4CD1}.Debug|Any CPU.ActiveCfg = Debug|Any CPU
		{59F41E47-7D71-447C-A603-894E6E4C4CD1}.Debug|Any CPU.Build.0 = Debug|Any CPU
		{59F41E47-7D71-447C-A603-894E6E4C4CD1}.Debug|x64.ActiveCfg = Debug|Any CPU
		{59F41E47-7D71-447C-A603-894E6E4C4CD1}.Debug|x64.Build.0 = Debug|Any CPU
		{59F41E47-7D71-447C-A603-894E6E4C4CD1}.Debug|x86.ActiveCfg = Debug|Any CPU
		{59F41E47-7D71-447C-A603-894E6E4C4CD1}.Debug|x86.Build.0 = Debug|Any CPU
		{59F41E47-7D71-447C-A603-894E6E4C4CD1}.Release|Any CPU.ActiveCfg = Release|Any CPU
		{59F41E47-7D71-447C-A603-894E6E4C4CD1}.Release|Any CPU.Build.0 = Release|Any CPU
		{59F41E47-7D71-447C-A603-894E6E4C4CD1}.Release|x64.ActiveCfg = Release|Any CPU
		{59F41E47-7D71-447C-A603-894E6E4C4CD1}.Release|x64.Build.0 = Release|Any CPU
		{59F41E47-7D71-447C-A603-894E6E4C4CD1}.Release|x86.ActiveCfg = Release|Any CPU
		{59F41E47-7D71-447C-A603-894E6E4C4CD1}.Release|x86.Build.0 = Release|Any CPU
		{DA9E9B0D-0101-4A9D-9658-2B8D426EFD53}.Debug|Any CPU.ActiveCfg = Debug|Any CPU
		{DA9E9B0D-0101-4A9D-9658-2B8D426EFD53}.Debug|Any CPU.Build.0 = Debug|Any CPU
		{DA9E9B0D-0101-4A9D-9658-2B8D426EFD53}.Debug|x64.ActiveCfg = Debug|Any CPU
		{DA9E9B0D-0101-4A9D-9658-2B8D426EFD53}.Debug|x64.Build.0 = Debug|Any CPU
		{DA9E9B0D-0101-4A9D-9658-2B8D426EFD53}.Debug|x86.ActiveCfg = Debug|Any CPU
		{DA9E9B0D-0101-4A9D-9658-2B8D426EFD53}.Debug|x86.Build.0 = Debug|Any CPU
		{DA9E9B0D-0101-4A9D-9658-2B8D426EFD53}.Release|Any CPU.ActiveCfg = Release|Any CPU
		{DA9E9B0D-0101-4A9D-9658-2B8D426EFD53}.Release|Any CPU.Build.0 = Release|Any CPU
		{DA9E9B0D-0101-4A9D-9658-2B8D426EFD53}.Release|x64.ActiveCfg = Release|Any CPU
		{DA9E9B0D-0101-4A9D-9658-2B8D426EFD53}.Release|x64.Build.0 = Release|Any CPU
		{DA9E9B0D-0101-4A9D-9658-2B8D426EFD53}.Release|x86.ActiveCfg = Release|Any CPU
		{DA9E9B0D-0101-4A9D-9658-2B8D426EFD53}.Release|x86.Build.0 = Release|Any CPU
		{55F4B24D-1406-41F4-B2A5-2DEF155C1D05}.Debug|Any CPU.ActiveCfg = Debug|Any CPU
		{55F4B24D-1406-41F4-B2A5-2DEF155C1D05}.Debug|Any CPU.Build.0 = Debug|Any CPU
		{55F4B24D-1406-41F4-B2A5-2DEF155C1D05}.Debug|x64.ActiveCfg = Debug|Any CPU
		{55F4B24D-1406-41F4-B2A5-2DEF155C1D05}.Debug|x64.Build.0 = Debug|Any CPU
		{55F4B24D-1406-41F4-B2A5-2DEF155C1D05}.Debug|x86.ActiveCfg = Debug|Any CPU
		{55F4B24D-1406-41F4-B2A5-2DEF155C1D05}.Debug|x86.Build.0 = Debug|Any CPU
		{55F4B24D-1406-41F4-B2A5-2DEF155C1D05}.Release|Any CPU.ActiveCfg = Release|Any CPU
		{55F4B24D-1406-41F4-B2A5-2DEF155C1D05}.Release|Any CPU.Build.0 = Release|Any CPU
		{55F4B24D-1406-41F4-B2A5-2DEF155C1D05}.Release|x64.ActiveCfg = Release|Any CPU
		{55F4B24D-1406-41F4-B2A5-2DEF155C1D05}.Release|x64.Build.0 = Release|Any CPU
		{55F4B24D-1406-41F4-B2A5-2DEF155C1D05}.Release|x86.ActiveCfg = Release|Any CPU
		{55F4B24D-1406-41F4-B2A5-2DEF155C1D05}.Release|x86.Build.0 = Release|Any CPU
		{45AB1C1E-5F3F-4CCA-84B4-1928E19BC827}.Debug|Any CPU.ActiveCfg = Debug|Any CPU
		{45AB1C1E-5F3F-4CCA-84B4-1928E19BC827}.Debug|Any CPU.Build.0 = Debug|Any CPU
		{45AB1C1E-5F3F-4CCA-84B4-1928E19BC827}.Debug|x64.ActiveCfg = Debug|Any CPU
		{45AB1C1E-5F3F-4CCA-84B4-1928E19BC827}.Debug|x64.Build.0 = Debug|Any CPU
		{45AB1C1E-5F3F-4CCA-84B4-1928E19BC827}.Debug|x86.ActiveCfg = Debug|Any CPU
		{45AB1C1E-5F3F-4CCA-84B4-1928E19BC827}.Debug|x86.Build.0 = Debug|Any CPU
		{45AB1C1E-5F3F-4CCA-84B4-1928E19BC827}.Release|Any CPU.ActiveCfg = Release|Any CPU
		{45AB1C1E-5F3F-4CCA-84B4-1928E19BC827}.Release|Any CPU.Build.0 = Release|Any CPU
		{45AB1C1E-5F3F-4CCA-84B4-1928E19BC827}.Release|x64.ActiveCfg = Release|Any CPU
		{45AB1C1E-5F3F-4CCA-84B4-1928E19BC827}.Release|x64.Build.0 = Release|Any CPU
		{45AB1C1E-5F3F-4CCA-84B4-1928E19BC827}.Release|x86.ActiveCfg = Release|Any CPU
		{45AB1C1E-5F3F-4CCA-84B4-1928E19BC827}.Release|x86.Build.0 = Release|Any CPU
		{9AFC6C12-1D2A-4CBB-B83A-64E145A21498}.Debug|Any CPU.ActiveCfg = Debug|Any CPU
		{9AFC6C12-1D2A-4CBB-B83A-64E145A21498}.Debug|Any CPU.Build.0 = Debug|Any CPU
		{9AFC6C12-1D2A-4CBB-B83A-64E145A21498}.Debug|x64.ActiveCfg = Debug|Any CPU
		{9AFC6C12-1D2A-4CBB-B83A-64E145A21498}.Debug|x64.Build.0 = Debug|Any CPU
		{9AFC6C12-1D2A-4CBB-B83A-64E145A21498}.Debug|x86.ActiveCfg = Debug|Any CPU
		{9AFC6C12-1D2A-4CBB-B83A-64E145A21498}.Debug|x86.Build.0 = Debug|Any CPU
		{9AFC6C12-1D2A-4CBB-B83A-64E145A21498}.Release|Any CPU.ActiveCfg = Release|Any CPU
		{9AFC6C12-1D2A-4CBB-B83A-64E145A21498}.Release|Any CPU.Build.0 = Release|Any CPU
		{9AFC6C12-1D2A-4CBB-B83A-64E145A21498}.Release|x64.ActiveCfg = Release|Any CPU
		{9AFC6C12-1D2A-4CBB-B83A-64E145A21498}.Release|x64.Build.0 = Release|Any CPU
		{9AFC6C12-1D2A-4CBB-B83A-64E145A21498}.Release|x86.ActiveCfg = Release|Any CPU
		{9AFC6C12-1D2A-4CBB-B83A-64E145A21498}.Release|x86.Build.0 = Release|Any CPU
		{F126450A-8230-40E9-80D0-5102D592D4FB}.Debug|Any CPU.ActiveCfg = Debug|Any CPU
		{F126450A-8230-40E9-80D0-5102D592D4FB}.Debug|Any CPU.Build.0 = Debug|Any CPU
		{F126450A-8230-40E9-80D0-5102D592D4FB}.Debug|x64.ActiveCfg = Debug|Any CPU
		{F126450A-8230-40E9-80D0-5102D592D4FB}.Debug|x64.Build.0 = Debug|Any CPU
		{F126450A-8230-40E9-80D0-5102D592D4FB}.Debug|x86.ActiveCfg = Debug|Any CPU
		{F126450A-8230-40E9-80D0-5102D592D4FB}.Debug|x86.Build.0 = Debug|Any CPU
		{F126450A-8230-40E9-80D0-5102D592D4FB}.Release|Any CPU.ActiveCfg = Release|Any CPU
		{F126450A-8230-40E9-80D0-5102D592D4FB}.Release|Any CPU.Build.0 = Release|Any CPU
		{F126450A-8230-40E9-80D0-5102D592D4FB}.Release|x64.ActiveCfg = Release|Any CPU
		{F126450A-8230-40E9-80D0-5102D592D4FB}.Release|x64.Build.0 = Release|Any CPU
		{F126450A-8230-40E9-80D0-5102D592D4FB}.Release|x86.ActiveCfg = Release|Any CPU
		{F126450A-8230-40E9-80D0-5102D592D4FB}.Release|x86.Build.0 = Release|Any CPU
		{A6153010-3622-46C3-9C20-1149F3620BF7}.Debug|Any CPU.ActiveCfg = Debug|Any CPU
		{A6153010-3622-46C3-9C20-1149F3620BF7}.Debug|Any CPU.Build.0 = Debug|Any CPU
		{A6153010-3622-46C3-9C20-1149F3620BF7}.Debug|x64.ActiveCfg = Debug|Any CPU
		{A6153010-3622-46C3-9C20-1149F3620BF7}.Debug|x64.Build.0 = Debug|Any CPU
		{A6153010-3622-46C3-9C20-1149F3620BF7}.Debug|x86.ActiveCfg = Debug|Any CPU
		{A6153010-3622-46C3-9C20-1149F3620BF7}.Debug|x86.Build.0 = Debug|Any CPU
		{A6153010-3622-46C3-9C20-1149F3620BF7}.Release|Any CPU.ActiveCfg = Release|Any CPU
		{A6153010-3622-46C3-9C20-1149F3620BF7}.Release|Any CPU.Build.0 = Release|Any CPU
		{A6153010-3622-46C3-9C20-1149F3620BF7}.Release|x64.ActiveCfg = Release|Any CPU
		{A6153010-3622-46C3-9C20-1149F3620BF7}.Release|x64.Build.0 = Release|Any CPU
		{A6153010-3622-46C3-9C20-1149F3620BF7}.Release|x86.ActiveCfg = Release|Any CPU
		{A6153010-3622-46C3-9C20-1149F3620BF7}.Release|x86.Build.0 = Release|Any CPU
		{3D3F7457-25C3-4327-902F-23AEF3D44F07}.Debug|Any CPU.ActiveCfg = Debug|Any CPU
		{3D3F7457-25C3-4327-902F-23AEF3D44F07}.Debug|Any CPU.Build.0 = Debug|Any CPU
		{3D3F7457-25C3-4327-902F-23AEF3D44F07}.Debug|x64.ActiveCfg = Debug|Any CPU
		{3D3F7457-25C3-4327-902F-23AEF3D44F07}.Debug|x64.Build.0 = Debug|Any CPU
		{3D3F7457-25C3-4327-902F-23AEF3D44F07}.Debug|x86.ActiveCfg = Debug|Any CPU
		{3D3F7457-25C3-4327-902F-23AEF3D44F07}.Debug|x86.Build.0 = Debug|Any CPU
		{3D3F7457-25C3-4327-902F-23AEF3D44F07}.Release|Any CPU.ActiveCfg = Release|Any CPU
		{3D3F7457-25C3-4327-902F-23AEF3D44F07}.Release|Any CPU.Build.0 = Release|Any CPU
		{3D3F7457-25C3-4327-902F-23AEF3D44F07}.Release|x64.ActiveCfg = Release|Any CPU
		{3D3F7457-25C3-4327-902F-23AEF3D44F07}.Release|x64.Build.0 = Release|Any CPU
		{3D3F7457-25C3-4327-902F-23AEF3D44F07}.Release|x86.ActiveCfg = Release|Any CPU
		{3D3F7457-25C3-4327-902F-23AEF3D44F07}.Release|x86.Build.0 = Release|Any CPU
		{1A6BDD6F-B306-4AFD-BCAA-14708BE36A7B}.Debug|Any CPU.ActiveCfg = Debug|Any CPU
		{1A6BDD6F-B306-4AFD-BCAA-14708BE36A7B}.Debug|Any CPU.Build.0 = Debug|Any CPU
		{1A6BDD6F-B306-4AFD-BCAA-14708BE36A7B}.Debug|x64.ActiveCfg = Debug|Any CPU
		{1A6BDD6F-B306-4AFD-BCAA-14708BE36A7B}.Debug|x64.Build.0 = Debug|Any CPU
		{1A6BDD6F-B306-4AFD-BCAA-14708BE36A7B}.Debug|x86.ActiveCfg = Debug|Any CPU
		{1A6BDD6F-B306-4AFD-BCAA-14708BE36A7B}.Debug|x86.Build.0 = Debug|Any CPU
		{1A6BDD6F-B306-4AFD-BCAA-14708BE36A7B}.Release|Any CPU.ActiveCfg = Release|Any CPU
		{1A6BDD6F-B306-4AFD-BCAA-14708BE36A7B}.Release|Any CPU.Build.0 = Release|Any CPU
		{1A6BDD6F-B306-4AFD-BCAA-14708BE36A7B}.Release|x64.ActiveCfg = Release|Any CPU
		{1A6BDD6F-B306-4AFD-BCAA-14708BE36A7B}.Release|x64.Build.0 = Release|Any CPU
		{1A6BDD6F-B306-4AFD-BCAA-14708BE36A7B}.Release|x86.ActiveCfg = Release|Any CPU
		{1A6BDD6F-B306-4AFD-BCAA-14708BE36A7B}.Release|x86.Build.0 = Release|Any CPU
		{2CEA69B0-E609-4C52-95CE-262CC5A11C9D}.Debug|Any CPU.ActiveCfg = Debug|Any CPU
		{2CEA69B0-E609-4C52-95CE-262CC5A11C9D}.Debug|Any CPU.Build.0 = Debug|Any CPU
		{2CEA69B0-E609-4C52-95CE-262CC5A11C9D}.Debug|x64.ActiveCfg = Debug|Any CPU
		{2CEA69B0-E609-4C52-95CE-262CC5A11C9D}.Debug|x64.Build.0 = Debug|Any CPU
		{2CEA69B0-E609-4C52-95CE-262CC5A11C9D}.Debug|x86.ActiveCfg = Debug|Any CPU
		{2CEA69B0-E609-4C52-95CE-262CC5A11C9D}.Debug|x86.Build.0 = Debug|Any CPU
		{2CEA69B0-E609-4C52-95CE-262CC5A11C9D}.Release|Any CPU.ActiveCfg = Release|Any CPU
		{2CEA69B0-E609-4C52-95CE-262CC5A11C9D}.Release|Any CPU.Build.0 = Release|Any CPU
		{2CEA69B0-E609-4C52-95CE-262CC5A11C9D}.Release|x64.ActiveCfg = Release|Any CPU
		{2CEA69B0-E609-4C52-95CE-262CC5A11C9D}.Release|x64.Build.0 = Release|Any CPU
		{2CEA69B0-E609-4C52-95CE-262CC5A11C9D}.Release|x86.ActiveCfg = Release|Any CPU
		{2CEA69B0-E609-4C52-95CE-262CC5A11C9D}.Release|x86.Build.0 = Release|Any CPU
		{452DD4D3-6E75-4998-8737-06BA1B04704B}.Debug|Any CPU.ActiveCfg = Debug|Any CPU
		{452DD4D3-6E75-4998-8737-06BA1B04704B}.Debug|Any CPU.Build.0 = Debug|Any CPU
		{452DD4D3-6E75-4998-8737-06BA1B04704B}.Debug|x64.ActiveCfg = Debug|Any CPU
		{452DD4D3-6E75-4998-8737-06BA1B04704B}.Debug|x64.Build.0 = Debug|Any CPU
		{452DD4D3-6E75-4998-8737-06BA1B04704B}.Debug|x86.ActiveCfg = Debug|Any CPU
		{452DD4D3-6E75-4998-8737-06BA1B04704B}.Debug|x86.Build.0 = Debug|Any CPU
		{452DD4D3-6E75-4998-8737-06BA1B04704B}.Release|Any CPU.ActiveCfg = Release|Any CPU
		{452DD4D3-6E75-4998-8737-06BA1B04704B}.Release|Any CPU.Build.0 = Release|Any CPU
		{452DD4D3-6E75-4998-8737-06BA1B04704B}.Release|x64.ActiveCfg = Release|Any CPU
		{452DD4D3-6E75-4998-8737-06BA1B04704B}.Release|x64.Build.0 = Release|Any CPU
		{452DD4D3-6E75-4998-8737-06BA1B04704B}.Release|x86.ActiveCfg = Release|Any CPU
		{452DD4D3-6E75-4998-8737-06BA1B04704B}.Release|x86.Build.0 = Release|Any CPU
		{142986D3-AB94-49BD-AF10-F64E736BEF1C}.Debug|Any CPU.ActiveCfg = Debug|Any CPU
		{142986D3-AB94-49BD-AF10-F64E736BEF1C}.Debug|Any CPU.Build.0 = Debug|Any CPU
		{142986D3-AB94-49BD-AF10-F64E736BEF1C}.Debug|x64.ActiveCfg = Debug|Any CPU
		{142986D3-AB94-49BD-AF10-F64E736BEF1C}.Debug|x64.Build.0 = Debug|Any CPU
		{142986D3-AB94-49BD-AF10-F64E736BEF1C}.Debug|x86.ActiveCfg = Debug|Any CPU
		{142986D3-AB94-49BD-AF10-F64E736BEF1C}.Debug|x86.Build.0 = Debug|Any CPU
		{142986D3-AB94-49BD-AF10-F64E736BEF1C}.Release|Any CPU.ActiveCfg = Release|Any CPU
		{142986D3-AB94-49BD-AF10-F64E736BEF1C}.Release|Any CPU.Build.0 = Release|Any CPU
		{142986D3-AB94-49BD-AF10-F64E736BEF1C}.Release|x64.ActiveCfg = Release|Any CPU
		{142986D3-AB94-49BD-AF10-F64E736BEF1C}.Release|x64.Build.0 = Release|Any CPU
		{142986D3-AB94-49BD-AF10-F64E736BEF1C}.Release|x86.ActiveCfg = Release|Any CPU
		{142986D3-AB94-49BD-AF10-F64E736BEF1C}.Release|x86.Build.0 = Release|Any CPU
		{EDC6F976-9E82-4CCF-81FC-8F7719CBB71A}.Debug|Any CPU.ActiveCfg = Debug|Any CPU
		{EDC6F976-9E82-4CCF-81FC-8F7719CBB71A}.Debug|Any CPU.Build.0 = Debug|Any CPU
		{EDC6F976-9E82-4CCF-81FC-8F7719CBB71A}.Debug|x64.ActiveCfg = Debug|Any CPU
		{EDC6F976-9E82-4CCF-81FC-8F7719CBB71A}.Debug|x64.Build.0 = Debug|Any CPU
		{EDC6F976-9E82-4CCF-81FC-8F7719CBB71A}.Debug|x86.ActiveCfg = Debug|Any CPU
		{EDC6F976-9E82-4CCF-81FC-8F7719CBB71A}.Debug|x86.Build.0 = Debug|Any CPU
		{EDC6F976-9E82-4CCF-81FC-8F7719CBB71A}.Release|Any CPU.ActiveCfg = Release|Any CPU
		{EDC6F976-9E82-4CCF-81FC-8F7719CBB71A}.Release|Any CPU.Build.0 = Release|Any CPU
		{EDC6F976-9E82-4CCF-81FC-8F7719CBB71A}.Release|x64.ActiveCfg = Release|Any CPU
		{EDC6F976-9E82-4CCF-81FC-8F7719CBB71A}.Release|x64.Build.0 = Release|Any CPU
		{EDC6F976-9E82-4CCF-81FC-8F7719CBB71A}.Release|x86.ActiveCfg = Release|Any CPU
		{EDC6F976-9E82-4CCF-81FC-8F7719CBB71A}.Release|x86.Build.0 = Release|Any CPU
		{43964925-8E7F-4A36-AF54-9B0EADCD0BE1}.Debug|Any CPU.ActiveCfg = Debug|Any CPU
		{43964925-8E7F-4A36-AF54-9B0EADCD0BE1}.Debug|Any CPU.Build.0 = Debug|Any CPU
		{43964925-8E7F-4A36-AF54-9B0EADCD0BE1}.Debug|x64.ActiveCfg = Debug|Any CPU
		{43964925-8E7F-4A36-AF54-9B0EADCD0BE1}.Debug|x64.Build.0 = Debug|Any CPU
		{43964925-8E7F-4A36-AF54-9B0EADCD0BE1}.Debug|x86.ActiveCfg = Debug|Any CPU
		{43964925-8E7F-4A36-AF54-9B0EADCD0BE1}.Debug|x86.Build.0 = Debug|Any CPU
		{43964925-8E7F-4A36-AF54-9B0EADCD0BE1}.Release|Any CPU.ActiveCfg = Release|Any CPU
		{43964925-8E7F-4A36-AF54-9B0EADCD0BE1}.Release|Any CPU.Build.0 = Release|Any CPU
		{43964925-8E7F-4A36-AF54-9B0EADCD0BE1}.Release|x64.ActiveCfg = Release|Any CPU
		{43964925-8E7F-4A36-AF54-9B0EADCD0BE1}.Release|x64.Build.0 = Release|Any CPU
		{43964925-8E7F-4A36-AF54-9B0EADCD0BE1}.Release|x86.ActiveCfg = Release|Any CPU
		{43964925-8E7F-4A36-AF54-9B0EADCD0BE1}.Release|x86.Build.0 = Release|Any CPU
	EndGlobalSection
	GlobalSection(SolutionProperties) = preSolution
		HideSolutionNode = FALSE
	EndGlobalSection
	GlobalSection(NestedProjects) = preSolution
		{81D939DC-0FB7-48E8-88E3-DFDE3FDA67C6} = {056FA890-360B-4795-A6D9-64AE81FF3E96}
		{4B33765E-2959-47AD-99AA-BD3E80EF7C9D} = {056FA890-360B-4795-A6D9-64AE81FF3E96}
		{0729FD0D-EAF9-4708-A8A4-12B8840ED69C} = {A751C701-8582-4FB0-8C84-5E7F74266A3E}
		{D940A88A-E3C1-454F-96D4-FFC2A5FE35E6} = {0D0A8505-9722-46F1-A6C1-C7D61BDFED07}
		{D10FBF23-F3B8-46A1-A253-AAD1F95C6A01} = {E18EB25B-3C4E-42C6-8707-C72F870CFA9F}
		{9FE2FACB-83CF-4FB5-8F74-FF336B079D3D} = {E18EB25B-3C4E-42C6-8707-C72F870CFA9F}
		{9D34ACE2-7F4C-48C8-AA1C-1BFF920E1BE8} = {E18EB25B-3C4E-42C6-8707-C72F870CFA9F}
		{68874C53-A389-4C0B-B3EF-F9A2D249C0EB} = {F7268AF8-35EC-4301-814F-B204590EABCA}
		{E0C9D7C3-ACE6-4FAE-AFA8-94F1AA643AED} = {F7268AF8-35EC-4301-814F-B204590EABCA}
		{CA0F5536-7143-417B-AC86-341DE7E90B77} = {1BC84F14-358A-4F92-AE6C-ABDB9EA7B4C0}
		{F3855961-D465-48F9-B436-6EDEF93BAA56} = {1BC84F14-358A-4F92-AE6C-ABDB9EA7B4C0}
		{1D7F8261-5E05-48F5-9FF3-4CF7BCD94797} = {A751C701-8582-4FB0-8C84-5E7F74266A3E}
		{CD7EFAA1-0F95-4ECC-975F-E0AAEC9F3099} = {61928BE3-77D1-4A22-8ED6-06CDEA2197EF}
		{D3BD77FC-C636-4D20-8E00-EFD0E418D95E} = {61928BE3-77D1-4A22-8ED6-06CDEA2197EF}
		{B5C4E084-F610-44F7-9F74-50E215FDE03D} = {64DD75D5-BE93-446B-B74F-0D5AE8DCCB06}
		{341AC648-D53D-4703-B78A-A68E4A57990E} = {64DD75D5-BE93-446B-B74F-0D5AE8DCCB06}
		{A1541D93-16B0-4CEC-8585-B49F9CD31ACF} = {64DD75D5-BE93-446B-B74F-0D5AE8DCCB06}
		{59055985-6F7E-4331-BC18-79BE621F60FD} = {64DD75D5-BE93-446B-B74F-0D5AE8DCCB06}
		{BFA1A245-53B4-44CE-ACAC-85880F0B03D5} = {64DD75D5-BE93-446B-B74F-0D5AE8DCCB06}
		{F59BC85F-082C-4C99-9803-1CD79DABD94E} = {64DD75D5-BE93-446B-B74F-0D5AE8DCCB06}
		{59F41E47-7D71-447C-A603-894E6E4C4CD1} = {C51E9B80-5260-4A6B-BC54-8D32AE8E419B}
		{DA9E9B0D-0101-4A9D-9658-2B8D426EFD53} = {C51E9B80-5260-4A6B-BC54-8D32AE8E419B}
		{55F4B24D-1406-41F4-B2A5-2DEF155C1D05} = {C51E9B80-5260-4A6B-BC54-8D32AE8E419B}
		{45AB1C1E-5F3F-4CCA-84B4-1928E19BC827} = {0D0A8505-9722-46F1-A6C1-C7D61BDFED07}
		{9AFC6C12-1D2A-4CBB-B83A-64E145A21498} = {0D0A8505-9722-46F1-A6C1-C7D61BDFED07}
		{F126450A-8230-40E9-80D0-5102D592D4FB} = {0D0A8505-9722-46F1-A6C1-C7D61BDFED07}
		{A6153010-3622-46C3-9C20-1149F3620BF7} = {F7268AF8-35EC-4301-814F-B204590EABCA}
		{3D3F7457-25C3-4327-902F-23AEF3D44F07} = {5F2DB5AE-2C09-4269-BF37-8852C5CA6FCC}
		{1A6BDD6F-B306-4AFD-BCAA-14708BE36A7B} = {F7268AF8-35EC-4301-814F-B204590EABCA}
		{2CEA69B0-E609-4C52-95CE-262CC5A11C9D} = {0D0A8505-9722-46F1-A6C1-C7D61BDFED07}
		{452DD4D3-6E75-4998-8737-06BA1B04704B} = {0D0A8505-9722-46F1-A6C1-C7D61BDFED07}
		{142986D3-AB94-49BD-AF10-F64E736BEF1C} = {0D488696-563C-40B3-905C-C80BCDB4020F}
		{EDC6F976-9E82-4CCF-81FC-8F7719CBB71A} = {1BC84F14-358A-4F92-AE6C-ABDB9EA7B4C0}
		{43964925-8E7F-4A36-AF54-9B0EADCD0BE1} = {F7268AF8-35EC-4301-814F-B204590EABCA}
	EndGlobalSection
	GlobalSection(ExtensibilityGlobals) = postSolution
		SolutionGuid = {E5BF586D-98FA-49EC-9D9F-A17A029ED341}
	EndGlobalSection
EndGlobal
