
Microsoft Visual Studio Solution File, Format Version 12.00
# Visual Studio Version 16
VisualStudioVersion = 16.0.29123.88
MinimumVisualStudioVersion = 15.0.26124.0
Project("{2150E333-8FDC-42A3-9474-1A3956D46DE8}") = "config", "config", "{056FA890-360B-4795-A6D9-64AE81FF3E96}"
EndProject
Project("{9A19103F-16F7-4668-BE54-9A1E7A4F7556}") = "Albatross.Config", "src\Albatross.Config\Albatross.Config.csproj", "{81D939DC-0FB7-48E8-88E3-DFDE3FDA67C6}"
EndProject
Project("{9A19103F-16F7-4668-BE54-9A1E7A4F7556}") = "Albatross.Config.UnitTest", "tests\Albatross.Config.UnitTest\Albatross.Config.UnitTest.csproj", "{4B33765E-2959-47AD-99AA-BD3E80EF7C9D}"
EndProject
Project("{2150E333-8FDC-42A3-9474-1A3956D46DE8}") = "crypto", "crypto", "{E18EB25B-3C4E-42C6-8707-C72F870CFA9F}"
EndProject
Project("{2150E333-8FDC-42A3-9474-1A3956D46DE8}") = "hosting", "hosting", "{F7268AF8-35EC-4301-814F-B204590EABCA}"
EndProject
Project("{2150E333-8FDC-42A3-9474-1A3956D46DE8}") = "repository", "repository", "{0D0A8505-9722-46F1-A6C1-C7D61BDFED07}"
EndProject
Project("{9A19103F-16F7-4668-BE54-9A1E7A4F7556}") = "Albatross.Repository", "src\Albatross.Repository\Albatross.Repository.csproj", "{D940A88A-E3C1-454F-96D4-FFC2A5FE35E6}"
EndProject
Project("{2150E333-8FDC-42A3-9474-1A3956D46DE8}") = "webclient", "webclient", "{64DD75D5-BE93-446B-B74F-0D5AE8DCCB06}"
EndProject
Project("{2150E333-8FDC-42A3-9474-1A3956D46DE8}") = "authentication", "authentication", "{61928BE3-77D1-4A22-8ED6-06CDEA2197EF}"
EndProject
Project("{9A19103F-16F7-4668-BE54-9A1E7A4F7556}") = "Albatross.Cryptography", "src\Albatross.Cryptography\Albatross.Cryptography.csproj", "{D10FBF23-F3B8-46A1-A253-AAD1F95C6A01}"
EndProject
Project("{9A19103F-16F7-4668-BE54-9A1E7A4F7556}") = "Albatross.Cryptography.UnitTest", "tests\Albatross.Cryptography.UnitTest\Albatross.Cryptography.UnitTest.csproj", "{9FE2FACB-83CF-4FB5-8F74-FF336B079D3D}"
EndProject
Project("{9A19103F-16F7-4668-BE54-9A1E7A4F7556}") = "Albatross.Authentication", "src\Albatross.Authentication\Albatross.Authentication.csproj", "{CD7EFAA1-0F95-4ECC-975F-E0AAEC9F3099}"
EndProject
Project("{9A19103F-16F7-4668-BE54-9A1E7A4F7556}") = "Albatross.Authentication.UnitTest", "tests\Albatross.Authentication.UnitTest\Albatross.Authentication.UnitTest.csproj", "{D3BD77FC-C636-4D20-8E00-EFD0E418D95E}"
EndProject
Project("{9A19103F-16F7-4668-BE54-9A1E7A4F7556}") = "Albatross.WebClient", "src\Albatross.WebClient\Albatross.WebClient.csproj", "{A1541D93-16B0-4CEC-8585-B49F9CD31ACF}"
EndProject
Project("{9A19103F-16F7-4668-BE54-9A1E7A4F7556}") = "Albatross.WebClient.IntegrationTest", "tests\Albatross.WebClient.IntegrationTest\Albatross.WebClient.IntegrationTest.csproj", "{59055985-6F7E-4331-BC18-79BE621F60FD}"
EndProject
Project("{9A19103F-16F7-4668-BE54-9A1E7A4F7556}") = "Albatross.WebClient.TestApi", "tests\Albatross.WebClient.TestApi\Albatross.WebClient.TestApi.csproj", "{F59BC85F-082C-4C99-9803-1CD79DABD94E}"
EndProject
Project("{2150E333-8FDC-42A3-9474-1A3956D46DE8}") = "codegen", "codegen", "{C51E9B80-5260-4A6B-BC54-8D32AE8E419B}"
EndProject
Project("{9A19103F-16F7-4668-BE54-9A1E7A4F7556}") = "Albatross.CodeGen", "src\Albatross.CodeGen\Albatross.CodeGen.csproj", "{59F41E47-7D71-447C-A603-894E6E4C4CD1}"
EndProject
Project("{9A19103F-16F7-4668-BE54-9A1E7A4F7556}") = "Albatross.CodeGen.PowerShell", "src\Albatross.CodeGen.PowerShell\Albatross.CodeGen.PowerShell.csproj", "{DA9E9B0D-0101-4A9D-9658-2B8D426EFD53}"
EndProject
Project("{9A19103F-16F7-4668-BE54-9A1E7A4F7556}") = "Albatross.CodeGen.UnitTest", "tests\Albatross.CodeGen.UnitTest\Albatross.CodeGen.UnitTest.csproj", "{55F4B24D-1406-41F4-B2A5-2DEF155C1D05}"
EndProject
Project("{9A19103F-16F7-4668-BE54-9A1E7A4F7556}") = "Albatross.Repository.PostgreSQL", "src\Albatross.Repository.PostgreSQL\Albatross.Repository.PostgreSQL.csproj", "{9AFC6C12-1D2A-4CBB-B83A-64E145A21498}"
EndProject
Project("{9A19103F-16F7-4668-BE54-9A1E7A4F7556}") = "Albatross.Repository.SqlServer", "src\Albatross.Repository.SqlServer\Albatross.Repository.SqlServer.csproj", "{F126450A-8230-40E9-80D0-5102D592D4FB}"
EndProject
Project("{9A19103F-16F7-4668-BE54-9A1E7A4F7556}") = "Albatross.Hosting.Utility", "src\Albatross.Hosting.Utility\Albatross.Hosting.Utility.csproj", "{A6153010-3622-46C3-9C20-1149F3620BF7}"
EndProject
Project("{9A19103F-16F7-4668-BE54-9A1E7A4F7556}") = "Albatross.Hosting.Test", "src\Albatross.Hosting.Test\Albatross.Hosting.Test.csproj", "{1A6BDD6F-B306-4AFD-BCAA-14708BE36A7B}"
EndProject
Project("{9A19103F-16F7-4668-BE54-9A1E7A4F7556}") = "Albatross.CRM", "tests\Albatross.CRM\Albatross.CRM.csproj", "{2CEA69B0-E609-4C52-95CE-262CC5A11C9D}"
EndProject
Project("{9A19103F-16F7-4668-BE54-9A1E7A4F7556}") = "Albatross.CRM.UnitTest", "tests\Albatross.CRM.UnitTest\Albatross.CRM.UnitTest.csproj", "{452DD4D3-6E75-4998-8737-06BA1B04704B}"
EndProject
Project("{2150E333-8FDC-42A3-9474-1A3956D46DE8}") = "logging", "logging", "{0D488696-563C-40B3-905C-C80BCDB4020F}"
EndProject
Project("{9A19103F-16F7-4668-BE54-9A1E7A4F7556}") = "Albatross.Logging", "src\Albatross.Logging\Albatross.Logging.csproj", "{142986D3-AB94-49BD-AF10-F64E736BEF1C}"
EndProject
Project("{9A19103F-16F7-4668-BE54-9A1E7A4F7556}") = "Albatross.Hosting", "src\Albatross.Hosting\Albatross.Hosting.csproj", "{43964925-8E7F-4A36-AF54-9B0EADCD0BE1}"
EndProject
Project("{9A19103F-16F7-4668-BE54-9A1E7A4F7556}") = "Albatross.Hosting.Demo", "tests\Albatross.Hosting.Demo\Albatross.Hosting.Demo.csproj", "{092CC938-7F4E-4C61-8EE2-61AE5E93DF09}"
EndProject
Project("{9A19103F-16F7-4668-BE54-9A1E7A4F7556}") = "Albatross.CodeGen.WebClient", "src\Albatross.CodeGen.WebClient\Albatross.CodeGen.WebClient.csproj", "{FE050CF2-39CE-4F05-AFDE-84ABD5C04190}"
EndProject
Project("{9A19103F-16F7-4668-BE54-9A1E7A4F7556}") = "Albatross.CodeGen.WebClient.UnitTest", "tests\Albatross.CodeGen.WebClient.UnitTest\Albatross.CodeGen.WebClient.UnitTest.csproj", "{6D9E97D9-2EA3-4203-BF84-E190038FC546}"
EndProject
Project("{2150E333-8FDC-42A3-9474-1A3956D46DE8}") = "caching", "caching", "{4A06C183-7271-43A5-8071-D428174071F0}"
EndProject
Project("{9A19103F-16F7-4668-BE54-9A1E7A4F7556}") = "Albatross.Caching", "src\Albatross.Caching\Albatross.Caching.csproj", "{367D2423-DE26-43E9-8B42-9CA7655D2E43}"
EndProject
Project("{9A19103F-16F7-4668-BE54-9A1E7A4F7556}") = "Albatross.Caching.Test", "tests\Albatross.Caching.Test\Albatross.Caching.Test.csproj", "{10225B1F-C0A7-4135-A770-8F420B40FA3C}"
EndProject
Project("{9A19103F-16F7-4668-BE54-9A1E7A4F7556}") = "Albatross", "src\Albatross\Albatross.csproj", "{B95A865F-515B-4C01-A794-D8596E3D57EA}"
EndProject
Project("{9A19103F-16F7-4668-BE54-9A1E7A4F7556}") = "Albatross.Test", "tests\Albatross.Test\Albatross.Test.csproj", "{335B4F1E-DE43-48B2-AF50-0B54F484A1DE}"
EndProject
Project("{2150E333-8FDC-42A3-9474-1A3956D46DE8}") = "utility", "utility", "{A3A34192-39BE-4E65-B82F-4A6A55AAFFAF}"
EndProject
Project("{9A19103F-16F7-4668-BE54-9A1E7A4F7556}") = "Albatross.Authentication.Server", "src\Albatross.Authentication.Server\Albatross.Authentication.Server.csproj", "{BA1EDA8E-C77D-4C57-B9A2-EB401937952D}"
EndProject
Project("{2150E333-8FDC-42A3-9474-1A3956D46DE8}") = "Solution Items", "Solution Items", "{5BBE0D4B-8362-4DA0-86F1-8E9C6BE809BE}"
	ProjectSection(SolutionItems) = preProject
		.editorconfig = .editorconfig
	EndProjectSection
EndProject
Project("{9A19103F-16F7-4668-BE54-9A1E7A4F7556}") = "Albatross.WebClient.IntegrationTest.Messages", "tests\Albatross.WebClient.IntegrationTest.Messages\Albatross.WebClient.IntegrationTest.Messages.csproj", "{CC097214-279B-4163-98F7-3ECB4E6922EE}"
EndProject
Project("{9A19103F-16F7-4668-BE54-9A1E7A4F7556}") = "Albatross.Framework.Utility", "tests\Albatross.Framework.Utility\Albatross.Framework.Utility.csproj", "{2A3B537E-F740-435D-9F4F-23720451055E}"
EndProject
Global
	GlobalSection(SolutionConfigurationPlatforms) = preSolution
		Debug|Any CPU = Debug|Any CPU
		Debug|x64 = Debug|x64
		Debug|x86 = Debug|x86
		Release|Any CPU = Release|Any CPU
		Release|x64 = Release|x64
		Release|x86 = Release|x86
	EndGlobalSection
	GlobalSection(ProjectConfigurationPlatforms) = postSolution
		{81D939DC-0FB7-48E8-88E3-DFDE3FDA67C6}.Debug|Any CPU.ActiveCfg = Debug|Any CPU
		{81D939DC-0FB7-48E8-88E3-DFDE3FDA67C6}.Debug|Any CPU.Build.0 = Debug|Any CPU
		{81D939DC-0FB7-48E8-88E3-DFDE3FDA67C6}.Debug|x64.ActiveCfg = Debug|Any CPU
		{81D939DC-0FB7-48E8-88E3-DFDE3FDA67C6}.Debug|x64.Build.0 = Debug|Any CPU
		{81D939DC-0FB7-48E8-88E3-DFDE3FDA67C6}.Debug|x86.ActiveCfg = Debug|Any CPU
		{81D939DC-0FB7-48E8-88E3-DFDE3FDA67C6}.Debug|x86.Build.0 = Debug|Any CPU
		{81D939DC-0FB7-48E8-88E3-DFDE3FDA67C6}.Release|Any CPU.ActiveCfg = Release|Any CPU
		{81D939DC-0FB7-48E8-88E3-DFDE3FDA67C6}.Release|Any CPU.Build.0 = Release|Any CPU
		{81D939DC-0FB7-48E8-88E3-DFDE3FDA67C6}.Release|x64.ActiveCfg = Release|Any CPU
		{81D939DC-0FB7-48E8-88E3-DFDE3FDA67C6}.Release|x64.Build.0 = Release|Any CPU
		{81D939DC-0FB7-48E8-88E3-DFDE3FDA67C6}.Release|x86.ActiveCfg = Release|Any CPU
		{81D939DC-0FB7-48E8-88E3-DFDE3FDA67C6}.Release|x86.Build.0 = Release|Any CPU
		{4B33765E-2959-47AD-99AA-BD3E80EF7C9D}.Debug|Any CPU.ActiveCfg = Debug|Any CPU
		{4B33765E-2959-47AD-99AA-BD3E80EF7C9D}.Debug|Any CPU.Build.0 = Debug|Any CPU
		{4B33765E-2959-47AD-99AA-BD3E80EF7C9D}.Debug|x64.ActiveCfg = Debug|Any CPU
		{4B33765E-2959-47AD-99AA-BD3E80EF7C9D}.Debug|x64.Build.0 = Debug|Any CPU
		{4B33765E-2959-47AD-99AA-BD3E80EF7C9D}.Debug|x86.ActiveCfg = Debug|Any CPU
		{4B33765E-2959-47AD-99AA-BD3E80EF7C9D}.Debug|x86.Build.0 = Debug|Any CPU
		{4B33765E-2959-47AD-99AA-BD3E80EF7C9D}.Release|Any CPU.ActiveCfg = Release|Any CPU
		{4B33765E-2959-47AD-99AA-BD3E80EF7C9D}.Release|Any CPU.Build.0 = Release|Any CPU
		{4B33765E-2959-47AD-99AA-BD3E80EF7C9D}.Release|x64.ActiveCfg = Release|Any CPU
		{4B33765E-2959-47AD-99AA-BD3E80EF7C9D}.Release|x64.Build.0 = Release|Any CPU
		{4B33765E-2959-47AD-99AA-BD3E80EF7C9D}.Release|x86.ActiveCfg = Release|Any CPU
		{4B33765E-2959-47AD-99AA-BD3E80EF7C9D}.Release|x86.Build.0 = Release|Any CPU
		{D940A88A-E3C1-454F-96D4-FFC2A5FE35E6}.Debug|Any CPU.ActiveCfg = Debug|Any CPU
		{D940A88A-E3C1-454F-96D4-FFC2A5FE35E6}.Debug|Any CPU.Build.0 = Debug|Any CPU
		{D940A88A-E3C1-454F-96D4-FFC2A5FE35E6}.Debug|x64.ActiveCfg = Debug|Any CPU
		{D940A88A-E3C1-454F-96D4-FFC2A5FE35E6}.Debug|x64.Build.0 = Debug|Any CPU
		{D940A88A-E3C1-454F-96D4-FFC2A5FE35E6}.Debug|x86.ActiveCfg = Debug|Any CPU
		{D940A88A-E3C1-454F-96D4-FFC2A5FE35E6}.Debug|x86.Build.0 = Debug|Any CPU
		{D940A88A-E3C1-454F-96D4-FFC2A5FE35E6}.Release|Any CPU.ActiveCfg = Release|Any CPU
		{D940A88A-E3C1-454F-96D4-FFC2A5FE35E6}.Release|Any CPU.Build.0 = Release|Any CPU
		{D940A88A-E3C1-454F-96D4-FFC2A5FE35E6}.Release|x64.ActiveCfg = Release|Any CPU
		{D940A88A-E3C1-454F-96D4-FFC2A5FE35E6}.Release|x64.Build.0 = Release|Any CPU
		{D940A88A-E3C1-454F-96D4-FFC2A5FE35E6}.Release|x86.ActiveCfg = Release|Any CPU
		{D940A88A-E3C1-454F-96D4-FFC2A5FE35E6}.Release|x86.Build.0 = Release|Any CPU
		{D10FBF23-F3B8-46A1-A253-AAD1F95C6A01}.Debug|Any CPU.ActiveCfg = Debug|Any CPU
		{D10FBF23-F3B8-46A1-A253-AAD1F95C6A01}.Debug|Any CPU.Build.0 = Debug|Any CPU
		{D10FBF23-F3B8-46A1-A253-AAD1F95C6A01}.Debug|x64.ActiveCfg = Debug|Any CPU
		{D10FBF23-F3B8-46A1-A253-AAD1F95C6A01}.Debug|x64.Build.0 = Debug|Any CPU
		{D10FBF23-F3B8-46A1-A253-AAD1F95C6A01}.Debug|x86.ActiveCfg = Debug|Any CPU
		{D10FBF23-F3B8-46A1-A253-AAD1F95C6A01}.Debug|x86.Build.0 = Debug|Any CPU
		{D10FBF23-F3B8-46A1-A253-AAD1F95C6A01}.Release|Any CPU.ActiveCfg = Release|Any CPU
		{D10FBF23-F3B8-46A1-A253-AAD1F95C6A01}.Release|Any CPU.Build.0 = Release|Any CPU
		{D10FBF23-F3B8-46A1-A253-AAD1F95C6A01}.Release|x64.ActiveCfg = Release|Any CPU
		{D10FBF23-F3B8-46A1-A253-AAD1F95C6A01}.Release|x64.Build.0 = Release|Any CPU
		{D10FBF23-F3B8-46A1-A253-AAD1F95C6A01}.Release|x86.ActiveCfg = Release|Any CPU
		{D10FBF23-F3B8-46A1-A253-AAD1F95C6A01}.Release|x86.Build.0 = Release|Any CPU
		{9FE2FACB-83CF-4FB5-8F74-FF336B079D3D}.Debug|Any CPU.ActiveCfg = Debug|Any CPU
		{9FE2FACB-83CF-4FB5-8F74-FF336B079D3D}.Debug|Any CPU.Build.0 = Debug|Any CPU
		{9FE2FACB-83CF-4FB5-8F74-FF336B079D3D}.Debug|x64.ActiveCfg = Debug|Any CPU
		{9FE2FACB-83CF-4FB5-8F74-FF336B079D3D}.Debug|x64.Build.0 = Debug|Any CPU
		{9FE2FACB-83CF-4FB5-8F74-FF336B079D3D}.Debug|x86.ActiveCfg = Debug|Any CPU
		{9FE2FACB-83CF-4FB5-8F74-FF336B079D3D}.Debug|x86.Build.0 = Debug|Any CPU
		{9FE2FACB-83CF-4FB5-8F74-FF336B079D3D}.Release|Any CPU.ActiveCfg = Release|Any CPU
		{9FE2FACB-83CF-4FB5-8F74-FF336B079D3D}.Release|Any CPU.Build.0 = Release|Any CPU
		{9FE2FACB-83CF-4FB5-8F74-FF336B079D3D}.Release|x64.ActiveCfg = Release|Any CPU
		{9FE2FACB-83CF-4FB5-8F74-FF336B079D3D}.Release|x64.Build.0 = Release|Any CPU
		{9FE2FACB-83CF-4FB5-8F74-FF336B079D3D}.Release|x86.ActiveCfg = Release|Any CPU
		{9FE2FACB-83CF-4FB5-8F74-FF336B079D3D}.Release|x86.Build.0 = Release|Any CPU
		{CD7EFAA1-0F95-4ECC-975F-E0AAEC9F3099}.Debug|Any CPU.ActiveCfg = Debug|Any CPU
		{CD7EFAA1-0F95-4ECC-975F-E0AAEC9F3099}.Debug|Any CPU.Build.0 = Debug|Any CPU
		{CD7EFAA1-0F95-4ECC-975F-E0AAEC9F3099}.Debug|x64.ActiveCfg = Debug|Any CPU
		{CD7EFAA1-0F95-4ECC-975F-E0AAEC9F3099}.Debug|x64.Build.0 = Debug|Any CPU
		{CD7EFAA1-0F95-4ECC-975F-E0AAEC9F3099}.Debug|x86.ActiveCfg = Debug|Any CPU
		{CD7EFAA1-0F95-4ECC-975F-E0AAEC9F3099}.Debug|x86.Build.0 = Debug|Any CPU
		{CD7EFAA1-0F95-4ECC-975F-E0AAEC9F3099}.Release|Any CPU.ActiveCfg = Release|Any CPU
		{CD7EFAA1-0F95-4ECC-975F-E0AAEC9F3099}.Release|Any CPU.Build.0 = Release|Any CPU
		{CD7EFAA1-0F95-4ECC-975F-E0AAEC9F3099}.Release|x64.ActiveCfg = Release|Any CPU
		{CD7EFAA1-0F95-4ECC-975F-E0AAEC9F3099}.Release|x64.Build.0 = Release|Any CPU
		{CD7EFAA1-0F95-4ECC-975F-E0AAEC9F3099}.Release|x86.ActiveCfg = Release|Any CPU
		{CD7EFAA1-0F95-4ECC-975F-E0AAEC9F3099}.Release|x86.Build.0 = Release|Any CPU
		{D3BD77FC-C636-4D20-8E00-EFD0E418D95E}.Debug|Any CPU.ActiveCfg = Debug|Any CPU
		{D3BD77FC-C636-4D20-8E00-EFD0E418D95E}.Debug|Any CPU.Build.0 = Debug|Any CPU
		{D3BD77FC-C636-4D20-8E00-EFD0E418D95E}.Debug|x64.ActiveCfg = Debug|Any CPU
		{D3BD77FC-C636-4D20-8E00-EFD0E418D95E}.Debug|x64.Build.0 = Debug|Any CPU
		{D3BD77FC-C636-4D20-8E00-EFD0E418D95E}.Debug|x86.ActiveCfg = Debug|Any CPU
		{D3BD77FC-C636-4D20-8E00-EFD0E418D95E}.Debug|x86.Build.0 = Debug|Any CPU
		{D3BD77FC-C636-4D20-8E00-EFD0E418D95E}.Release|Any CPU.ActiveCfg = Release|Any CPU
		{D3BD77FC-C636-4D20-8E00-EFD0E418D95E}.Release|Any CPU.Build.0 = Release|Any CPU
		{D3BD77FC-C636-4D20-8E00-EFD0E418D95E}.Release|x64.ActiveCfg = Release|Any CPU
		{D3BD77FC-C636-4D20-8E00-EFD0E418D95E}.Release|x64.Build.0 = Release|Any CPU
		{D3BD77FC-C636-4D20-8E00-EFD0E418D95E}.Release|x86.ActiveCfg = Release|Any CPU
		{D3BD77FC-C636-4D20-8E00-EFD0E418D95E}.Release|x86.Build.0 = Release|Any CPU
		{A1541D93-16B0-4CEC-8585-B49F9CD31ACF}.Debug|Any CPU.ActiveCfg = Debug|Any CPU
		{A1541D93-16B0-4CEC-8585-B49F9CD31ACF}.Debug|Any CPU.Build.0 = Debug|Any CPU
		{A1541D93-16B0-4CEC-8585-B49F9CD31ACF}.Debug|x64.ActiveCfg = Debug|Any CPU
		{A1541D93-16B0-4CEC-8585-B49F9CD31ACF}.Debug|x64.Build.0 = Debug|Any CPU
		{A1541D93-16B0-4CEC-8585-B49F9CD31ACF}.Debug|x86.ActiveCfg = Debug|Any CPU
		{A1541D93-16B0-4CEC-8585-B49F9CD31ACF}.Debug|x86.Build.0 = Debug|Any CPU
		{A1541D93-16B0-4CEC-8585-B49F9CD31ACF}.Release|Any CPU.ActiveCfg = Release|Any CPU
		{A1541D93-16B0-4CEC-8585-B49F9CD31ACF}.Release|Any CPU.Build.0 = Release|Any CPU
		{A1541D93-16B0-4CEC-8585-B49F9CD31ACF}.Release|x64.ActiveCfg = Release|Any CPU
		{A1541D93-16B0-4CEC-8585-B49F9CD31ACF}.Release|x64.Build.0 = Release|Any CPU
		{A1541D93-16B0-4CEC-8585-B49F9CD31ACF}.Release|x86.ActiveCfg = Release|Any CPU
		{A1541D93-16B0-4CEC-8585-B49F9CD31ACF}.Release|x86.Build.0 = Release|Any CPU
		{59055985-6F7E-4331-BC18-79BE621F60FD}.Debug|Any CPU.ActiveCfg = Debug|Any CPU
		{59055985-6F7E-4331-BC18-79BE621F60FD}.Debug|Any CPU.Build.0 = Debug|Any CPU
		{59055985-6F7E-4331-BC18-79BE621F60FD}.Debug|x64.ActiveCfg = Debug|Any CPU
		{59055985-6F7E-4331-BC18-79BE621F60FD}.Debug|x64.Build.0 = Debug|Any CPU
		{59055985-6F7E-4331-BC18-79BE621F60FD}.Debug|x86.ActiveCfg = Debug|Any CPU
		{59055985-6F7E-4331-BC18-79BE621F60FD}.Debug|x86.Build.0 = Debug|Any CPU
		{59055985-6F7E-4331-BC18-79BE621F60FD}.Release|Any CPU.ActiveCfg = Release|Any CPU
		{59055985-6F7E-4331-BC18-79BE621F60FD}.Release|Any CPU.Build.0 = Release|Any CPU
		{59055985-6F7E-4331-BC18-79BE621F60FD}.Release|x64.ActiveCfg = Release|Any CPU
		{59055985-6F7E-4331-BC18-79BE621F60FD}.Release|x64.Build.0 = Release|Any CPU
		{59055985-6F7E-4331-BC18-79BE621F60FD}.Release|x86.ActiveCfg = Release|Any CPU
		{59055985-6F7E-4331-BC18-79BE621F60FD}.Release|x86.Build.0 = Release|Any CPU
		{F59BC85F-082C-4C99-9803-1CD79DABD94E}.Debug|Any CPU.ActiveCfg = Debug|Any CPU
		{F59BC85F-082C-4C99-9803-1CD79DABD94E}.Debug|Any CPU.Build.0 = Debug|Any CPU
		{F59BC85F-082C-4C99-9803-1CD79DABD94E}.Debug|x64.ActiveCfg = Debug|Any CPU
		{F59BC85F-082C-4C99-9803-1CD79DABD94E}.Debug|x64.Build.0 = Debug|Any CPU
		{F59BC85F-082C-4C99-9803-1CD79DABD94E}.Debug|x86.ActiveCfg = Debug|Any CPU
		{F59BC85F-082C-4C99-9803-1CD79DABD94E}.Debug|x86.Build.0 = Debug|Any CPU
		{F59BC85F-082C-4C99-9803-1CD79DABD94E}.Release|Any CPU.ActiveCfg = Release|Any CPU
		{F59BC85F-082C-4C99-9803-1CD79DABD94E}.Release|Any CPU.Build.0 = Release|Any CPU
		{F59BC85F-082C-4C99-9803-1CD79DABD94E}.Release|x64.ActiveCfg = Release|Any CPU
		{F59BC85F-082C-4C99-9803-1CD79DABD94E}.Release|x64.Build.0 = Release|Any CPU
		{F59BC85F-082C-4C99-9803-1CD79DABD94E}.Release|x86.ActiveCfg = Release|Any CPU
		{F59BC85F-082C-4C99-9803-1CD79DABD94E}.Release|x86.Build.0 = Release|Any CPU
		{59F41E47-7D71-447C-A603-894E6E4C4CD1}.Debug|Any CPU.ActiveCfg = Debug|Any CPU
		{59F41E47-7D71-447C-A603-894E6E4C4CD1}.Debug|Any CPU.Build.0 = Debug|Any CPU
		{59F41E47-7D71-447C-A603-894E6E4C4CD1}.Debug|x64.ActiveCfg = Debug|Any CPU
		{59F41E47-7D71-447C-A603-894E6E4C4CD1}.Debug|x64.Build.0 = Debug|Any CPU
		{59F41E47-7D71-447C-A603-894E6E4C4CD1}.Debug|x86.ActiveCfg = Debug|Any CPU
		{59F41E47-7D71-447C-A603-894E6E4C4CD1}.Debug|x86.Build.0 = Debug|Any CPU
		{59F41E47-7D71-447C-A603-894E6E4C4CD1}.Release|Any CPU.ActiveCfg = Release|Any CPU
		{59F41E47-7D71-447C-A603-894E6E4C4CD1}.Release|Any CPU.Build.0 = Release|Any CPU
		{59F41E47-7D71-447C-A603-894E6E4C4CD1}.Release|x64.ActiveCfg = Release|Any CPU
		{59F41E47-7D71-447C-A603-894E6E4C4CD1}.Release|x64.Build.0 = Release|Any CPU
		{59F41E47-7D71-447C-A603-894E6E4C4CD1}.Release|x86.ActiveCfg = Release|Any CPU
		{59F41E47-7D71-447C-A603-894E6E4C4CD1}.Release|x86.Build.0 = Release|Any CPU
		{DA9E9B0D-0101-4A9D-9658-2B8D426EFD53}.Debug|Any CPU.ActiveCfg = Debug|Any CPU
		{DA9E9B0D-0101-4A9D-9658-2B8D426EFD53}.Debug|Any CPU.Build.0 = Debug|Any CPU
		{DA9E9B0D-0101-4A9D-9658-2B8D426EFD53}.Debug|x64.ActiveCfg = Debug|Any CPU
		{DA9E9B0D-0101-4A9D-9658-2B8D426EFD53}.Debug|x64.Build.0 = Debug|Any CPU
		{DA9E9B0D-0101-4A9D-9658-2B8D426EFD53}.Debug|x86.ActiveCfg = Debug|Any CPU
		{DA9E9B0D-0101-4A9D-9658-2B8D426EFD53}.Debug|x86.Build.0 = Debug|Any CPU
		{DA9E9B0D-0101-4A9D-9658-2B8D426EFD53}.Release|Any CPU.ActiveCfg = Release|Any CPU
		{DA9E9B0D-0101-4A9D-9658-2B8D426EFD53}.Release|Any CPU.Build.0 = Release|Any CPU
		{DA9E9B0D-0101-4A9D-9658-2B8D426EFD53}.Release|x64.ActiveCfg = Release|Any CPU
		{DA9E9B0D-0101-4A9D-9658-2B8D426EFD53}.Release|x64.Build.0 = Release|Any CPU
		{DA9E9B0D-0101-4A9D-9658-2B8D426EFD53}.Release|x86.ActiveCfg = Release|Any CPU
		{DA9E9B0D-0101-4A9D-9658-2B8D426EFD53}.Release|x86.Build.0 = Release|Any CPU
		{55F4B24D-1406-41F4-B2A5-2DEF155C1D05}.Debug|Any CPU.ActiveCfg = Debug|Any CPU
		{55F4B24D-1406-41F4-B2A5-2DEF155C1D05}.Debug|Any CPU.Build.0 = Debug|Any CPU
		{55F4B24D-1406-41F4-B2A5-2DEF155C1D05}.Debug|x64.ActiveCfg = Debug|Any CPU
		{55F4B24D-1406-41F4-B2A5-2DEF155C1D05}.Debug|x64.Build.0 = Debug|Any CPU
		{55F4B24D-1406-41F4-B2A5-2DEF155C1D05}.Debug|x86.ActiveCfg = Debug|Any CPU
		{55F4B24D-1406-41F4-B2A5-2DEF155C1D05}.Debug|x86.Build.0 = Debug|Any CPU
		{55F4B24D-1406-41F4-B2A5-2DEF155C1D05}.Release|Any CPU.ActiveCfg = Release|Any CPU
		{55F4B24D-1406-41F4-B2A5-2DEF155C1D05}.Release|Any CPU.Build.0 = Release|Any CPU
		{55F4B24D-1406-41F4-B2A5-2DEF155C1D05}.Release|x64.ActiveCfg = Release|Any CPU
		{55F4B24D-1406-41F4-B2A5-2DEF155C1D05}.Release|x64.Build.0 = Release|Any CPU
		{55F4B24D-1406-41F4-B2A5-2DEF155C1D05}.Release|x86.ActiveCfg = Release|Any CPU
		{55F4B24D-1406-41F4-B2A5-2DEF155C1D05}.Release|x86.Build.0 = Release|Any CPU
		{9AFC6C12-1D2A-4CBB-B83A-64E145A21498}.Debug|Any CPU.ActiveCfg = Debug|Any CPU
		{9AFC6C12-1D2A-4CBB-B83A-64E145A21498}.Debug|Any CPU.Build.0 = Debug|Any CPU
		{9AFC6C12-1D2A-4CBB-B83A-64E145A21498}.Debug|x64.ActiveCfg = Debug|Any CPU
		{9AFC6C12-1D2A-4CBB-B83A-64E145A21498}.Debug|x64.Build.0 = Debug|Any CPU
		{9AFC6C12-1D2A-4CBB-B83A-64E145A21498}.Debug|x86.ActiveCfg = Debug|Any CPU
		{9AFC6C12-1D2A-4CBB-B83A-64E145A21498}.Debug|x86.Build.0 = Debug|Any CPU
		{9AFC6C12-1D2A-4CBB-B83A-64E145A21498}.Release|Any CPU.ActiveCfg = Release|Any CPU
		{9AFC6C12-1D2A-4CBB-B83A-64E145A21498}.Release|Any CPU.Build.0 = Release|Any CPU
		{9AFC6C12-1D2A-4CBB-B83A-64E145A21498}.Release|x64.ActiveCfg = Release|Any CPU
		{9AFC6C12-1D2A-4CBB-B83A-64E145A21498}.Release|x64.Build.0 = Release|Any CPU
		{9AFC6C12-1D2A-4CBB-B83A-64E145A21498}.Release|x86.ActiveCfg = Release|Any CPU
		{9AFC6C12-1D2A-4CBB-B83A-64E145A21498}.Release|x86.Build.0 = Release|Any CPU
		{F126450A-8230-40E9-80D0-5102D592D4FB}.Debug|Any CPU.ActiveCfg = Debug|Any CPU
		{F126450A-8230-40E9-80D0-5102D592D4FB}.Debug|Any CPU.Build.0 = Debug|Any CPU
		{F126450A-8230-40E9-80D0-5102D592D4FB}.Debug|x64.ActiveCfg = Debug|Any CPU
		{F126450A-8230-40E9-80D0-5102D592D4FB}.Debug|x64.Build.0 = Debug|Any CPU
		{F126450A-8230-40E9-80D0-5102D592D4FB}.Debug|x86.ActiveCfg = Debug|Any CPU
		{F126450A-8230-40E9-80D0-5102D592D4FB}.Debug|x86.Build.0 = Debug|Any CPU
		{F126450A-8230-40E9-80D0-5102D592D4FB}.Release|Any CPU.ActiveCfg = Release|Any CPU
		{F126450A-8230-40E9-80D0-5102D592D4FB}.Release|Any CPU.Build.0 = Release|Any CPU
		{F126450A-8230-40E9-80D0-5102D592D4FB}.Release|x64.ActiveCfg = Release|Any CPU
		{F126450A-8230-40E9-80D0-5102D592D4FB}.Release|x64.Build.0 = Release|Any CPU
		{F126450A-8230-40E9-80D0-5102D592D4FB}.Release|x86.ActiveCfg = Release|Any CPU
		{F126450A-8230-40E9-80D0-5102D592D4FB}.Release|x86.Build.0 = Release|Any CPU
		{A6153010-3622-46C3-9C20-1149F3620BF7}.Debug|Any CPU.ActiveCfg = Debug|Any CPU
		{A6153010-3622-46C3-9C20-1149F3620BF7}.Debug|Any CPU.Build.0 = Debug|Any CPU
		{A6153010-3622-46C3-9C20-1149F3620BF7}.Debug|x64.ActiveCfg = Debug|Any CPU
		{A6153010-3622-46C3-9C20-1149F3620BF7}.Debug|x64.Build.0 = Debug|Any CPU
		{A6153010-3622-46C3-9C20-1149F3620BF7}.Debug|x86.ActiveCfg = Debug|Any CPU
		{A6153010-3622-46C3-9C20-1149F3620BF7}.Debug|x86.Build.0 = Debug|Any CPU
		{A6153010-3622-46C3-9C20-1149F3620BF7}.Release|Any CPU.ActiveCfg = Release|Any CPU
		{A6153010-3622-46C3-9C20-1149F3620BF7}.Release|Any CPU.Build.0 = Release|Any CPU
		{A6153010-3622-46C3-9C20-1149F3620BF7}.Release|x64.ActiveCfg = Release|Any CPU
		{A6153010-3622-46C3-9C20-1149F3620BF7}.Release|x64.Build.0 = Release|Any CPU
		{A6153010-3622-46C3-9C20-1149F3620BF7}.Release|x86.ActiveCfg = Release|Any CPU
		{A6153010-3622-46C3-9C20-1149F3620BF7}.Release|x86.Build.0 = Release|Any CPU
		{1A6BDD6F-B306-4AFD-BCAA-14708BE36A7B}.Debug|Any CPU.ActiveCfg = Debug|Any CPU
		{1A6BDD6F-B306-4AFD-BCAA-14708BE36A7B}.Debug|Any CPU.Build.0 = Debug|Any CPU
		{1A6BDD6F-B306-4AFD-BCAA-14708BE36A7B}.Debug|x64.ActiveCfg = Debug|Any CPU
		{1A6BDD6F-B306-4AFD-BCAA-14708BE36A7B}.Debug|x64.Build.0 = Debug|Any CPU
		{1A6BDD6F-B306-4AFD-BCAA-14708BE36A7B}.Debug|x86.ActiveCfg = Debug|Any CPU
		{1A6BDD6F-B306-4AFD-BCAA-14708BE36A7B}.Debug|x86.Build.0 = Debug|Any CPU
		{1A6BDD6F-B306-4AFD-BCAA-14708BE36A7B}.Release|Any CPU.ActiveCfg = Release|Any CPU
		{1A6BDD6F-B306-4AFD-BCAA-14708BE36A7B}.Release|Any CPU.Build.0 = Release|Any CPU
		{1A6BDD6F-B306-4AFD-BCAA-14708BE36A7B}.Release|x64.ActiveCfg = Release|Any CPU
		{1A6BDD6F-B306-4AFD-BCAA-14708BE36A7B}.Release|x64.Build.0 = Release|Any CPU
		{1A6BDD6F-B306-4AFD-BCAA-14708BE36A7B}.Release|x86.ActiveCfg = Release|Any CPU
		{1A6BDD6F-B306-4AFD-BCAA-14708BE36A7B}.Release|x86.Build.0 = Release|Any CPU
		{2CEA69B0-E609-4C52-95CE-262CC5A11C9D}.Debug|Any CPU.ActiveCfg = Debug|Any CPU
		{2CEA69B0-E609-4C52-95CE-262CC5A11C9D}.Debug|Any CPU.Build.0 = Debug|Any CPU
		{2CEA69B0-E609-4C52-95CE-262CC5A11C9D}.Debug|x64.ActiveCfg = Debug|Any CPU
		{2CEA69B0-E609-4C52-95CE-262CC5A11C9D}.Debug|x64.Build.0 = Debug|Any CPU
		{2CEA69B0-E609-4C52-95CE-262CC5A11C9D}.Debug|x86.ActiveCfg = Debug|Any CPU
		{2CEA69B0-E609-4C52-95CE-262CC5A11C9D}.Debug|x86.Build.0 = Debug|Any CPU
		{2CEA69B0-E609-4C52-95CE-262CC5A11C9D}.Release|Any CPU.ActiveCfg = Release|Any CPU
		{2CEA69B0-E609-4C52-95CE-262CC5A11C9D}.Release|Any CPU.Build.0 = Release|Any CPU
		{2CEA69B0-E609-4C52-95CE-262CC5A11C9D}.Release|x64.ActiveCfg = Release|Any CPU
		{2CEA69B0-E609-4C52-95CE-262CC5A11C9D}.Release|x64.Build.0 = Release|Any CPU
		{2CEA69B0-E609-4C52-95CE-262CC5A11C9D}.Release|x86.ActiveCfg = Release|Any CPU
		{2CEA69B0-E609-4C52-95CE-262CC5A11C9D}.Release|x86.Build.0 = Release|Any CPU
		{452DD4D3-6E75-4998-8737-06BA1B04704B}.Debug|Any CPU.ActiveCfg = Debug|Any CPU
		{452DD4D3-6E75-4998-8737-06BA1B04704B}.Debug|Any CPU.Build.0 = Debug|Any CPU
		{452DD4D3-6E75-4998-8737-06BA1B04704B}.Debug|x64.ActiveCfg = Debug|Any CPU
		{452DD4D3-6E75-4998-8737-06BA1B04704B}.Debug|x64.Build.0 = Debug|Any CPU
		{452DD4D3-6E75-4998-8737-06BA1B04704B}.Debug|x86.ActiveCfg = Debug|Any CPU
		{452DD4D3-6E75-4998-8737-06BA1B04704B}.Debug|x86.Build.0 = Debug|Any CPU
		{452DD4D3-6E75-4998-8737-06BA1B04704B}.Release|Any CPU.ActiveCfg = Release|Any CPU
		{452DD4D3-6E75-4998-8737-06BA1B04704B}.Release|Any CPU.Build.0 = Release|Any CPU
		{452DD4D3-6E75-4998-8737-06BA1B04704B}.Release|x64.ActiveCfg = Release|Any CPU
		{452DD4D3-6E75-4998-8737-06BA1B04704B}.Release|x64.Build.0 = Release|Any CPU
		{452DD4D3-6E75-4998-8737-06BA1B04704B}.Release|x86.ActiveCfg = Release|Any CPU
		{452DD4D3-6E75-4998-8737-06BA1B04704B}.Release|x86.Build.0 = Release|Any CPU
		{142986D3-AB94-49BD-AF10-F64E736BEF1C}.Debug|Any CPU.ActiveCfg = Debug|Any CPU
		{142986D3-AB94-49BD-AF10-F64E736BEF1C}.Debug|Any CPU.Build.0 = Debug|Any CPU
		{142986D3-AB94-49BD-AF10-F64E736BEF1C}.Debug|x64.ActiveCfg = Debug|Any CPU
		{142986D3-AB94-49BD-AF10-F64E736BEF1C}.Debug|x64.Build.0 = Debug|Any CPU
		{142986D3-AB94-49BD-AF10-F64E736BEF1C}.Debug|x86.ActiveCfg = Debug|Any CPU
		{142986D3-AB94-49BD-AF10-F64E736BEF1C}.Debug|x86.Build.0 = Debug|Any CPU
		{142986D3-AB94-49BD-AF10-F64E736BEF1C}.Release|Any CPU.ActiveCfg = Release|Any CPU
		{142986D3-AB94-49BD-AF10-F64E736BEF1C}.Release|Any CPU.Build.0 = Release|Any CPU
		{142986D3-AB94-49BD-AF10-F64E736BEF1C}.Release|x64.ActiveCfg = Release|Any CPU
		{142986D3-AB94-49BD-AF10-F64E736BEF1C}.Release|x64.Build.0 = Release|Any CPU
		{142986D3-AB94-49BD-AF10-F64E736BEF1C}.Release|x86.ActiveCfg = Release|Any CPU
		{142986D3-AB94-49BD-AF10-F64E736BEF1C}.Release|x86.Build.0 = Release|Any CPU
		{43964925-8E7F-4A36-AF54-9B0EADCD0BE1}.Debug|Any CPU.ActiveCfg = Debug|Any CPU
		{43964925-8E7F-4A36-AF54-9B0EADCD0BE1}.Debug|Any CPU.Build.0 = Debug|Any CPU
		{43964925-8E7F-4A36-AF54-9B0EADCD0BE1}.Debug|x64.ActiveCfg = Debug|Any CPU
		{43964925-8E7F-4A36-AF54-9B0EADCD0BE1}.Debug|x64.Build.0 = Debug|Any CPU
		{43964925-8E7F-4A36-AF54-9B0EADCD0BE1}.Debug|x86.ActiveCfg = Debug|Any CPU
		{43964925-8E7F-4A36-AF54-9B0EADCD0BE1}.Debug|x86.Build.0 = Debug|Any CPU
		{43964925-8E7F-4A36-AF54-9B0EADCD0BE1}.Release|Any CPU.ActiveCfg = Release|Any CPU
		{43964925-8E7F-4A36-AF54-9B0EADCD0BE1}.Release|Any CPU.Build.0 = Release|Any CPU
		{43964925-8E7F-4A36-AF54-9B0EADCD0BE1}.Release|x64.ActiveCfg = Release|Any CPU
		{43964925-8E7F-4A36-AF54-9B0EADCD0BE1}.Release|x64.Build.0 = Release|Any CPU
		{43964925-8E7F-4A36-AF54-9B0EADCD0BE1}.Release|x86.ActiveCfg = Release|Any CPU
		{43964925-8E7F-4A36-AF54-9B0EADCD0BE1}.Release|x86.Build.0 = Release|Any CPU
		{092CC938-7F4E-4C61-8EE2-61AE5E93DF09}.Debug|Any CPU.ActiveCfg = Debug|Any CPU
		{092CC938-7F4E-4C61-8EE2-61AE5E93DF09}.Debug|Any CPU.Build.0 = Debug|Any CPU
		{092CC938-7F4E-4C61-8EE2-61AE5E93DF09}.Debug|x64.ActiveCfg = Debug|Any CPU
		{092CC938-7F4E-4C61-8EE2-61AE5E93DF09}.Debug|x64.Build.0 = Debug|Any CPU
		{092CC938-7F4E-4C61-8EE2-61AE5E93DF09}.Debug|x86.ActiveCfg = Debug|Any CPU
		{092CC938-7F4E-4C61-8EE2-61AE5E93DF09}.Debug|x86.Build.0 = Debug|Any CPU
		{092CC938-7F4E-4C61-8EE2-61AE5E93DF09}.Release|Any CPU.ActiveCfg = Release|Any CPU
		{092CC938-7F4E-4C61-8EE2-61AE5E93DF09}.Release|Any CPU.Build.0 = Release|Any CPU
		{092CC938-7F4E-4C61-8EE2-61AE5E93DF09}.Release|x64.ActiveCfg = Release|Any CPU
		{092CC938-7F4E-4C61-8EE2-61AE5E93DF09}.Release|x64.Build.0 = Release|Any CPU
		{092CC938-7F4E-4C61-8EE2-61AE5E93DF09}.Release|x86.ActiveCfg = Release|Any CPU
		{092CC938-7F4E-4C61-8EE2-61AE5E93DF09}.Release|x86.Build.0 = Release|Any CPU
		{FE050CF2-39CE-4F05-AFDE-84ABD5C04190}.Debug|Any CPU.ActiveCfg = Debug|Any CPU
		{FE050CF2-39CE-4F05-AFDE-84ABD5C04190}.Debug|Any CPU.Build.0 = Debug|Any CPU
		{FE050CF2-39CE-4F05-AFDE-84ABD5C04190}.Debug|x64.ActiveCfg = Debug|Any CPU
		{FE050CF2-39CE-4F05-AFDE-84ABD5C04190}.Debug|x64.Build.0 = Debug|Any CPU
		{FE050CF2-39CE-4F05-AFDE-84ABD5C04190}.Debug|x86.ActiveCfg = Debug|Any CPU
		{FE050CF2-39CE-4F05-AFDE-84ABD5C04190}.Debug|x86.Build.0 = Debug|Any CPU
		{FE050CF2-39CE-4F05-AFDE-84ABD5C04190}.Release|Any CPU.ActiveCfg = Release|Any CPU
		{FE050CF2-39CE-4F05-AFDE-84ABD5C04190}.Release|Any CPU.Build.0 = Release|Any CPU
		{FE050CF2-39CE-4F05-AFDE-84ABD5C04190}.Release|x64.ActiveCfg = Release|Any CPU
		{FE050CF2-39CE-4F05-AFDE-84ABD5C04190}.Release|x64.Build.0 = Release|Any CPU
		{FE050CF2-39CE-4F05-AFDE-84ABD5C04190}.Release|x86.ActiveCfg = Release|Any CPU
		{FE050CF2-39CE-4F05-AFDE-84ABD5C04190}.Release|x86.Build.0 = Release|Any CPU
		{6D9E97D9-2EA3-4203-BF84-E190038FC546}.Debug|Any CPU.ActiveCfg = Debug|Any CPU
		{6D9E97D9-2EA3-4203-BF84-E190038FC546}.Debug|Any CPU.Build.0 = Debug|Any CPU
		{6D9E97D9-2EA3-4203-BF84-E190038FC546}.Debug|x64.ActiveCfg = Debug|Any CPU
		{6D9E97D9-2EA3-4203-BF84-E190038FC546}.Debug|x64.Build.0 = Debug|Any CPU
		{6D9E97D9-2EA3-4203-BF84-E190038FC546}.Debug|x86.ActiveCfg = Debug|Any CPU
		{6D9E97D9-2EA3-4203-BF84-E190038FC546}.Debug|x86.Build.0 = Debug|Any CPU
		{6D9E97D9-2EA3-4203-BF84-E190038FC546}.Release|Any CPU.ActiveCfg = Release|Any CPU
		{6D9E97D9-2EA3-4203-BF84-E190038FC546}.Release|Any CPU.Build.0 = Release|Any CPU
		{6D9E97D9-2EA3-4203-BF84-E190038FC546}.Release|x64.ActiveCfg = Release|Any CPU
		{6D9E97D9-2EA3-4203-BF84-E190038FC546}.Release|x64.Build.0 = Release|Any CPU
		{6D9E97D9-2EA3-4203-BF84-E190038FC546}.Release|x86.ActiveCfg = Release|Any CPU
		{6D9E97D9-2EA3-4203-BF84-E190038FC546}.Release|x86.Build.0 = Release|Any CPU
		{367D2423-DE26-43E9-8B42-9CA7655D2E43}.Debug|Any CPU.ActiveCfg = Debug|Any CPU
		{367D2423-DE26-43E9-8B42-9CA7655D2E43}.Debug|Any CPU.Build.0 = Debug|Any CPU
		{367D2423-DE26-43E9-8B42-9CA7655D2E43}.Debug|x64.ActiveCfg = Debug|Any CPU
		{367D2423-DE26-43E9-8B42-9CA7655D2E43}.Debug|x64.Build.0 = Debug|Any CPU
		{367D2423-DE26-43E9-8B42-9CA7655D2E43}.Debug|x86.ActiveCfg = Debug|Any CPU
		{367D2423-DE26-43E9-8B42-9CA7655D2E43}.Debug|x86.Build.0 = Debug|Any CPU
		{367D2423-DE26-43E9-8B42-9CA7655D2E43}.Release|Any CPU.ActiveCfg = Release|Any CPU
		{367D2423-DE26-43E9-8B42-9CA7655D2E43}.Release|Any CPU.Build.0 = Release|Any CPU
		{367D2423-DE26-43E9-8B42-9CA7655D2E43}.Release|x64.ActiveCfg = Release|Any CPU
		{367D2423-DE26-43E9-8B42-9CA7655D2E43}.Release|x64.Build.0 = Release|Any CPU
		{367D2423-DE26-43E9-8B42-9CA7655D2E43}.Release|x86.ActiveCfg = Release|Any CPU
		{367D2423-DE26-43E9-8B42-9CA7655D2E43}.Release|x86.Build.0 = Release|Any CPU
		{10225B1F-C0A7-4135-A770-8F420B40FA3C}.Debug|Any CPU.ActiveCfg = Debug|Any CPU
		{10225B1F-C0A7-4135-A770-8F420B40FA3C}.Debug|Any CPU.Build.0 = Debug|Any CPU
		{10225B1F-C0A7-4135-A770-8F420B40FA3C}.Debug|x64.ActiveCfg = Debug|Any CPU
		{10225B1F-C0A7-4135-A770-8F420B40FA3C}.Debug|x64.Build.0 = Debug|Any CPU
		{10225B1F-C0A7-4135-A770-8F420B40FA3C}.Debug|x86.ActiveCfg = Debug|Any CPU
		{10225B1F-C0A7-4135-A770-8F420B40FA3C}.Debug|x86.Build.0 = Debug|Any CPU
		{10225B1F-C0A7-4135-A770-8F420B40FA3C}.Release|Any CPU.ActiveCfg = Release|Any CPU
		{10225B1F-C0A7-4135-A770-8F420B40FA3C}.Release|Any CPU.Build.0 = Release|Any CPU
		{10225B1F-C0A7-4135-A770-8F420B40FA3C}.Release|x64.ActiveCfg = Release|Any CPU
		{10225B1F-C0A7-4135-A770-8F420B40FA3C}.Release|x64.Build.0 = Release|Any CPU
		{10225B1F-C0A7-4135-A770-8F420B40FA3C}.Release|x86.ActiveCfg = Release|Any CPU
		{10225B1F-C0A7-4135-A770-8F420B40FA3C}.Release|x86.Build.0 = Release|Any CPU
		{B95A865F-515B-4C01-A794-D8596E3D57EA}.Debug|Any CPU.ActiveCfg = Debug|Any CPU
		{B95A865F-515B-4C01-A794-D8596E3D57EA}.Debug|Any CPU.Build.0 = Debug|Any CPU
		{B95A865F-515B-4C01-A794-D8596E3D57EA}.Debug|x64.ActiveCfg = Debug|Any CPU
		{B95A865F-515B-4C01-A794-D8596E3D57EA}.Debug|x64.Build.0 = Debug|Any CPU
		{B95A865F-515B-4C01-A794-D8596E3D57EA}.Debug|x86.ActiveCfg = Debug|Any CPU
		{B95A865F-515B-4C01-A794-D8596E3D57EA}.Debug|x86.Build.0 = Debug|Any CPU
		{B95A865F-515B-4C01-A794-D8596E3D57EA}.Release|Any CPU.ActiveCfg = Release|Any CPU
		{B95A865F-515B-4C01-A794-D8596E3D57EA}.Release|Any CPU.Build.0 = Release|Any CPU
		{B95A865F-515B-4C01-A794-D8596E3D57EA}.Release|x64.ActiveCfg = Release|Any CPU
		{B95A865F-515B-4C01-A794-D8596E3D57EA}.Release|x64.Build.0 = Release|Any CPU
		{B95A865F-515B-4C01-A794-D8596E3D57EA}.Release|x86.ActiveCfg = Release|Any CPU
		{B95A865F-515B-4C01-A794-D8596E3D57EA}.Release|x86.Build.0 = Release|Any CPU
		{335B4F1E-DE43-48B2-AF50-0B54F484A1DE}.Debug|Any CPU.ActiveCfg = Debug|Any CPU
		{335B4F1E-DE43-48B2-AF50-0B54F484A1DE}.Debug|Any CPU.Build.0 = Debug|Any CPU
		{335B4F1E-DE43-48B2-AF50-0B54F484A1DE}.Debug|x64.ActiveCfg = Debug|Any CPU
		{335B4F1E-DE43-48B2-AF50-0B54F484A1DE}.Debug|x64.Build.0 = Debug|Any CPU
		{335B4F1E-DE43-48B2-AF50-0B54F484A1DE}.Debug|x86.ActiveCfg = Debug|Any CPU
		{335B4F1E-DE43-48B2-AF50-0B54F484A1DE}.Debug|x86.Build.0 = Debug|Any CPU
		{335B4F1E-DE43-48B2-AF50-0B54F484A1DE}.Release|Any CPU.ActiveCfg = Release|Any CPU
		{335B4F1E-DE43-48B2-AF50-0B54F484A1DE}.Release|Any CPU.Build.0 = Release|Any CPU
		{335B4F1E-DE43-48B2-AF50-0B54F484A1DE}.Release|x64.ActiveCfg = Release|Any CPU
		{335B4F1E-DE43-48B2-AF50-0B54F484A1DE}.Release|x64.Build.0 = Release|Any CPU
		{335B4F1E-DE43-48B2-AF50-0B54F484A1DE}.Release|x86.ActiveCfg = Release|Any CPU
		{335B4F1E-DE43-48B2-AF50-0B54F484A1DE}.Release|x86.Build.0 = Release|Any CPU
		{BA1EDA8E-C77D-4C57-B9A2-EB401937952D}.Debug|Any CPU.ActiveCfg = Debug|Any CPU
		{BA1EDA8E-C77D-4C57-B9A2-EB401937952D}.Debug|Any CPU.Build.0 = Debug|Any CPU
		{BA1EDA8E-C77D-4C57-B9A2-EB401937952D}.Debug|x64.ActiveCfg = Debug|Any CPU
		{BA1EDA8E-C77D-4C57-B9A2-EB401937952D}.Debug|x64.Build.0 = Debug|Any CPU
		{BA1EDA8E-C77D-4C57-B9A2-EB401937952D}.Debug|x86.ActiveCfg = Debug|Any CPU
		{BA1EDA8E-C77D-4C57-B9A2-EB401937952D}.Debug|x86.Build.0 = Debug|Any CPU
		{BA1EDA8E-C77D-4C57-B9A2-EB401937952D}.Release|Any CPU.ActiveCfg = Release|Any CPU
		{BA1EDA8E-C77D-4C57-B9A2-EB401937952D}.Release|Any CPU.Build.0 = Release|Any CPU
		{BA1EDA8E-C77D-4C57-B9A2-EB401937952D}.Release|x64.ActiveCfg = Release|Any CPU
		{BA1EDA8E-C77D-4C57-B9A2-EB401937952D}.Release|x64.Build.0 = Release|Any CPU
		{BA1EDA8E-C77D-4C57-B9A2-EB401937952D}.Release|x86.ActiveCfg = Release|Any CPU
		{BA1EDA8E-C77D-4C57-B9A2-EB401937952D}.Release|x86.Build.0 = Release|Any CPU
		{CC097214-279B-4163-98F7-3ECB4E6922EE}.Debug|Any CPU.ActiveCfg = Debug|Any CPU
		{CC097214-279B-4163-98F7-3ECB4E6922EE}.Debug|Any CPU.Build.0 = Debug|Any CPU
		{CC097214-279B-4163-98F7-3ECB4E6922EE}.Debug|x64.ActiveCfg = Debug|Any CPU
		{CC097214-279B-4163-98F7-3ECB4E6922EE}.Debug|x64.Build.0 = Debug|Any CPU
		{CC097214-279B-4163-98F7-3ECB4E6922EE}.Debug|x86.ActiveCfg = Debug|Any CPU
		{CC097214-279B-4163-98F7-3ECB4E6922EE}.Debug|x86.Build.0 = Debug|Any CPU
		{CC097214-279B-4163-98F7-3ECB4E6922EE}.Release|Any CPU.ActiveCfg = Release|Any CPU
		{CC097214-279B-4163-98F7-3ECB4E6922EE}.Release|Any CPU.Build.0 = Release|Any CPU
		{CC097214-279B-4163-98F7-3ECB4E6922EE}.Release|x64.ActiveCfg = Release|Any CPU
		{CC097214-279B-4163-98F7-3ECB4E6922EE}.Release|x64.Build.0 = Release|Any CPU
		{CC097214-279B-4163-98F7-3ECB4E6922EE}.Release|x86.ActiveCfg = Release|Any CPU
		{CC097214-279B-4163-98F7-3ECB4E6922EE}.Release|x86.Build.0 = Release|Any CPU
		{2A3B537E-F740-435D-9F4F-23720451055E}.Debug|Any CPU.ActiveCfg = Debug|Any CPU
		{2A3B537E-F740-435D-9F4F-23720451055E}.Debug|Any CPU.Build.0 = Debug|Any CPU
		{2A3B537E-F740-435D-9F4F-23720451055E}.Debug|x64.ActiveCfg = Debug|Any CPU
		{2A3B537E-F740-435D-9F4F-23720451055E}.Debug|x64.Build.0 = Debug|Any CPU
		{2A3B537E-F740-435D-9F4F-23720451055E}.Debug|x86.ActiveCfg = Debug|Any CPU
		{2A3B537E-F740-435D-9F4F-23720451055E}.Debug|x86.Build.0 = Debug|Any CPU
		{2A3B537E-F740-435D-9F4F-23720451055E}.Release|Any CPU.ActiveCfg = Release|Any CPU
		{2A3B537E-F740-435D-9F4F-23720451055E}.Release|Any CPU.Build.0 = Release|Any CPU
		{2A3B537E-F740-435D-9F4F-23720451055E}.Release|x64.ActiveCfg = Release|Any CPU
		{2A3B537E-F740-435D-9F4F-23720451055E}.Release|x64.Build.0 = Release|Any CPU
		{2A3B537E-F740-435D-9F4F-23720451055E}.Release|x86.ActiveCfg = Release|Any CPU
		{2A3B537E-F740-435D-9F4F-23720451055E}.Release|x86.Build.0 = Release|Any CPU
	EndGlobalSection
	GlobalSection(SolutionProperties) = preSolution
		HideSolutionNode = FALSE
	EndGlobalSection
	GlobalSection(NestedProjects) = preSolution
		{81D939DC-0FB7-48E8-88E3-DFDE3FDA67C6} = {056FA890-360B-4795-A6D9-64AE81FF3E96}
		{4B33765E-2959-47AD-99AA-BD3E80EF7C9D} = {056FA890-360B-4795-A6D9-64AE81FF3E96}
		{D940A88A-E3C1-454F-96D4-FFC2A5FE35E6} = {0D0A8505-9722-46F1-A6C1-C7D61BDFED07}
		{D10FBF23-F3B8-46A1-A253-AAD1F95C6A01} = {E18EB25B-3C4E-42C6-8707-C72F870CFA9F}
		{9FE2FACB-83CF-4FB5-8F74-FF336B079D3D} = {E18EB25B-3C4E-42C6-8707-C72F870CFA9F}
		{CD7EFAA1-0F95-4ECC-975F-E0AAEC9F3099} = {61928BE3-77D1-4A22-8ED6-06CDEA2197EF}
		{D3BD77FC-C636-4D20-8E00-EFD0E418D95E} = {61928BE3-77D1-4A22-8ED6-06CDEA2197EF}
		{A1541D93-16B0-4CEC-8585-B49F9CD31ACF} = {64DD75D5-BE93-446B-B74F-0D5AE8DCCB06}
		{59055985-6F7E-4331-BC18-79BE621F60FD} = {64DD75D5-BE93-446B-B74F-0D5AE8DCCB06}
		{F59BC85F-082C-4C99-9803-1CD79DABD94E} = {64DD75D5-BE93-446B-B74F-0D5AE8DCCB06}
		{59F41E47-7D71-447C-A603-894E6E4C4CD1} = {C51E9B80-5260-4A6B-BC54-8D32AE8E419B}
		{DA9E9B0D-0101-4A9D-9658-2B8D426EFD53} = {C51E9B80-5260-4A6B-BC54-8D32AE8E419B}
		{55F4B24D-1406-41F4-B2A5-2DEF155C1D05} = {C51E9B80-5260-4A6B-BC54-8D32AE8E419B}
		{9AFC6C12-1D2A-4CBB-B83A-64E145A21498} = {0D0A8505-9722-46F1-A6C1-C7D61BDFED07}
		{F126450A-8230-40E9-80D0-5102D592D4FB} = {0D0A8505-9722-46F1-A6C1-C7D61BDFED07}
		{A6153010-3622-46C3-9C20-1149F3620BF7} = {F7268AF8-35EC-4301-814F-B204590EABCA}
		{1A6BDD6F-B306-4AFD-BCAA-14708BE36A7B} = {F7268AF8-35EC-4301-814F-B204590EABCA}
		{2CEA69B0-E609-4C52-95CE-262CC5A11C9D} = {0D0A8505-9722-46F1-A6C1-C7D61BDFED07}
		{452DD4D3-6E75-4998-8737-06BA1B04704B} = {0D0A8505-9722-46F1-A6C1-C7D61BDFED07}
		{142986D3-AB94-49BD-AF10-F64E736BEF1C} = {0D488696-563C-40B3-905C-C80BCDB4020F}
		{43964925-8E7F-4A36-AF54-9B0EADCD0BE1} = {F7268AF8-35EC-4301-814F-B204590EABCA}
		{092CC938-7F4E-4C61-8EE2-61AE5E93DF09} = {F7268AF8-35EC-4301-814F-B204590EABCA}
		{FE050CF2-39CE-4F05-AFDE-84ABD5C04190} = {C51E9B80-5260-4A6B-BC54-8D32AE8E419B}
		{6D9E97D9-2EA3-4203-BF84-E190038FC546} = {C51E9B80-5260-4A6B-BC54-8D32AE8E419B}
		{367D2423-DE26-43E9-8B42-9CA7655D2E43} = {4A06C183-7271-43A5-8071-D428174071F0}
		{10225B1F-C0A7-4135-A770-8F420B40FA3C} = {4A06C183-7271-43A5-8071-D428174071F0}
		{B95A865F-515B-4C01-A794-D8596E3D57EA} = {A3A34192-39BE-4E65-B82F-4A6A55AAFFAF}
		{335B4F1E-DE43-48B2-AF50-0B54F484A1DE} = {A3A34192-39BE-4E65-B82F-4A6A55AAFFAF}
		{BA1EDA8E-C77D-4C57-B9A2-EB401937952D} = {61928BE3-77D1-4A22-8ED6-06CDEA2197EF}
		{CC097214-279B-4163-98F7-3ECB4E6922EE} = {64DD75D5-BE93-446B-B74F-0D5AE8DCCB06}
		{2A3B537E-F740-435D-9F4F-23720451055E} = {F7268AF8-35EC-4301-814F-B204590EABCA}
	EndGlobalSection
	GlobalSection(ExtensibilityGlobals) = postSolution
		SolutionGuid = {E5BF586D-98FA-49EC-9D9F-A17A029ED341}
	EndGlobalSection
EndGlobal
