
Microsoft Visual Studio Solution File, Format Version 12.00
# Visual Studio Version 17
VisualStudioVersion = 17.2.32505.173
MinimumVisualStudioVersion = 15.0.26124.0
Project("{2150E333-8FDC-42A3-9474-1A3956D46DE8}") = "config", "config", "{056FA890-360B-4795-A6D9-64AE81FF3E96}"
EndProject
Project("{9A19103F-16F7-4668-BE54-9A1E7A4F7556}") = "Albatross.Config", "src\Albatross.Config\Albatross.Config.csproj", "{81D939DC-0FB7-48E8-88E3-DFDE3FDA67C6}"
EndProject
Project("{9A19103F-16F7-4668-BE54-9A1E7A4F7556}") = "Albatross.Config.UnitTest", "tests\Albatross.Config.UnitTest\Albatross.Config.UnitTest.csproj", "{4B33765E-2959-47AD-99AA-BD3E80EF7C9D}"
EndProject
Project("{2150E333-8FDC-42A3-9474-1A3956D46DE8}") = "crypto", "crypto", "{E18EB25B-3C4E-42C6-8707-C72F870CFA9F}"
EndProject
Project("{2150E333-8FDC-42A3-9474-1A3956D46DE8}") = "hosting", "hosting", "{F7268AF8-35EC-4301-814F-B204590EABCA}"
EndProject
Project("{2150E333-8FDC-42A3-9474-1A3956D46DE8}") = "efcore", "efcore", "{0D0A8505-9722-46F1-A6C1-C7D61BDFED07}"
EndProject
Project("{9A19103F-16F7-4668-BE54-9A1E7A4F7556}") = "Albatross.EFCore", "src\Albatross.EFCore\Albatross.EFCore.csproj", "{D940A88A-E3C1-454F-96D4-FFC2A5FE35E6}"
EndProject
Project("{2150E333-8FDC-42A3-9474-1A3956D46DE8}") = "webclient", "webclient", "{64DD75D5-BE93-446B-B74F-0D5AE8DCCB06}"
EndProject
Project("{2150E333-8FDC-42A3-9474-1A3956D46DE8}") = "authentication", "authentication", "{61928BE3-77D1-4A22-8ED6-06CDEA2197EF}"
EndProject
Project("{9A19103F-16F7-4668-BE54-9A1E7A4F7556}") = "Albatross.Cryptography", "src\Albatross.Cryptography\Albatross.Cryptography.csproj", "{D10FBF23-F3B8-46A1-A253-AAD1F95C6A01}"
EndProject
Project("{9A19103F-16F7-4668-BE54-9A1E7A4F7556}") = "Albatross.Cryptography.UnitTest", "tests\Albatross.Cryptography.UnitTest\Albatross.Cryptography.UnitTest.csproj", "{9FE2FACB-83CF-4FB5-8F74-FF336B079D3D}"
EndProject
Project("{9A19103F-16F7-4668-BE54-9A1E7A4F7556}") = "Albatross.Authentication", "src\Albatross.Authentication\Albatross.Authentication.csproj", "{CD7EFAA1-0F95-4ECC-975F-E0AAEC9F3099}"
EndProject
Project("{9A19103F-16F7-4668-BE54-9A1E7A4F7556}") = "Albatross.Authentication.UnitTest", "tests\Albatross.Authentication.UnitTest\Albatross.Authentication.UnitTest.csproj", "{D3BD77FC-C636-4D20-8E00-EFD0E418D95E}"
EndProject
Project("{9A19103F-16F7-4668-BE54-9A1E7A4F7556}") = "Albatross.WebClient", "src\Albatross.WebClient\Albatross.WebClient.csproj", "{A1541D93-16B0-4CEC-8585-B49F9CD31ACF}"
EndProject
Project("{2150E333-8FDC-42A3-9474-1A3956D46DE8}") = "codegen", "codegen", "{C51E9B80-5260-4A6B-BC54-8D32AE8E419B}"
EndProject
Project("{9A19103F-16F7-4668-BE54-9A1E7A4F7556}") = "Albatross.CodeGen", "src\Albatross.CodeGen\Albatross.CodeGen.csproj", "{59F41E47-7D71-447C-A603-894E6E4C4CD1}"
EndProject
Project("{9A19103F-16F7-4668-BE54-9A1E7A4F7556}") = "Albatross.CodeGen.UnitTest", "tests\Albatross.CodeGen.UnitTest\Albatross.CodeGen.UnitTest.csproj", "{55F4B24D-1406-41F4-B2A5-2DEF155C1D05}"
EndProject
Project("{9A19103F-16F7-4668-BE54-9A1E7A4F7556}") = "Albatross.EFCore.PostgreSQL", "src\Albatross.EFCore.PostgreSQL\Albatross.EFCore.PostgreSQL.csproj", "{9AFC6C12-1D2A-4CBB-B83A-64E145A21498}"
EndProject
Project("{9A19103F-16F7-4668-BE54-9A1E7A4F7556}") = "Albatross.EFCore.SqlServer", "src\Albatross.EFCore.SqlServer\Albatross.EFCore.SqlServer.csproj", "{F126450A-8230-40E9-80D0-5102D592D4FB}"
EndProject
Project("{9A19103F-16F7-4668-BE54-9A1E7A4F7556}") = "Albatross.Hosting.Utility", "src\Albatross.Hosting.Utility\Albatross.Hosting.Utility.csproj", "{A6153010-3622-46C3-9C20-1149F3620BF7}"
EndProject
Project("{9A19103F-16F7-4668-BE54-9A1E7A4F7556}") = "Albatross.Hosting.Test", "src\Albatross.Hosting.Test\Albatross.Hosting.Test.csproj", "{1A6BDD6F-B306-4AFD-BCAA-14708BE36A7B}"
EndProject
Project("{2150E333-8FDC-42A3-9474-1A3956D46DE8}") = "logging", "logging", "{0D488696-563C-40B3-905C-C80BCDB4020F}"
EndProject
Project("{9A19103F-16F7-4668-BE54-9A1E7A4F7556}") = "Albatross.Logging", "src\Albatross.Logging\Albatross.Logging.csproj", "{142986D3-AB94-49BD-AF10-F64E736BEF1C}"
EndProject
Project("{9A19103F-16F7-4668-BE54-9A1E7A4F7556}") = "Albatross.Hosting", "src\Albatross.Hosting\Albatross.Hosting.csproj", "{43964925-8E7F-4A36-AF54-9B0EADCD0BE1}"
EndProject
Project("{9A19103F-16F7-4668-BE54-9A1E7A4F7556}") = "Albatross.CodeGen.WebClient", "src\Albatross.CodeGen.WebClient\Albatross.CodeGen.WebClient.csproj", "{FE050CF2-39CE-4F05-AFDE-84ABD5C04190}"
EndProject
Project("{9A19103F-16F7-4668-BE54-9A1E7A4F7556}") = "Albatross.CodeGen.WebClient.UnitTest", "tests\Albatross.CodeGen.WebClient.UnitTest\Albatross.CodeGen.WebClient.UnitTest.csproj", "{6D9E97D9-2EA3-4203-BF84-E190038FC546}"
EndProject
Project("{2150E333-8FDC-42A3-9474-1A3956D46DE8}") = "caching", "caching", "{4A06C183-7271-43A5-8071-D428174071F0}"
EndProject
Project("{9A19103F-16F7-4668-BE54-9A1E7A4F7556}") = "Albatross.Caching", "src\Albatross.Caching\Albatross.Caching.csproj", "{367D2423-DE26-43E9-8B42-9CA7655D2E43}"
EndProject
Project("{9A19103F-16F7-4668-BE54-9A1E7A4F7556}") = "Albatross.Caching.Test", "tests\Albatross.Caching.Test\Albatross.Caching.Test.csproj", "{10225B1F-C0A7-4135-A770-8F420B40FA3C}"
EndProject
Project("{9A19103F-16F7-4668-BE54-9A1E7A4F7556}") = "Albatross", "src\Albatross\Albatross.csproj", "{B95A865F-515B-4C01-A794-D8596E3D57EA}"
EndProject
Project("{9A19103F-16F7-4668-BE54-9A1E7A4F7556}") = "Albatross.Test", "tests\Albatross.Test\Albatross.Test.csproj", "{335B4F1E-DE43-48B2-AF50-0B54F484A1DE}"
EndProject
Project("{2150E333-8FDC-42A3-9474-1A3956D46DE8}") = "utility", "utility", "{A3A34192-39BE-4E65-B82F-4A6A55AAFFAF}"
EndProject
Project("{2150E333-8FDC-42A3-9474-1A3956D46DE8}") = "solution Items", "solution Items", "{5BBE0D4B-8362-4DA0-86F1-8E9C6BE809BE}"
	ProjectSection(SolutionItems) = preProject
		.editorconfig = .editorconfig
		azure-pipelines.yml = azure-pipelines.yml
		build.ps1 = build.ps1
		Directory.Build.props = Directory.Build.props
		pack.ps1 = pack.ps1
		README.md = README.md
	EndProjectSection
EndProject
Project("{2150E333-8FDC-42A3-9474-1A3956D46DE8}") = "messaging", "messaging", "{1595A14F-C041-4D20-91A6-A1388CED57BC}"
EndProject
Project("{9A19103F-16F7-4668-BE54-9A1E7A4F7556}") = "Albatross.EFCore.Test", "tests\Albatross.EFCore.Test\Albatross.EFCore.Test.csproj", "{4B77B8E9-E2B5-4492-8F3C-AC75DB832224}"
EndProject
Project("{2150E333-8FDC-42A3-9474-1A3956D46DE8}") = "azure", "azure", "{BAC8F2E5-912F-41A7-9C4D-37B96D552F3A}"
EndProject
Project("{9A19103F-16F7-4668-BE54-9A1E7A4F7556}") = "Albatross.AzureStorage", "src\Albatross.AzureStorage\Albatross.AzureStorage.csproj", "{4D35190C-7D11-4379-A9E2-132F5B69614F}"
EndProject
Project("{9A19103F-16F7-4668-BE54-9A1E7A4F7556}") = "Albatross.WebClient.Test", "tests\Albatross.WebClient.Test\Albatross.WebClient.Test.csproj", "{A57D4417-CF04-4836-9928-967BFF9EC6E8}"
EndProject
Project("{9A19103F-16F7-4668-BE54-9A1E7A4F7556}") = "Albatross.Caching.TestHost", "tests\Albatross.Caching.TestHost\Albatross.Caching.TestHost.csproj", "{409647CF-2D7C-4DAB-A768-3757243C6BF0}"
EndProject
Project("{9A19103F-16F7-4668-BE54-9A1E7A4F7556}") = "Albatross.Caching.Utility", "src\Albatross.Caching.Utility\Albatross.Caching.Utility.csproj", "{29AEE8E2-0E62-41A5-AE3E-BA3BACBE1411}"
EndProject
Project("{9A19103F-16F7-4668-BE54-9A1E7A4F7556}") = "Albatross.Caching.Redis", "src\Albatross.Caching.Redis\Albatross.Caching.Redis.csproj", "{231B4747-9A64-4404-AFFC-5518B1308151}"
EndProject
Project("{9A19103F-16F7-4668-BE54-9A1E7A4F7556}") = "Albatross.Caching.MemCache", "src\Albatross.Caching.MemCache\Albatross.Caching.MemCache.csproj", "{B438791B-0B6C-4FB0-A2C3-0BDD92282DAA}"
EndProject
Project("{2150E333-8FDC-42A3-9474-1A3956D46DE8}") = "serialization", "serialization", "{211E7CA0-BDEB-4BEA-A123-1A40B34CBF19}"
EndProject
Project("{9A19103F-16F7-4668-BE54-9A1E7A4F7556}") = "Albatross.Serialization", "src\Albatross.Serialization\Albatross.Serialization.csproj", "{6C588348-CF71-4E6A-84AA-23EF6DD2BCA0}"
EndProject
Project("{9A19103F-16F7-4668-BE54-9A1E7A4F7556}") = "Albatross.Serialization.Test", "tests\Albatross.Serialization.Test\Albatross.Serialization.Test.csproj", "{EAFB7A19-7140-4EFC-BC65-6FACA254D3BE}"
EndProject
Project("{9A19103F-16F7-4668-BE54-9A1E7A4F7556}") = "Albatross.Messaging", "src\Albatross.Messaging\Albatross.Messaging.csproj", "{2D2001D9-950E-4401-8713-516191B3A4E3}"
EndProject
Project("{2150E333-8FDC-42A3-9474-1A3956D46DE8}") = "samples", "samples", "{BB62D315-4B0A-4352-A6F4-4F4E1BD4EC8E}"
EndProject
Project("{9A19103F-16F7-4668-BE54-9A1E7A4F7556}") = "SampleProject", "samples\SampleProject\SampleProject.csproj", "{47CA8292-A2B0-4CBE-9609-1F02B68F3E8E}"
EndProject
Project("{9A19103F-16F7-4668-BE54-9A1E7A4F7556}") = "SampleProject.CodeGen", "samples\SampleProject.CodeGen\SampleProject.CodeGen.csproj", "{7223E3C1-FF26-4542-9284-36EA14153974}"
EndProject
Project("{9A19103F-16F7-4668-BE54-9A1E7A4F7556}") = "SampleProject.Core", "samples\SampleProject.Core\SampleProject.Core.csproj", "{B451A10D-E1C0-4E50-938F-372375300892}"
EndProject
Project("{9A19103F-16F7-4668-BE54-9A1E7A4F7556}") = "SampleProject.Proxy", "samples\SampleProject.Proxy\SampleProject.Proxy.csproj", "{0A18D425-4E08-4412-8126-51B2ACCD2C15}"
EndProject
Project("{9A19103F-16F7-4668-BE54-9A1E7A4F7556}") = "SampleProject.Utility", "samples\SampleProject.Utility\SampleProject.Utility.csproj", "{6DE602C1-9C37-4EAA-8760-ED7D646483A3}"
EndProject
Project("{9A19103F-16F7-4668-BE54-9A1E7A4F7556}") = "SampleProject.WebApi", "samples\SampleProject.WebApi\SampleProject.WebApi.csproj", "{5942A68D-F0B9-4517-9729-D6E16078838F}"
EndProject
Project("{9A19103F-16F7-4668-BE54-9A1E7A4F7556}") = "SampleProject.Daemon", "samples\SampleProject.Daemon\SampleProject.Daemon.csproj", "{B8640AC8-198D-4C28-9F6E-82918DB11BD9}"
EndProject
Project("{9A19103F-16F7-4668-BE54-9A1E7A4F7556}") = "SampleProject.Commands", "samples\SampleProject.Commands\SampleProject.Commands.csproj", "{4CD2F234-E6E0-468F-8AC9-EF72FBE6A6A0}"
EndProject
Project("{9A19103F-16F7-4668-BE54-9A1E7A4F7556}") = "Albatross.Messaging.Test", "tests\Albatross.Messaging.Test\Albatross.Messaging.Test.csproj", "{8B7EC157-5BA2-4751-9C2F-5AF2E34CB44F}"
EndProject
Project("{9A19103F-16F7-4668-BE54-9A1E7A4F7556}") = "Albatross.EFCore.ChangeReporting", "src\Albatross.EFCore.ChangeReporting\Albatross.EFCore.ChangeReporting.csproj", "{AFDDF1D7-55FA-4560-8770-F48BF28834B3}"
EndProject
Project("{9A19103F-16F7-4668-BE54-9A1E7A4F7556}") = "Albatross.EFCore.DateLevel", "src\Albatross.EFCore.DateLevel\Albatross.EFCore.DateLevel.csproj", "{0BCD83E5-1DA2-417E-A431-E446A6FE014A}"
EndProject
Project("{2150E333-8FDC-42A3-9474-1A3956D46DE8}") = "excel", "excel", "{A2E04AFB-A4D5-4E10-B909-0E4613EF57E2}"
EndProject
Project("{9A19103F-16F7-4668-BE54-9A1E7A4F7556}") = "Albatross.Hosting.Excel", "src\Albatross.Hosting.Excel\Albatross.Hosting.Excel.csproj", "{26735CD0-C156-4B15-924A-C31905EA9E8E}"
EndProject
Project("{9A19103F-16F7-4668-BE54-9A1E7A4F7556}") = "Albatross.Excel", "src\Albatross.Excel\Albatross.Excel.csproj", "{752B2233-90CD-4469-8E71-CA5BD88DF281}"
EndProject
Project("{9A19103F-16F7-4668-BE54-9A1E7A4F7556}") = "Albatross.Excel.Sample", "samples\Albatross.Excel.Sample\Albatross.Excel.Sample.csproj", "{DC8671CA-4503-4EC9-8A0E-AA1229604FEB}"
EndProject
Global
	GlobalSection(SolutionConfigurationPlatforms) = preSolution
		Debug|Any CPU = Debug|Any CPU
		Debug|x64 = Debug|x64
		Debug|x86 = Debug|x86
		Release|Any CPU = Release|Any CPU
		Release|x64 = Release|x64
		Release|x86 = Release|x86
	EndGlobalSection
	GlobalSection(ProjectConfigurationPlatforms) = postSolution
		{81D939DC-0FB7-48E8-88E3-DFDE3FDA67C6}.Debug|Any CPU.ActiveCfg = Debug|Any CPU
		{81D939DC-0FB7-48E8-88E3-DFDE3FDA67C6}.Debug|Any CPU.Build.0 = Debug|Any CPU
		{81D939DC-0FB7-48E8-88E3-DFDE3FDA67C6}.Debug|x64.ActiveCfg = Debug|Any CPU
		{81D939DC-0FB7-48E8-88E3-DFDE3FDA67C6}.Debug|x64.Build.0 = Debug|Any CPU
		{81D939DC-0FB7-48E8-88E3-DFDE3FDA67C6}.Debug|x86.ActiveCfg = Debug|Any CPU
		{81D939DC-0FB7-48E8-88E3-DFDE3FDA67C6}.Debug|x86.Build.0 = Debug|Any CPU
		{81D939DC-0FB7-48E8-88E3-DFDE3FDA67C6}.Release|Any CPU.ActiveCfg = Release|Any CPU
		{81D939DC-0FB7-48E8-88E3-DFDE3FDA67C6}.Release|Any CPU.Build.0 = Release|Any CPU
		{81D939DC-0FB7-48E8-88E3-DFDE3FDA67C6}.Release|x64.ActiveCfg = Release|Any CPU
		{81D939DC-0FB7-48E8-88E3-DFDE3FDA67C6}.Release|x64.Build.0 = Release|Any CPU
		{81D939DC-0FB7-48E8-88E3-DFDE3FDA67C6}.Release|x86.ActiveCfg = Release|Any CPU
		{81D939DC-0FB7-48E8-88E3-DFDE3FDA67C6}.Release|x86.Build.0 = Release|Any CPU
		{4B33765E-2959-47AD-99AA-BD3E80EF7C9D}.Debug|Any CPU.ActiveCfg = Debug|Any CPU
		{4B33765E-2959-47AD-99AA-BD3E80EF7C9D}.Debug|Any CPU.Build.0 = Debug|Any CPU
		{4B33765E-2959-47AD-99AA-BD3E80EF7C9D}.Debug|x64.ActiveCfg = Debug|Any CPU
		{4B33765E-2959-47AD-99AA-BD3E80EF7C9D}.Debug|x64.Build.0 = Debug|Any CPU
		{4B33765E-2959-47AD-99AA-BD3E80EF7C9D}.Debug|x86.ActiveCfg = Debug|Any CPU
		{4B33765E-2959-47AD-99AA-BD3E80EF7C9D}.Debug|x86.Build.0 = Debug|Any CPU
		{4B33765E-2959-47AD-99AA-BD3E80EF7C9D}.Release|Any CPU.ActiveCfg = Release|Any CPU
		{4B33765E-2959-47AD-99AA-BD3E80EF7C9D}.Release|Any CPU.Build.0 = Release|Any CPU
		{4B33765E-2959-47AD-99AA-BD3E80EF7C9D}.Release|x64.ActiveCfg = Release|Any CPU
		{4B33765E-2959-47AD-99AA-BD3E80EF7C9D}.Release|x64.Build.0 = Release|Any CPU
		{4B33765E-2959-47AD-99AA-BD3E80EF7C9D}.Release|x86.ActiveCfg = Release|Any CPU
		{4B33765E-2959-47AD-99AA-BD3E80EF7C9D}.Release|x86.Build.0 = Release|Any CPU
		{D940A88A-E3C1-454F-96D4-FFC2A5FE35E6}.Debug|Any CPU.ActiveCfg = Debug|Any CPU
		{D940A88A-E3C1-454F-96D4-FFC2A5FE35E6}.Debug|Any CPU.Build.0 = Debug|Any CPU
		{D940A88A-E3C1-454F-96D4-FFC2A5FE35E6}.Debug|x64.ActiveCfg = Debug|Any CPU
		{D940A88A-E3C1-454F-96D4-FFC2A5FE35E6}.Debug|x64.Build.0 = Debug|Any CPU
		{D940A88A-E3C1-454F-96D4-FFC2A5FE35E6}.Debug|x86.ActiveCfg = Debug|Any CPU
		{D940A88A-E3C1-454F-96D4-FFC2A5FE35E6}.Debug|x86.Build.0 = Debug|Any CPU
		{D940A88A-E3C1-454F-96D4-FFC2A5FE35E6}.Release|Any CPU.ActiveCfg = Release|Any CPU
		{D940A88A-E3C1-454F-96D4-FFC2A5FE35E6}.Release|Any CPU.Build.0 = Release|Any CPU
		{D940A88A-E3C1-454F-96D4-FFC2A5FE35E6}.Release|x64.ActiveCfg = Release|Any CPU
		{D940A88A-E3C1-454F-96D4-FFC2A5FE35E6}.Release|x64.Build.0 = Release|Any CPU
		{D940A88A-E3C1-454F-96D4-FFC2A5FE35E6}.Release|x86.ActiveCfg = Release|Any CPU
		{D940A88A-E3C1-454F-96D4-FFC2A5FE35E6}.Release|x86.Build.0 = Release|Any CPU
		{D10FBF23-F3B8-46A1-A253-AAD1F95C6A01}.Debug|Any CPU.ActiveCfg = Debug|Any CPU
		{D10FBF23-F3B8-46A1-A253-AAD1F95C6A01}.Debug|Any CPU.Build.0 = Debug|Any CPU
		{D10FBF23-F3B8-46A1-A253-AAD1F95C6A01}.Debug|x64.ActiveCfg = Debug|Any CPU
		{D10FBF23-F3B8-46A1-A253-AAD1F95C6A01}.Debug|x64.Build.0 = Debug|Any CPU
		{D10FBF23-F3B8-46A1-A253-AAD1F95C6A01}.Debug|x86.ActiveCfg = Debug|Any CPU
		{D10FBF23-F3B8-46A1-A253-AAD1F95C6A01}.Debug|x86.Build.0 = Debug|Any CPU
		{D10FBF23-F3B8-46A1-A253-AAD1F95C6A01}.Release|Any CPU.ActiveCfg = Release|Any CPU
		{D10FBF23-F3B8-46A1-A253-AAD1F95C6A01}.Release|Any CPU.Build.0 = Release|Any CPU
		{D10FBF23-F3B8-46A1-A253-AAD1F95C6A01}.Release|x64.ActiveCfg = Release|Any CPU
		{D10FBF23-F3B8-46A1-A253-AAD1F95C6A01}.Release|x64.Build.0 = Release|Any CPU
		{D10FBF23-F3B8-46A1-A253-AAD1F95C6A01}.Release|x86.ActiveCfg = Release|Any CPU
		{D10FBF23-F3B8-46A1-A253-AAD1F95C6A01}.Release|x86.Build.0 = Release|Any CPU
		{9FE2FACB-83CF-4FB5-8F74-FF336B079D3D}.Debug|Any CPU.ActiveCfg = Debug|Any CPU
		{9FE2FACB-83CF-4FB5-8F74-FF336B079D3D}.Debug|Any CPU.Build.0 = Debug|Any CPU
		{9FE2FACB-83CF-4FB5-8F74-FF336B079D3D}.Debug|x64.ActiveCfg = Debug|Any CPU
		{9FE2FACB-83CF-4FB5-8F74-FF336B079D3D}.Debug|x64.Build.0 = Debug|Any CPU
		{9FE2FACB-83CF-4FB5-8F74-FF336B079D3D}.Debug|x86.ActiveCfg = Debug|Any CPU
		{9FE2FACB-83CF-4FB5-8F74-FF336B079D3D}.Debug|x86.Build.0 = Debug|Any CPU
		{9FE2FACB-83CF-4FB5-8F74-FF336B079D3D}.Release|Any CPU.ActiveCfg = Release|Any CPU
		{9FE2FACB-83CF-4FB5-8F74-FF336B079D3D}.Release|Any CPU.Build.0 = Release|Any CPU
		{9FE2FACB-83CF-4FB5-8F74-FF336B079D3D}.Release|x64.ActiveCfg = Release|Any CPU
		{9FE2FACB-83CF-4FB5-8F74-FF336B079D3D}.Release|x64.Build.0 = Release|Any CPU
		{9FE2FACB-83CF-4FB5-8F74-FF336B079D3D}.Release|x86.ActiveCfg = Release|Any CPU
		{9FE2FACB-83CF-4FB5-8F74-FF336B079D3D}.Release|x86.Build.0 = Release|Any CPU
		{CD7EFAA1-0F95-4ECC-975F-E0AAEC9F3099}.Debug|Any CPU.ActiveCfg = Debug|Any CPU
		{CD7EFAA1-0F95-4ECC-975F-E0AAEC9F3099}.Debug|Any CPU.Build.0 = Debug|Any CPU
		{CD7EFAA1-0F95-4ECC-975F-E0AAEC9F3099}.Debug|x64.ActiveCfg = Debug|Any CPU
		{CD7EFAA1-0F95-4ECC-975F-E0AAEC9F3099}.Debug|x64.Build.0 = Debug|Any CPU
		{CD7EFAA1-0F95-4ECC-975F-E0AAEC9F3099}.Debug|x86.ActiveCfg = Debug|Any CPU
		{CD7EFAA1-0F95-4ECC-975F-E0AAEC9F3099}.Debug|x86.Build.0 = Debug|Any CPU
		{CD7EFAA1-0F95-4ECC-975F-E0AAEC9F3099}.Release|Any CPU.ActiveCfg = Release|Any CPU
		{CD7EFAA1-0F95-4ECC-975F-E0AAEC9F3099}.Release|Any CPU.Build.0 = Release|Any CPU
		{CD7EFAA1-0F95-4ECC-975F-E0AAEC9F3099}.Release|x64.ActiveCfg = Release|Any CPU
		{CD7EFAA1-0F95-4ECC-975F-E0AAEC9F3099}.Release|x64.Build.0 = Release|Any CPU
		{CD7EFAA1-0F95-4ECC-975F-E0AAEC9F3099}.Release|x86.ActiveCfg = Release|Any CPU
		{CD7EFAA1-0F95-4ECC-975F-E0AAEC9F3099}.Release|x86.Build.0 = Release|Any CPU
		{D3BD77FC-C636-4D20-8E00-EFD0E418D95E}.Debug|Any CPU.ActiveCfg = Debug|Any CPU
		{D3BD77FC-C636-4D20-8E00-EFD0E418D95E}.Debug|Any CPU.Build.0 = Debug|Any CPU
		{D3BD77FC-C636-4D20-8E00-EFD0E418D95E}.Debug|x64.ActiveCfg = Debug|Any CPU
		{D3BD77FC-C636-4D20-8E00-EFD0E418D95E}.Debug|x64.Build.0 = Debug|Any CPU
		{D3BD77FC-C636-4D20-8E00-EFD0E418D95E}.Debug|x86.ActiveCfg = Debug|Any CPU
		{D3BD77FC-C636-4D20-8E00-EFD0E418D95E}.Debug|x86.Build.0 = Debug|Any CPU
		{D3BD77FC-C636-4D20-8E00-EFD0E418D95E}.Release|Any CPU.ActiveCfg = Release|Any CPU
		{D3BD77FC-C636-4D20-8E00-EFD0E418D95E}.Release|Any CPU.Build.0 = Release|Any CPU
		{D3BD77FC-C636-4D20-8E00-EFD0E418D95E}.Release|x64.ActiveCfg = Release|Any CPU
		{D3BD77FC-C636-4D20-8E00-EFD0E418D95E}.Release|x64.Build.0 = Release|Any CPU
		{D3BD77FC-C636-4D20-8E00-EFD0E418D95E}.Release|x86.ActiveCfg = Release|Any CPU
		{D3BD77FC-C636-4D20-8E00-EFD0E418D95E}.Release|x86.Build.0 = Release|Any CPU
		{A1541D93-16B0-4CEC-8585-B49F9CD31ACF}.Debug|Any CPU.ActiveCfg = Debug|Any CPU
		{A1541D93-16B0-4CEC-8585-B49F9CD31ACF}.Debug|Any CPU.Build.0 = Debug|Any CPU
		{A1541D93-16B0-4CEC-8585-B49F9CD31ACF}.Debug|x64.ActiveCfg = Debug|Any CPU
		{A1541D93-16B0-4CEC-8585-B49F9CD31ACF}.Debug|x64.Build.0 = Debug|Any CPU
		{A1541D93-16B0-4CEC-8585-B49F9CD31ACF}.Debug|x86.ActiveCfg = Debug|Any CPU
		{A1541D93-16B0-4CEC-8585-B49F9CD31ACF}.Debug|x86.Build.0 = Debug|Any CPU
		{A1541D93-16B0-4CEC-8585-B49F9CD31ACF}.Release|Any CPU.ActiveCfg = Release|Any CPU
		{A1541D93-16B0-4CEC-8585-B49F9CD31ACF}.Release|Any CPU.Build.0 = Release|Any CPU
		{A1541D93-16B0-4CEC-8585-B49F9CD31ACF}.Release|x64.ActiveCfg = Release|Any CPU
		{A1541D93-16B0-4CEC-8585-B49F9CD31ACF}.Release|x64.Build.0 = Release|Any CPU
		{A1541D93-16B0-4CEC-8585-B49F9CD31ACF}.Release|x86.ActiveCfg = Release|Any CPU
		{A1541D93-16B0-4CEC-8585-B49F9CD31ACF}.Release|x86.Build.0 = Release|Any CPU
		{59F41E47-7D71-447C-A603-894E6E4C4CD1}.Debug|Any CPU.ActiveCfg = Debug|Any CPU
		{59F41E47-7D71-447C-A603-894E6E4C4CD1}.Debug|Any CPU.Build.0 = Debug|Any CPU
		{59F41E47-7D71-447C-A603-894E6E4C4CD1}.Debug|x64.ActiveCfg = Debug|Any CPU
		{59F41E47-7D71-447C-A603-894E6E4C4CD1}.Debug|x64.Build.0 = Debug|Any CPU
		{59F41E47-7D71-447C-A603-894E6E4C4CD1}.Debug|x86.ActiveCfg = Debug|Any CPU
		{59F41E47-7D71-447C-A603-894E6E4C4CD1}.Debug|x86.Build.0 = Debug|Any CPU
		{59F41E47-7D71-447C-A603-894E6E4C4CD1}.Release|Any CPU.ActiveCfg = Release|Any CPU
		{59F41E47-7D71-447C-A603-894E6E4C4CD1}.Release|Any CPU.Build.0 = Release|Any CPU
		{59F41E47-7D71-447C-A603-894E6E4C4CD1}.Release|x64.ActiveCfg = Release|Any CPU
		{59F41E47-7D71-447C-A603-894E6E4C4CD1}.Release|x64.Build.0 = Release|Any CPU
		{59F41E47-7D71-447C-A603-894E6E4C4CD1}.Release|x86.ActiveCfg = Release|Any CPU
		{59F41E47-7D71-447C-A603-894E6E4C4CD1}.Release|x86.Build.0 = Release|Any CPU
		{55F4B24D-1406-41F4-B2A5-2DEF155C1D05}.Debug|Any CPU.ActiveCfg = Debug|Any CPU
		{55F4B24D-1406-41F4-B2A5-2DEF155C1D05}.Debug|Any CPU.Build.0 = Debug|Any CPU
		{55F4B24D-1406-41F4-B2A5-2DEF155C1D05}.Debug|x64.ActiveCfg = Debug|Any CPU
		{55F4B24D-1406-41F4-B2A5-2DEF155C1D05}.Debug|x64.Build.0 = Debug|Any CPU
		{55F4B24D-1406-41F4-B2A5-2DEF155C1D05}.Debug|x86.ActiveCfg = Debug|Any CPU
		{55F4B24D-1406-41F4-B2A5-2DEF155C1D05}.Debug|x86.Build.0 = Debug|Any CPU
		{55F4B24D-1406-41F4-B2A5-2DEF155C1D05}.Release|Any CPU.ActiveCfg = Release|Any CPU
		{55F4B24D-1406-41F4-B2A5-2DEF155C1D05}.Release|Any CPU.Build.0 = Release|Any CPU
		{55F4B24D-1406-41F4-B2A5-2DEF155C1D05}.Release|x64.ActiveCfg = Release|Any CPU
		{55F4B24D-1406-41F4-B2A5-2DEF155C1D05}.Release|x64.Build.0 = Release|Any CPU
		{55F4B24D-1406-41F4-B2A5-2DEF155C1D05}.Release|x86.ActiveCfg = Release|Any CPU
		{55F4B24D-1406-41F4-B2A5-2DEF155C1D05}.Release|x86.Build.0 = Release|Any CPU
		{9AFC6C12-1D2A-4CBB-B83A-64E145A21498}.Debug|Any CPU.ActiveCfg = Debug|Any CPU
		{9AFC6C12-1D2A-4CBB-B83A-64E145A21498}.Debug|Any CPU.Build.0 = Debug|Any CPU
		{9AFC6C12-1D2A-4CBB-B83A-64E145A21498}.Debug|x64.ActiveCfg = Debug|Any CPU
		{9AFC6C12-1D2A-4CBB-B83A-64E145A21498}.Debug|x64.Build.0 = Debug|Any CPU
		{9AFC6C12-1D2A-4CBB-B83A-64E145A21498}.Debug|x86.ActiveCfg = Debug|Any CPU
		{9AFC6C12-1D2A-4CBB-B83A-64E145A21498}.Debug|x86.Build.0 = Debug|Any CPU
		{9AFC6C12-1D2A-4CBB-B83A-64E145A21498}.Release|Any CPU.ActiveCfg = Release|Any CPU
		{9AFC6C12-1D2A-4CBB-B83A-64E145A21498}.Release|Any CPU.Build.0 = Release|Any CPU
		{9AFC6C12-1D2A-4CBB-B83A-64E145A21498}.Release|x64.ActiveCfg = Release|Any CPU
		{9AFC6C12-1D2A-4CBB-B83A-64E145A21498}.Release|x64.Build.0 = Release|Any CPU
		{9AFC6C12-1D2A-4CBB-B83A-64E145A21498}.Release|x86.ActiveCfg = Release|Any CPU
		{9AFC6C12-1D2A-4CBB-B83A-64E145A21498}.Release|x86.Build.0 = Release|Any CPU
		{F126450A-8230-40E9-80D0-5102D592D4FB}.Debug|Any CPU.ActiveCfg = Debug|Any CPU
		{F126450A-8230-40E9-80D0-5102D592D4FB}.Debug|Any CPU.Build.0 = Debug|Any CPU
		{F126450A-8230-40E9-80D0-5102D592D4FB}.Debug|x64.ActiveCfg = Debug|Any CPU
		{F126450A-8230-40E9-80D0-5102D592D4FB}.Debug|x64.Build.0 = Debug|Any CPU
		{F126450A-8230-40E9-80D0-5102D592D4FB}.Debug|x86.ActiveCfg = Debug|Any CPU
		{F126450A-8230-40E9-80D0-5102D592D4FB}.Debug|x86.Build.0 = Debug|Any CPU
		{F126450A-8230-40E9-80D0-5102D592D4FB}.Release|Any CPU.ActiveCfg = Release|Any CPU
		{F126450A-8230-40E9-80D0-5102D592D4FB}.Release|Any CPU.Build.0 = Release|Any CPU
		{F126450A-8230-40E9-80D0-5102D592D4FB}.Release|x64.ActiveCfg = Release|Any CPU
		{F126450A-8230-40E9-80D0-5102D592D4FB}.Release|x64.Build.0 = Release|Any CPU
		{F126450A-8230-40E9-80D0-5102D592D4FB}.Release|x86.ActiveCfg = Release|Any CPU
		{F126450A-8230-40E9-80D0-5102D592D4FB}.Release|x86.Build.0 = Release|Any CPU
		{A6153010-3622-46C3-9C20-1149F3620BF7}.Debug|Any CPU.ActiveCfg = Debug|Any CPU
		{A6153010-3622-46C3-9C20-1149F3620BF7}.Debug|Any CPU.Build.0 = Debug|Any CPU
		{A6153010-3622-46C3-9C20-1149F3620BF7}.Debug|x64.ActiveCfg = Debug|Any CPU
		{A6153010-3622-46C3-9C20-1149F3620BF7}.Debug|x64.Build.0 = Debug|Any CPU
		{A6153010-3622-46C3-9C20-1149F3620BF7}.Debug|x86.ActiveCfg = Debug|Any CPU
		{A6153010-3622-46C3-9C20-1149F3620BF7}.Debug|x86.Build.0 = Debug|Any CPU
		{A6153010-3622-46C3-9C20-1149F3620BF7}.Release|Any CPU.ActiveCfg = Release|Any CPU
		{A6153010-3622-46C3-9C20-1149F3620BF7}.Release|Any CPU.Build.0 = Release|Any CPU
		{A6153010-3622-46C3-9C20-1149F3620BF7}.Release|x64.ActiveCfg = Release|Any CPU
		{A6153010-3622-46C3-9C20-1149F3620BF7}.Release|x64.Build.0 = Release|Any CPU
		{A6153010-3622-46C3-9C20-1149F3620BF7}.Release|x86.ActiveCfg = Release|Any CPU
		{A6153010-3622-46C3-9C20-1149F3620BF7}.Release|x86.Build.0 = Release|Any CPU
		{1A6BDD6F-B306-4AFD-BCAA-14708BE36A7B}.Debug|Any CPU.ActiveCfg = Debug|Any CPU
		{1A6BDD6F-B306-4AFD-BCAA-14708BE36A7B}.Debug|Any CPU.Build.0 = Debug|Any CPU
		{1A6BDD6F-B306-4AFD-BCAA-14708BE36A7B}.Debug|x64.ActiveCfg = Debug|Any CPU
		{1A6BDD6F-B306-4AFD-BCAA-14708BE36A7B}.Debug|x64.Build.0 = Debug|Any CPU
		{1A6BDD6F-B306-4AFD-BCAA-14708BE36A7B}.Debug|x86.ActiveCfg = Debug|Any CPU
		{1A6BDD6F-B306-4AFD-BCAA-14708BE36A7B}.Debug|x86.Build.0 = Debug|Any CPU
		{1A6BDD6F-B306-4AFD-BCAA-14708BE36A7B}.Release|Any CPU.ActiveCfg = Release|Any CPU
		{1A6BDD6F-B306-4AFD-BCAA-14708BE36A7B}.Release|Any CPU.Build.0 = Release|Any CPU
		{1A6BDD6F-B306-4AFD-BCAA-14708BE36A7B}.Release|x64.ActiveCfg = Release|Any CPU
		{1A6BDD6F-B306-4AFD-BCAA-14708BE36A7B}.Release|x64.Build.0 = Release|Any CPU
		{1A6BDD6F-B306-4AFD-BCAA-14708BE36A7B}.Release|x86.ActiveCfg = Release|Any CPU
		{1A6BDD6F-B306-4AFD-BCAA-14708BE36A7B}.Release|x86.Build.0 = Release|Any CPU
		{142986D3-AB94-49BD-AF10-F64E736BEF1C}.Debug|Any CPU.ActiveCfg = Debug|Any CPU
		{142986D3-AB94-49BD-AF10-F64E736BEF1C}.Debug|Any CPU.Build.0 = Debug|Any CPU
		{142986D3-AB94-49BD-AF10-F64E736BEF1C}.Debug|x64.ActiveCfg = Debug|Any CPU
		{142986D3-AB94-49BD-AF10-F64E736BEF1C}.Debug|x64.Build.0 = Debug|Any CPU
		{142986D3-AB94-49BD-AF10-F64E736BEF1C}.Debug|x86.ActiveCfg = Debug|Any CPU
		{142986D3-AB94-49BD-AF10-F64E736BEF1C}.Debug|x86.Build.0 = Debug|Any CPU
		{142986D3-AB94-49BD-AF10-F64E736BEF1C}.Release|Any CPU.ActiveCfg = Release|Any CPU
		{142986D3-AB94-49BD-AF10-F64E736BEF1C}.Release|Any CPU.Build.0 = Release|Any CPU
		{142986D3-AB94-49BD-AF10-F64E736BEF1C}.Release|x64.ActiveCfg = Release|Any CPU
		{142986D3-AB94-49BD-AF10-F64E736BEF1C}.Release|x64.Build.0 = Release|Any CPU
		{142986D3-AB94-49BD-AF10-F64E736BEF1C}.Release|x86.ActiveCfg = Release|Any CPU
		{142986D3-AB94-49BD-AF10-F64E736BEF1C}.Release|x86.Build.0 = Release|Any CPU
		{43964925-8E7F-4A36-AF54-9B0EADCD0BE1}.Debug|Any CPU.ActiveCfg = Debug|Any CPU
		{43964925-8E7F-4A36-AF54-9B0EADCD0BE1}.Debug|Any CPU.Build.0 = Debug|Any CPU
		{43964925-8E7F-4A36-AF54-9B0EADCD0BE1}.Debug|x64.ActiveCfg = Debug|Any CPU
		{43964925-8E7F-4A36-AF54-9B0EADCD0BE1}.Debug|x64.Build.0 = Debug|Any CPU
		{43964925-8E7F-4A36-AF54-9B0EADCD0BE1}.Debug|x86.ActiveCfg = Debug|Any CPU
		{43964925-8E7F-4A36-AF54-9B0EADCD0BE1}.Debug|x86.Build.0 = Debug|Any CPU
		{43964925-8E7F-4A36-AF54-9B0EADCD0BE1}.Release|Any CPU.ActiveCfg = Release|Any CPU
		{43964925-8E7F-4A36-AF54-9B0EADCD0BE1}.Release|Any CPU.Build.0 = Release|Any CPU
		{43964925-8E7F-4A36-AF54-9B0EADCD0BE1}.Release|x64.ActiveCfg = Release|Any CPU
		{43964925-8E7F-4A36-AF54-9B0EADCD0BE1}.Release|x64.Build.0 = Release|Any CPU
		{43964925-8E7F-4A36-AF54-9B0EADCD0BE1}.Release|x86.ActiveCfg = Release|Any CPU
		{43964925-8E7F-4A36-AF54-9B0EADCD0BE1}.Release|x86.Build.0 = Release|Any CPU
		{FE050CF2-39CE-4F05-AFDE-84ABD5C04190}.Debug|Any CPU.ActiveCfg = Debug|Any CPU
		{FE050CF2-39CE-4F05-AFDE-84ABD5C04190}.Debug|Any CPU.Build.0 = Debug|Any CPU
		{FE050CF2-39CE-4F05-AFDE-84ABD5C04190}.Debug|x64.ActiveCfg = Debug|Any CPU
		{FE050CF2-39CE-4F05-AFDE-84ABD5C04190}.Debug|x64.Build.0 = Debug|Any CPU
		{FE050CF2-39CE-4F05-AFDE-84ABD5C04190}.Debug|x86.ActiveCfg = Debug|Any CPU
		{FE050CF2-39CE-4F05-AFDE-84ABD5C04190}.Debug|x86.Build.0 = Debug|Any CPU
		{FE050CF2-39CE-4F05-AFDE-84ABD5C04190}.Release|Any CPU.ActiveCfg = Release|Any CPU
		{FE050CF2-39CE-4F05-AFDE-84ABD5C04190}.Release|Any CPU.Build.0 = Release|Any CPU
		{FE050CF2-39CE-4F05-AFDE-84ABD5C04190}.Release|x64.ActiveCfg = Release|Any CPU
		{FE050CF2-39CE-4F05-AFDE-84ABD5C04190}.Release|x64.Build.0 = Release|Any CPU
		{FE050CF2-39CE-4F05-AFDE-84ABD5C04190}.Release|x86.ActiveCfg = Release|Any CPU
		{FE050CF2-39CE-4F05-AFDE-84ABD5C04190}.Release|x86.Build.0 = Release|Any CPU
		{6D9E97D9-2EA3-4203-BF84-E190038FC546}.Debug|Any CPU.ActiveCfg = Debug|Any CPU
		{6D9E97D9-2EA3-4203-BF84-E190038FC546}.Debug|Any CPU.Build.0 = Debug|Any CPU
		{6D9E97D9-2EA3-4203-BF84-E190038FC546}.Debug|x64.ActiveCfg = Debug|Any CPU
		{6D9E97D9-2EA3-4203-BF84-E190038FC546}.Debug|x64.Build.0 = Debug|Any CPU
		{6D9E97D9-2EA3-4203-BF84-E190038FC546}.Debug|x86.ActiveCfg = Debug|Any CPU
		{6D9E97D9-2EA3-4203-BF84-E190038FC546}.Debug|x86.Build.0 = Debug|Any CPU
		{6D9E97D9-2EA3-4203-BF84-E190038FC546}.Release|Any CPU.ActiveCfg = Release|Any CPU
		{6D9E97D9-2EA3-4203-BF84-E190038FC546}.Release|Any CPU.Build.0 = Release|Any CPU
		{6D9E97D9-2EA3-4203-BF84-E190038FC546}.Release|x64.ActiveCfg = Release|Any CPU
		{6D9E97D9-2EA3-4203-BF84-E190038FC546}.Release|x64.Build.0 = Release|Any CPU
		{6D9E97D9-2EA3-4203-BF84-E190038FC546}.Release|x86.ActiveCfg = Release|Any CPU
		{6D9E97D9-2EA3-4203-BF84-E190038FC546}.Release|x86.Build.0 = Release|Any CPU
		{367D2423-DE26-43E9-8B42-9CA7655D2E43}.Debug|Any CPU.ActiveCfg = Debug|Any CPU
		{367D2423-DE26-43E9-8B42-9CA7655D2E43}.Debug|Any CPU.Build.0 = Debug|Any CPU
		{367D2423-DE26-43E9-8B42-9CA7655D2E43}.Debug|x64.ActiveCfg = Debug|Any CPU
		{367D2423-DE26-43E9-8B42-9CA7655D2E43}.Debug|x64.Build.0 = Debug|Any CPU
		{367D2423-DE26-43E9-8B42-9CA7655D2E43}.Debug|x86.ActiveCfg = Debug|Any CPU
		{367D2423-DE26-43E9-8B42-9CA7655D2E43}.Debug|x86.Build.0 = Debug|Any CPU
		{367D2423-DE26-43E9-8B42-9CA7655D2E43}.Release|Any CPU.ActiveCfg = Release|Any CPU
		{367D2423-DE26-43E9-8B42-9CA7655D2E43}.Release|Any CPU.Build.0 = Release|Any CPU
		{367D2423-DE26-43E9-8B42-9CA7655D2E43}.Release|x64.ActiveCfg = Release|Any CPU
		{367D2423-DE26-43E9-8B42-9CA7655D2E43}.Release|x64.Build.0 = Release|Any CPU
		{367D2423-DE26-43E9-8B42-9CA7655D2E43}.Release|x86.ActiveCfg = Release|Any CPU
		{367D2423-DE26-43E9-8B42-9CA7655D2E43}.Release|x86.Build.0 = Release|Any CPU
		{10225B1F-C0A7-4135-A770-8F420B40FA3C}.Debug|Any CPU.ActiveCfg = Debug|Any CPU
		{10225B1F-C0A7-4135-A770-8F420B40FA3C}.Debug|Any CPU.Build.0 = Debug|Any CPU
		{10225B1F-C0A7-4135-A770-8F420B40FA3C}.Debug|x64.ActiveCfg = Debug|Any CPU
		{10225B1F-C0A7-4135-A770-8F420B40FA3C}.Debug|x64.Build.0 = Debug|Any CPU
		{10225B1F-C0A7-4135-A770-8F420B40FA3C}.Debug|x86.ActiveCfg = Debug|Any CPU
		{10225B1F-C0A7-4135-A770-8F420B40FA3C}.Debug|x86.Build.0 = Debug|Any CPU
		{10225B1F-C0A7-4135-A770-8F420B40FA3C}.Release|Any CPU.ActiveCfg = Release|Any CPU
		{10225B1F-C0A7-4135-A770-8F420B40FA3C}.Release|Any CPU.Build.0 = Release|Any CPU
		{10225B1F-C0A7-4135-A770-8F420B40FA3C}.Release|x64.ActiveCfg = Release|Any CPU
		{10225B1F-C0A7-4135-A770-8F420B40FA3C}.Release|x64.Build.0 = Release|Any CPU
		{10225B1F-C0A7-4135-A770-8F420B40FA3C}.Release|x86.ActiveCfg = Release|Any CPU
		{10225B1F-C0A7-4135-A770-8F420B40FA3C}.Release|x86.Build.0 = Release|Any CPU
		{B95A865F-515B-4C01-A794-D8596E3D57EA}.Debug|Any CPU.ActiveCfg = Debug|Any CPU
		{B95A865F-515B-4C01-A794-D8596E3D57EA}.Debug|Any CPU.Build.0 = Debug|Any CPU
		{B95A865F-515B-4C01-A794-D8596E3D57EA}.Debug|x64.ActiveCfg = Debug|Any CPU
		{B95A865F-515B-4C01-A794-D8596E3D57EA}.Debug|x64.Build.0 = Debug|Any CPU
		{B95A865F-515B-4C01-A794-D8596E3D57EA}.Debug|x86.ActiveCfg = Debug|Any CPU
		{B95A865F-515B-4C01-A794-D8596E3D57EA}.Debug|x86.Build.0 = Debug|Any CPU
		{B95A865F-515B-4C01-A794-D8596E3D57EA}.Release|Any CPU.ActiveCfg = Release|Any CPU
		{B95A865F-515B-4C01-A794-D8596E3D57EA}.Release|Any CPU.Build.0 = Release|Any CPU
		{B95A865F-515B-4C01-A794-D8596E3D57EA}.Release|x64.ActiveCfg = Release|Any CPU
		{B95A865F-515B-4C01-A794-D8596E3D57EA}.Release|x64.Build.0 = Release|Any CPU
		{B95A865F-515B-4C01-A794-D8596E3D57EA}.Release|x86.ActiveCfg = Release|Any CPU
		{B95A865F-515B-4C01-A794-D8596E3D57EA}.Release|x86.Build.0 = Release|Any CPU
		{335B4F1E-DE43-48B2-AF50-0B54F484A1DE}.Debug|Any CPU.ActiveCfg = Debug|Any CPU
		{335B4F1E-DE43-48B2-AF50-0B54F484A1DE}.Debug|Any CPU.Build.0 = Debug|Any CPU
		{335B4F1E-DE43-48B2-AF50-0B54F484A1DE}.Debug|x64.ActiveCfg = Debug|Any CPU
		{335B4F1E-DE43-48B2-AF50-0B54F484A1DE}.Debug|x64.Build.0 = Debug|Any CPU
		{335B4F1E-DE43-48B2-AF50-0B54F484A1DE}.Debug|x86.ActiveCfg = Debug|Any CPU
		{335B4F1E-DE43-48B2-AF50-0B54F484A1DE}.Debug|x86.Build.0 = Debug|Any CPU
		{335B4F1E-DE43-48B2-AF50-0B54F484A1DE}.Release|Any CPU.ActiveCfg = Release|Any CPU
		{335B4F1E-DE43-48B2-AF50-0B54F484A1DE}.Release|Any CPU.Build.0 = Release|Any CPU
		{335B4F1E-DE43-48B2-AF50-0B54F484A1DE}.Release|x64.ActiveCfg = Release|Any CPU
		{335B4F1E-DE43-48B2-AF50-0B54F484A1DE}.Release|x64.Build.0 = Release|Any CPU
		{335B4F1E-DE43-48B2-AF50-0B54F484A1DE}.Release|x86.ActiveCfg = Release|Any CPU
		{335B4F1E-DE43-48B2-AF50-0B54F484A1DE}.Release|x86.Build.0 = Release|Any CPU
		{4B77B8E9-E2B5-4492-8F3C-AC75DB832224}.Debug|Any CPU.ActiveCfg = Debug|Any CPU
		{4B77B8E9-E2B5-4492-8F3C-AC75DB832224}.Debug|Any CPU.Build.0 = Debug|Any CPU
		{4B77B8E9-E2B5-4492-8F3C-AC75DB832224}.Debug|x64.ActiveCfg = Debug|Any CPU
		{4B77B8E9-E2B5-4492-8F3C-AC75DB832224}.Debug|x64.Build.0 = Debug|Any CPU
		{4B77B8E9-E2B5-4492-8F3C-AC75DB832224}.Debug|x86.ActiveCfg = Debug|Any CPU
		{4B77B8E9-E2B5-4492-8F3C-AC75DB832224}.Debug|x86.Build.0 = Debug|Any CPU
		{4B77B8E9-E2B5-4492-8F3C-AC75DB832224}.Release|Any CPU.ActiveCfg = Release|Any CPU
		{4B77B8E9-E2B5-4492-8F3C-AC75DB832224}.Release|Any CPU.Build.0 = Release|Any CPU
		{4B77B8E9-E2B5-4492-8F3C-AC75DB832224}.Release|x64.ActiveCfg = Release|Any CPU
		{4B77B8E9-E2B5-4492-8F3C-AC75DB832224}.Release|x64.Build.0 = Release|Any CPU
		{4B77B8E9-E2B5-4492-8F3C-AC75DB832224}.Release|x86.ActiveCfg = Release|Any CPU
		{4B77B8E9-E2B5-4492-8F3C-AC75DB832224}.Release|x86.Build.0 = Release|Any CPU
		{4D35190C-7D11-4379-A9E2-132F5B69614F}.Debug|Any CPU.ActiveCfg = Debug|Any CPU
		{4D35190C-7D11-4379-A9E2-132F5B69614F}.Debug|Any CPU.Build.0 = Debug|Any CPU
		{4D35190C-7D11-4379-A9E2-132F5B69614F}.Debug|x64.ActiveCfg = Debug|Any CPU
		{4D35190C-7D11-4379-A9E2-132F5B69614F}.Debug|x64.Build.0 = Debug|Any CPU
		{4D35190C-7D11-4379-A9E2-132F5B69614F}.Debug|x86.ActiveCfg = Debug|Any CPU
		{4D35190C-7D11-4379-A9E2-132F5B69614F}.Debug|x86.Build.0 = Debug|Any CPU
		{4D35190C-7D11-4379-A9E2-132F5B69614F}.Release|Any CPU.ActiveCfg = Release|Any CPU
		{4D35190C-7D11-4379-A9E2-132F5B69614F}.Release|Any CPU.Build.0 = Release|Any CPU
		{4D35190C-7D11-4379-A9E2-132F5B69614F}.Release|x64.ActiveCfg = Release|Any CPU
		{4D35190C-7D11-4379-A9E2-132F5B69614F}.Release|x64.Build.0 = Release|Any CPU
		{4D35190C-7D11-4379-A9E2-132F5B69614F}.Release|x86.ActiveCfg = Release|Any CPU
		{4D35190C-7D11-4379-A9E2-132F5B69614F}.Release|x86.Build.0 = Release|Any CPU
		{A57D4417-CF04-4836-9928-967BFF9EC6E8}.Debug|Any CPU.ActiveCfg = Debug|Any CPU
		{A57D4417-CF04-4836-9928-967BFF9EC6E8}.Debug|Any CPU.Build.0 = Debug|Any CPU
		{A57D4417-CF04-4836-9928-967BFF9EC6E8}.Debug|x64.ActiveCfg = Debug|Any CPU
		{A57D4417-CF04-4836-9928-967BFF9EC6E8}.Debug|x64.Build.0 = Debug|Any CPU
		{A57D4417-CF04-4836-9928-967BFF9EC6E8}.Debug|x86.ActiveCfg = Debug|Any CPU
		{A57D4417-CF04-4836-9928-967BFF9EC6E8}.Debug|x86.Build.0 = Debug|Any CPU
		{A57D4417-CF04-4836-9928-967BFF9EC6E8}.Release|Any CPU.ActiveCfg = Release|Any CPU
		{A57D4417-CF04-4836-9928-967BFF9EC6E8}.Release|Any CPU.Build.0 = Release|Any CPU
		{A57D4417-CF04-4836-9928-967BFF9EC6E8}.Release|x64.ActiveCfg = Release|Any CPU
		{A57D4417-CF04-4836-9928-967BFF9EC6E8}.Release|x64.Build.0 = Release|Any CPU
		{A57D4417-CF04-4836-9928-967BFF9EC6E8}.Release|x86.ActiveCfg = Release|Any CPU
		{A57D4417-CF04-4836-9928-967BFF9EC6E8}.Release|x86.Build.0 = Release|Any CPU
		{409647CF-2D7C-4DAB-A768-3757243C6BF0}.Debug|Any CPU.ActiveCfg = Debug|Any CPU
		{409647CF-2D7C-4DAB-A768-3757243C6BF0}.Debug|Any CPU.Build.0 = Debug|Any CPU
		{409647CF-2D7C-4DAB-A768-3757243C6BF0}.Debug|x64.ActiveCfg = Debug|Any CPU
		{409647CF-2D7C-4DAB-A768-3757243C6BF0}.Debug|x64.Build.0 = Debug|Any CPU
		{409647CF-2D7C-4DAB-A768-3757243C6BF0}.Debug|x86.ActiveCfg = Debug|Any CPU
		{409647CF-2D7C-4DAB-A768-3757243C6BF0}.Debug|x86.Build.0 = Debug|Any CPU
		{409647CF-2D7C-4DAB-A768-3757243C6BF0}.Release|Any CPU.ActiveCfg = Release|Any CPU
		{409647CF-2D7C-4DAB-A768-3757243C6BF0}.Release|Any CPU.Build.0 = Release|Any CPU
		{409647CF-2D7C-4DAB-A768-3757243C6BF0}.Release|x64.ActiveCfg = Release|Any CPU
		{409647CF-2D7C-4DAB-A768-3757243C6BF0}.Release|x64.Build.0 = Release|Any CPU
		{409647CF-2D7C-4DAB-A768-3757243C6BF0}.Release|x86.ActiveCfg = Release|Any CPU
		{409647CF-2D7C-4DAB-A768-3757243C6BF0}.Release|x86.Build.0 = Release|Any CPU
		{29AEE8E2-0E62-41A5-AE3E-BA3BACBE1411}.Debug|Any CPU.ActiveCfg = Debug|Any CPU
		{29AEE8E2-0E62-41A5-AE3E-BA3BACBE1411}.Debug|Any CPU.Build.0 = Debug|Any CPU
		{29AEE8E2-0E62-41A5-AE3E-BA3BACBE1411}.Debug|x64.ActiveCfg = Debug|Any CPU
		{29AEE8E2-0E62-41A5-AE3E-BA3BACBE1411}.Debug|x64.Build.0 = Debug|Any CPU
		{29AEE8E2-0E62-41A5-AE3E-BA3BACBE1411}.Debug|x86.ActiveCfg = Debug|Any CPU
		{29AEE8E2-0E62-41A5-AE3E-BA3BACBE1411}.Debug|x86.Build.0 = Debug|Any CPU
		{29AEE8E2-0E62-41A5-AE3E-BA3BACBE1411}.Release|Any CPU.ActiveCfg = Release|Any CPU
		{29AEE8E2-0E62-41A5-AE3E-BA3BACBE1411}.Release|Any CPU.Build.0 = Release|Any CPU
		{29AEE8E2-0E62-41A5-AE3E-BA3BACBE1411}.Release|x64.ActiveCfg = Release|Any CPU
		{29AEE8E2-0E62-41A5-AE3E-BA3BACBE1411}.Release|x64.Build.0 = Release|Any CPU
		{29AEE8E2-0E62-41A5-AE3E-BA3BACBE1411}.Release|x86.ActiveCfg = Release|Any CPU
		{29AEE8E2-0E62-41A5-AE3E-BA3BACBE1411}.Release|x86.Build.0 = Release|Any CPU
		{231B4747-9A64-4404-AFFC-5518B1308151}.Debug|Any CPU.ActiveCfg = Debug|Any CPU
		{231B4747-9A64-4404-AFFC-5518B1308151}.Debug|Any CPU.Build.0 = Debug|Any CPU
		{231B4747-9A64-4404-AFFC-5518B1308151}.Debug|x64.ActiveCfg = Debug|Any CPU
		{231B4747-9A64-4404-AFFC-5518B1308151}.Debug|x64.Build.0 = Debug|Any CPU
		{231B4747-9A64-4404-AFFC-5518B1308151}.Debug|x86.ActiveCfg = Debug|Any CPU
		{231B4747-9A64-4404-AFFC-5518B1308151}.Debug|x86.Build.0 = Debug|Any CPU
		{231B4747-9A64-4404-AFFC-5518B1308151}.Release|Any CPU.ActiveCfg = Release|Any CPU
		{231B4747-9A64-4404-AFFC-5518B1308151}.Release|Any CPU.Build.0 = Release|Any CPU
		{231B4747-9A64-4404-AFFC-5518B1308151}.Release|x64.ActiveCfg = Release|Any CPU
		{231B4747-9A64-4404-AFFC-5518B1308151}.Release|x64.Build.0 = Release|Any CPU
		{231B4747-9A64-4404-AFFC-5518B1308151}.Release|x86.ActiveCfg = Release|Any CPU
		{231B4747-9A64-4404-AFFC-5518B1308151}.Release|x86.Build.0 = Release|Any CPU
		{B438791B-0B6C-4FB0-A2C3-0BDD92282DAA}.Debug|Any CPU.ActiveCfg = Debug|Any CPU
		{B438791B-0B6C-4FB0-A2C3-0BDD92282DAA}.Debug|Any CPU.Build.0 = Debug|Any CPU
		{B438791B-0B6C-4FB0-A2C3-0BDD92282DAA}.Debug|x64.ActiveCfg = Debug|Any CPU
		{B438791B-0B6C-4FB0-A2C3-0BDD92282DAA}.Debug|x64.Build.0 = Debug|Any CPU
		{B438791B-0B6C-4FB0-A2C3-0BDD92282DAA}.Debug|x86.ActiveCfg = Debug|Any CPU
		{B438791B-0B6C-4FB0-A2C3-0BDD92282DAA}.Debug|x86.Build.0 = Debug|Any CPU
		{B438791B-0B6C-4FB0-A2C3-0BDD92282DAA}.Release|Any CPU.ActiveCfg = Release|Any CPU
		{B438791B-0B6C-4FB0-A2C3-0BDD92282DAA}.Release|Any CPU.Build.0 = Release|Any CPU
		{B438791B-0B6C-4FB0-A2C3-0BDD92282DAA}.Release|x64.ActiveCfg = Release|Any CPU
		{B438791B-0B6C-4FB0-A2C3-0BDD92282DAA}.Release|x64.Build.0 = Release|Any CPU
		{B438791B-0B6C-4FB0-A2C3-0BDD92282DAA}.Release|x86.ActiveCfg = Release|Any CPU
		{B438791B-0B6C-4FB0-A2C3-0BDD92282DAA}.Release|x86.Build.0 = Release|Any CPU
		{6C588348-CF71-4E6A-84AA-23EF6DD2BCA0}.Debug|Any CPU.ActiveCfg = Debug|Any CPU
		{6C588348-CF71-4E6A-84AA-23EF6DD2BCA0}.Debug|Any CPU.Build.0 = Debug|Any CPU
		{6C588348-CF71-4E6A-84AA-23EF6DD2BCA0}.Debug|x64.ActiveCfg = Debug|Any CPU
		{6C588348-CF71-4E6A-84AA-23EF6DD2BCA0}.Debug|x64.Build.0 = Debug|Any CPU
		{6C588348-CF71-4E6A-84AA-23EF6DD2BCA0}.Debug|x86.ActiveCfg = Debug|Any CPU
		{6C588348-CF71-4E6A-84AA-23EF6DD2BCA0}.Debug|x86.Build.0 = Debug|Any CPU
		{6C588348-CF71-4E6A-84AA-23EF6DD2BCA0}.Release|Any CPU.ActiveCfg = Release|Any CPU
		{6C588348-CF71-4E6A-84AA-23EF6DD2BCA0}.Release|Any CPU.Build.0 = Release|Any CPU
		{6C588348-CF71-4E6A-84AA-23EF6DD2BCA0}.Release|x64.ActiveCfg = Release|Any CPU
		{6C588348-CF71-4E6A-84AA-23EF6DD2BCA0}.Release|x64.Build.0 = Release|Any CPU
		{6C588348-CF71-4E6A-84AA-23EF6DD2BCA0}.Release|x86.ActiveCfg = Release|Any CPU
		{6C588348-CF71-4E6A-84AA-23EF6DD2BCA0}.Release|x86.Build.0 = Release|Any CPU
		{EAFB7A19-7140-4EFC-BC65-6FACA254D3BE}.Debug|Any CPU.ActiveCfg = Debug|Any CPU
		{EAFB7A19-7140-4EFC-BC65-6FACA254D3BE}.Debug|Any CPU.Build.0 = Debug|Any CPU
		{EAFB7A19-7140-4EFC-BC65-6FACA254D3BE}.Debug|x64.ActiveCfg = Debug|Any CPU
		{EAFB7A19-7140-4EFC-BC65-6FACA254D3BE}.Debug|x64.Build.0 = Debug|Any CPU
		{EAFB7A19-7140-4EFC-BC65-6FACA254D3BE}.Debug|x86.ActiveCfg = Debug|Any CPU
		{EAFB7A19-7140-4EFC-BC65-6FACA254D3BE}.Debug|x86.Build.0 = Debug|Any CPU
		{EAFB7A19-7140-4EFC-BC65-6FACA254D3BE}.Release|Any CPU.ActiveCfg = Release|Any CPU
		{EAFB7A19-7140-4EFC-BC65-6FACA254D3BE}.Release|Any CPU.Build.0 = Release|Any CPU
		{EAFB7A19-7140-4EFC-BC65-6FACA254D3BE}.Release|x64.ActiveCfg = Release|Any CPU
		{EAFB7A19-7140-4EFC-BC65-6FACA254D3BE}.Release|x64.Build.0 = Release|Any CPU
		{EAFB7A19-7140-4EFC-BC65-6FACA254D3BE}.Release|x86.ActiveCfg = Release|Any CPU
		{EAFB7A19-7140-4EFC-BC65-6FACA254D3BE}.Release|x86.Build.0 = Release|Any CPU
		{2D2001D9-950E-4401-8713-516191B3A4E3}.Debug|Any CPU.ActiveCfg = Debug|Any CPU
		{2D2001D9-950E-4401-8713-516191B3A4E3}.Debug|Any CPU.Build.0 = Debug|Any CPU
		{2D2001D9-950E-4401-8713-516191B3A4E3}.Debug|x64.ActiveCfg = Debug|Any CPU
		{2D2001D9-950E-4401-8713-516191B3A4E3}.Debug|x64.Build.0 = Debug|Any CPU
		{2D2001D9-950E-4401-8713-516191B3A4E3}.Debug|x86.ActiveCfg = Debug|Any CPU
		{2D2001D9-950E-4401-8713-516191B3A4E3}.Debug|x86.Build.0 = Debug|Any CPU
		{2D2001D9-950E-4401-8713-516191B3A4E3}.Release|Any CPU.ActiveCfg = Release|Any CPU
		{2D2001D9-950E-4401-8713-516191B3A4E3}.Release|Any CPU.Build.0 = Release|Any CPU
		{2D2001D9-950E-4401-8713-516191B3A4E3}.Release|x64.ActiveCfg = Release|Any CPU
		{2D2001D9-950E-4401-8713-516191B3A4E3}.Release|x64.Build.0 = Release|Any CPU
		{2D2001D9-950E-4401-8713-516191B3A4E3}.Release|x86.ActiveCfg = Release|Any CPU
		{2D2001D9-950E-4401-8713-516191B3A4E3}.Release|x86.Build.0 = Release|Any CPU
		{47CA8292-A2B0-4CBE-9609-1F02B68F3E8E}.Debug|Any CPU.ActiveCfg = Debug|Any CPU
		{47CA8292-A2B0-4CBE-9609-1F02B68F3E8E}.Debug|Any CPU.Build.0 = Debug|Any CPU
		{47CA8292-A2B0-4CBE-9609-1F02B68F3E8E}.Debug|x64.ActiveCfg = Debug|Any CPU
		{47CA8292-A2B0-4CBE-9609-1F02B68F3E8E}.Debug|x64.Build.0 = Debug|Any CPU
		{47CA8292-A2B0-4CBE-9609-1F02B68F3E8E}.Debug|x86.ActiveCfg = Debug|Any CPU
		{47CA8292-A2B0-4CBE-9609-1F02B68F3E8E}.Debug|x86.Build.0 = Debug|Any CPU
		{47CA8292-A2B0-4CBE-9609-1F02B68F3E8E}.Release|Any CPU.ActiveCfg = Release|Any CPU
		{47CA8292-A2B0-4CBE-9609-1F02B68F3E8E}.Release|Any CPU.Build.0 = Release|Any CPU
		{47CA8292-A2B0-4CBE-9609-1F02B68F3E8E}.Release|x64.ActiveCfg = Release|Any CPU
		{47CA8292-A2B0-4CBE-9609-1F02B68F3E8E}.Release|x64.Build.0 = Release|Any CPU
		{47CA8292-A2B0-4CBE-9609-1F02B68F3E8E}.Release|x86.ActiveCfg = Release|Any CPU
		{47CA8292-A2B0-4CBE-9609-1F02B68F3E8E}.Release|x86.Build.0 = Release|Any CPU
		{7223E3C1-FF26-4542-9284-36EA14153974}.Debug|Any CPU.ActiveCfg = Debug|Any CPU
		{7223E3C1-FF26-4542-9284-36EA14153974}.Debug|Any CPU.Build.0 = Debug|Any CPU
		{7223E3C1-FF26-4542-9284-36EA14153974}.Debug|x64.ActiveCfg = Debug|Any CPU
		{7223E3C1-FF26-4542-9284-36EA14153974}.Debug|x64.Build.0 = Debug|Any CPU
		{7223E3C1-FF26-4542-9284-36EA14153974}.Debug|x86.ActiveCfg = Debug|Any CPU
		{7223E3C1-FF26-4542-9284-36EA14153974}.Debug|x86.Build.0 = Debug|Any CPU
		{7223E3C1-FF26-4542-9284-36EA14153974}.Release|Any CPU.ActiveCfg = Release|Any CPU
		{7223E3C1-FF26-4542-9284-36EA14153974}.Release|Any CPU.Build.0 = Release|Any CPU
		{7223E3C1-FF26-4542-9284-36EA14153974}.Release|x64.ActiveCfg = Release|Any CPU
		{7223E3C1-FF26-4542-9284-36EA14153974}.Release|x64.Build.0 = Release|Any CPU
		{7223E3C1-FF26-4542-9284-36EA14153974}.Release|x86.ActiveCfg = Release|Any CPU
		{7223E3C1-FF26-4542-9284-36EA14153974}.Release|x86.Build.0 = Release|Any CPU
		{B451A10D-E1C0-4E50-938F-372375300892}.Debug|Any CPU.ActiveCfg = Debug|Any CPU
		{B451A10D-E1C0-4E50-938F-372375300892}.Debug|Any CPU.Build.0 = Debug|Any CPU
		{B451A10D-E1C0-4E50-938F-372375300892}.Debug|x64.ActiveCfg = Debug|Any CPU
		{B451A10D-E1C0-4E50-938F-372375300892}.Debug|x64.Build.0 = Debug|Any CPU
		{B451A10D-E1C0-4E50-938F-372375300892}.Debug|x86.ActiveCfg = Debug|Any CPU
		{B451A10D-E1C0-4E50-938F-372375300892}.Debug|x86.Build.0 = Debug|Any CPU
		{B451A10D-E1C0-4E50-938F-372375300892}.Release|Any CPU.ActiveCfg = Release|Any CPU
		{B451A10D-E1C0-4E50-938F-372375300892}.Release|Any CPU.Build.0 = Release|Any CPU
		{B451A10D-E1C0-4E50-938F-372375300892}.Release|x64.ActiveCfg = Release|Any CPU
		{B451A10D-E1C0-4E50-938F-372375300892}.Release|x64.Build.0 = Release|Any CPU
		{B451A10D-E1C0-4E50-938F-372375300892}.Release|x86.ActiveCfg = Release|Any CPU
		{B451A10D-E1C0-4E50-938F-372375300892}.Release|x86.Build.0 = Release|Any CPU
		{0A18D425-4E08-4412-8126-51B2ACCD2C15}.Debug|Any CPU.ActiveCfg = Debug|Any CPU
		{0A18D425-4E08-4412-8126-51B2ACCD2C15}.Debug|Any CPU.Build.0 = Debug|Any CPU
		{0A18D425-4E08-4412-8126-51B2ACCD2C15}.Debug|x64.ActiveCfg = Debug|Any CPU
		{0A18D425-4E08-4412-8126-51B2ACCD2C15}.Debug|x64.Build.0 = Debug|Any CPU
		{0A18D425-4E08-4412-8126-51B2ACCD2C15}.Debug|x86.ActiveCfg = Debug|Any CPU
		{0A18D425-4E08-4412-8126-51B2ACCD2C15}.Debug|x86.Build.0 = Debug|Any CPU
		{0A18D425-4E08-4412-8126-51B2ACCD2C15}.Release|Any CPU.ActiveCfg = Release|Any CPU
		{0A18D425-4E08-4412-8126-51B2ACCD2C15}.Release|Any CPU.Build.0 = Release|Any CPU
		{0A18D425-4E08-4412-8126-51B2ACCD2C15}.Release|x64.ActiveCfg = Release|Any CPU
		{0A18D425-4E08-4412-8126-51B2ACCD2C15}.Release|x64.Build.0 = Release|Any CPU
		{0A18D425-4E08-4412-8126-51B2ACCD2C15}.Release|x86.ActiveCfg = Release|Any CPU
		{0A18D425-4E08-4412-8126-51B2ACCD2C15}.Release|x86.Build.0 = Release|Any CPU
		{6DE602C1-9C37-4EAA-8760-ED7D646483A3}.Debug|Any CPU.ActiveCfg = Debug|Any CPU
		{6DE602C1-9C37-4EAA-8760-ED7D646483A3}.Debug|Any CPU.Build.0 = Debug|Any CPU
		{6DE602C1-9C37-4EAA-8760-ED7D646483A3}.Debug|x64.ActiveCfg = Debug|Any CPU
		{6DE602C1-9C37-4EAA-8760-ED7D646483A3}.Debug|x64.Build.0 = Debug|Any CPU
		{6DE602C1-9C37-4EAA-8760-ED7D646483A3}.Debug|x86.ActiveCfg = Debug|Any CPU
		{6DE602C1-9C37-4EAA-8760-ED7D646483A3}.Debug|x86.Build.0 = Debug|Any CPU
		{6DE602C1-9C37-4EAA-8760-ED7D646483A3}.Release|Any CPU.ActiveCfg = Release|Any CPU
		{6DE602C1-9C37-4EAA-8760-ED7D646483A3}.Release|Any CPU.Build.0 = Release|Any CPU
		{6DE602C1-9C37-4EAA-8760-ED7D646483A3}.Release|x64.ActiveCfg = Release|Any CPU
		{6DE602C1-9C37-4EAA-8760-ED7D646483A3}.Release|x64.Build.0 = Release|Any CPU
		{6DE602C1-9C37-4EAA-8760-ED7D646483A3}.Release|x86.ActiveCfg = Release|Any CPU
		{6DE602C1-9C37-4EAA-8760-ED7D646483A3}.Release|x86.Build.0 = Release|Any CPU
		{5942A68D-F0B9-4517-9729-D6E16078838F}.Debug|Any CPU.ActiveCfg = Debug|Any CPU
		{5942A68D-F0B9-4517-9729-D6E16078838F}.Debug|Any CPU.Build.0 = Debug|Any CPU
		{5942A68D-F0B9-4517-9729-D6E16078838F}.Debug|x64.ActiveCfg = Debug|Any CPU
		{5942A68D-F0B9-4517-9729-D6E16078838F}.Debug|x64.Build.0 = Debug|Any CPU
		{5942A68D-F0B9-4517-9729-D6E16078838F}.Debug|x86.ActiveCfg = Debug|Any CPU
		{5942A68D-F0B9-4517-9729-D6E16078838F}.Debug|x86.Build.0 = Debug|Any CPU
		{5942A68D-F0B9-4517-9729-D6E16078838F}.Release|Any CPU.ActiveCfg = Release|Any CPU
		{5942A68D-F0B9-4517-9729-D6E16078838F}.Release|Any CPU.Build.0 = Release|Any CPU
		{5942A68D-F0B9-4517-9729-D6E16078838F}.Release|x64.ActiveCfg = Release|Any CPU
		{5942A68D-F0B9-4517-9729-D6E16078838F}.Release|x64.Build.0 = Release|Any CPU
		{5942A68D-F0B9-4517-9729-D6E16078838F}.Release|x86.ActiveCfg = Release|Any CPU
		{5942A68D-F0B9-4517-9729-D6E16078838F}.Release|x86.Build.0 = Release|Any CPU
		{B8640AC8-198D-4C28-9F6E-82918DB11BD9}.Debug|Any CPU.ActiveCfg = Debug|Any CPU
		{B8640AC8-198D-4C28-9F6E-82918DB11BD9}.Debug|Any CPU.Build.0 = Debug|Any CPU
		{B8640AC8-198D-4C28-9F6E-82918DB11BD9}.Debug|x64.ActiveCfg = Debug|Any CPU
		{B8640AC8-198D-4C28-9F6E-82918DB11BD9}.Debug|x64.Build.0 = Debug|Any CPU
		{B8640AC8-198D-4C28-9F6E-82918DB11BD9}.Debug|x86.ActiveCfg = Debug|Any CPU
		{B8640AC8-198D-4C28-9F6E-82918DB11BD9}.Debug|x86.Build.0 = Debug|Any CPU
		{B8640AC8-198D-4C28-9F6E-82918DB11BD9}.Release|Any CPU.ActiveCfg = Release|Any CPU
		{B8640AC8-198D-4C28-9F6E-82918DB11BD9}.Release|Any CPU.Build.0 = Release|Any CPU
		{B8640AC8-198D-4C28-9F6E-82918DB11BD9}.Release|x64.ActiveCfg = Release|Any CPU
		{B8640AC8-198D-4C28-9F6E-82918DB11BD9}.Release|x64.Build.0 = Release|Any CPU
		{B8640AC8-198D-4C28-9F6E-82918DB11BD9}.Release|x86.ActiveCfg = Release|Any CPU
		{B8640AC8-198D-4C28-9F6E-82918DB11BD9}.Release|x86.Build.0 = Release|Any CPU
		{4CD2F234-E6E0-468F-8AC9-EF72FBE6A6A0}.Debug|Any CPU.ActiveCfg = Debug|Any CPU
		{4CD2F234-E6E0-468F-8AC9-EF72FBE6A6A0}.Debug|Any CPU.Build.0 = Debug|Any CPU
		{4CD2F234-E6E0-468F-8AC9-EF72FBE6A6A0}.Debug|x64.ActiveCfg = Debug|Any CPU
		{4CD2F234-E6E0-468F-8AC9-EF72FBE6A6A0}.Debug|x64.Build.0 = Debug|Any CPU
		{4CD2F234-E6E0-468F-8AC9-EF72FBE6A6A0}.Debug|x86.ActiveCfg = Debug|Any CPU
		{4CD2F234-E6E0-468F-8AC9-EF72FBE6A6A0}.Debug|x86.Build.0 = Debug|Any CPU
		{4CD2F234-E6E0-468F-8AC9-EF72FBE6A6A0}.Release|Any CPU.ActiveCfg = Release|Any CPU
		{4CD2F234-E6E0-468F-8AC9-EF72FBE6A6A0}.Release|Any CPU.Build.0 = Release|Any CPU
		{4CD2F234-E6E0-468F-8AC9-EF72FBE6A6A0}.Release|x64.ActiveCfg = Release|Any CPU
		{4CD2F234-E6E0-468F-8AC9-EF72FBE6A6A0}.Release|x64.Build.0 = Release|Any CPU
		{4CD2F234-E6E0-468F-8AC9-EF72FBE6A6A0}.Release|x86.ActiveCfg = Release|Any CPU
		{4CD2F234-E6E0-468F-8AC9-EF72FBE6A6A0}.Release|x86.Build.0 = Release|Any CPU
		{8B7EC157-5BA2-4751-9C2F-5AF2E34CB44F}.Debug|Any CPU.ActiveCfg = Debug|Any CPU
		{8B7EC157-5BA2-4751-9C2F-5AF2E34CB44F}.Debug|Any CPU.Build.0 = Debug|Any CPU
		{8B7EC157-5BA2-4751-9C2F-5AF2E34CB44F}.Debug|x64.ActiveCfg = Debug|Any CPU
		{8B7EC157-5BA2-4751-9C2F-5AF2E34CB44F}.Debug|x64.Build.0 = Debug|Any CPU
		{8B7EC157-5BA2-4751-9C2F-5AF2E34CB44F}.Debug|x86.ActiveCfg = Debug|Any CPU
		{8B7EC157-5BA2-4751-9C2F-5AF2E34CB44F}.Debug|x86.Build.0 = Debug|Any CPU
		{8B7EC157-5BA2-4751-9C2F-5AF2E34CB44F}.Release|Any CPU.ActiveCfg = Release|Any CPU
		{8B7EC157-5BA2-4751-9C2F-5AF2E34CB44F}.Release|Any CPU.Build.0 = Release|Any CPU
		{8B7EC157-5BA2-4751-9C2F-5AF2E34CB44F}.Release|x64.ActiveCfg = Release|Any CPU
		{8B7EC157-5BA2-4751-9C2F-5AF2E34CB44F}.Release|x64.Build.0 = Release|Any CPU
		{8B7EC157-5BA2-4751-9C2F-5AF2E34CB44F}.Release|x86.ActiveCfg = Release|Any CPU
		{8B7EC157-5BA2-4751-9C2F-5AF2E34CB44F}.Release|x86.Build.0 = Release|Any CPU
		{AFDDF1D7-55FA-4560-8770-F48BF28834B3}.Debug|Any CPU.ActiveCfg = Debug|Any CPU
		{AFDDF1D7-55FA-4560-8770-F48BF28834B3}.Debug|Any CPU.Build.0 = Debug|Any CPU
		{AFDDF1D7-55FA-4560-8770-F48BF28834B3}.Debug|x64.ActiveCfg = Debug|Any CPU
		{AFDDF1D7-55FA-4560-8770-F48BF28834B3}.Debug|x64.Build.0 = Debug|Any CPU
		{AFDDF1D7-55FA-4560-8770-F48BF28834B3}.Debug|x86.ActiveCfg = Debug|Any CPU
		{AFDDF1D7-55FA-4560-8770-F48BF28834B3}.Debug|x86.Build.0 = Debug|Any CPU
		{AFDDF1D7-55FA-4560-8770-F48BF28834B3}.Release|Any CPU.ActiveCfg = Release|Any CPU
		{AFDDF1D7-55FA-4560-8770-F48BF28834B3}.Release|Any CPU.Build.0 = Release|Any CPU
		{AFDDF1D7-55FA-4560-8770-F48BF28834B3}.Release|x64.ActiveCfg = Release|Any CPU
		{AFDDF1D7-55FA-4560-8770-F48BF28834B3}.Release|x64.Build.0 = Release|Any CPU
		{AFDDF1D7-55FA-4560-8770-F48BF28834B3}.Release|x86.ActiveCfg = Release|Any CPU
		{AFDDF1D7-55FA-4560-8770-F48BF28834B3}.Release|x86.Build.0 = Release|Any CPU
		{0BCD83E5-1DA2-417E-A431-E446A6FE014A}.Debug|Any CPU.ActiveCfg = Debug|Any CPU
		{0BCD83E5-1DA2-417E-A431-E446A6FE014A}.Debug|Any CPU.Build.0 = Debug|Any CPU
		{0BCD83E5-1DA2-417E-A431-E446A6FE014A}.Debug|x64.ActiveCfg = Debug|Any CPU
		{0BCD83E5-1DA2-417E-A431-E446A6FE014A}.Debug|x64.Build.0 = Debug|Any CPU
		{0BCD83E5-1DA2-417E-A431-E446A6FE014A}.Debug|x86.ActiveCfg = Debug|Any CPU
		{0BCD83E5-1DA2-417E-A431-E446A6FE014A}.Debug|x86.Build.0 = Debug|Any CPU
		{0BCD83E5-1DA2-417E-A431-E446A6FE014A}.Release|Any CPU.ActiveCfg = Release|Any CPU
		{0BCD83E5-1DA2-417E-A431-E446A6FE014A}.Release|Any CPU.Build.0 = Release|Any CPU
		{0BCD83E5-1DA2-417E-A431-E446A6FE014A}.Release|x64.ActiveCfg = Release|Any CPU
		{0BCD83E5-1DA2-417E-A431-E446A6FE014A}.Release|x64.Build.0 = Release|Any CPU
		{0BCD83E5-1DA2-417E-A431-E446A6FE014A}.Release|x86.ActiveCfg = Release|Any CPU
		{0BCD83E5-1DA2-417E-A431-E446A6FE014A}.Release|x86.Build.0 = Release|Any CPU
		{26735CD0-C156-4B15-924A-C31905EA9E8E}.Debug|Any CPU.ActiveCfg = Debug|Any CPU
		{26735CD0-C156-4B15-924A-C31905EA9E8E}.Debug|Any CPU.Build.0 = Debug|Any CPU
		{26735CD0-C156-4B15-924A-C31905EA9E8E}.Debug|x64.ActiveCfg = Debug|Any CPU
		{26735CD0-C156-4B15-924A-C31905EA9E8E}.Debug|x64.Build.0 = Debug|Any CPU
		{26735CD0-C156-4B15-924A-C31905EA9E8E}.Debug|x86.ActiveCfg = Debug|Any CPU
		{26735CD0-C156-4B15-924A-C31905EA9E8E}.Debug|x86.Build.0 = Debug|Any CPU
		{26735CD0-C156-4B15-924A-C31905EA9E8E}.Release|Any CPU.ActiveCfg = Release|Any CPU
		{26735CD0-C156-4B15-924A-C31905EA9E8E}.Release|Any CPU.Build.0 = Release|Any CPU
		{26735CD0-C156-4B15-924A-C31905EA9E8E}.Release|x64.ActiveCfg = Release|Any CPU
		{26735CD0-C156-4B15-924A-C31905EA9E8E}.Release|x64.Build.0 = Release|Any CPU
		{26735CD0-C156-4B15-924A-C31905EA9E8E}.Release|x86.ActiveCfg = Release|Any CPU
		{26735CD0-C156-4B15-924A-C31905EA9E8E}.Release|x86.Build.0 = Release|Any CPU
		{752B2233-90CD-4469-8E71-CA5BD88DF281}.Debug|Any CPU.ActiveCfg = Debug|Any CPU
		{752B2233-90CD-4469-8E71-CA5BD88DF281}.Debug|Any CPU.Build.0 = Debug|Any CPU
		{752B2233-90CD-4469-8E71-CA5BD88DF281}.Debug|x64.ActiveCfg = Debug|Any CPU
		{752B2233-90CD-4469-8E71-CA5BD88DF281}.Debug|x64.Build.0 = Debug|Any CPU
		{752B2233-90CD-4469-8E71-CA5BD88DF281}.Debug|x86.ActiveCfg = Debug|Any CPU
		{752B2233-90CD-4469-8E71-CA5BD88DF281}.Debug|x86.Build.0 = Debug|Any CPU
		{752B2233-90CD-4469-8E71-CA5BD88DF281}.Release|Any CPU.ActiveCfg = Release|Any CPU
		{752B2233-90CD-4469-8E71-CA5BD88DF281}.Release|Any CPU.Build.0 = Release|Any CPU
		{752B2233-90CD-4469-8E71-CA5BD88DF281}.Release|x64.ActiveCfg = Release|Any CPU
		{752B2233-90CD-4469-8E71-CA5BD88DF281}.Release|x64.Build.0 = Release|Any CPU
		{752B2233-90CD-4469-8E71-CA5BD88DF281}.Release|x86.ActiveCfg = Release|Any CPU
		{752B2233-90CD-4469-8E71-CA5BD88DF281}.Release|x86.Build.0 = Release|Any CPU
		{DC8671CA-4503-4EC9-8A0E-AA1229604FEB}.Debug|Any CPU.ActiveCfg = Debug|Any CPU
		{DC8671CA-4503-4EC9-8A0E-AA1229604FEB}.Debug|Any CPU.Build.0 = Debug|Any CPU
		{DC8671CA-4503-4EC9-8A0E-AA1229604FEB}.Debug|x64.ActiveCfg = Debug|Any CPU
		{DC8671CA-4503-4EC9-8A0E-AA1229604FEB}.Debug|x64.Build.0 = Debug|Any CPU
		{DC8671CA-4503-4EC9-8A0E-AA1229604FEB}.Debug|x86.ActiveCfg = Debug|Any CPU
		{DC8671CA-4503-4EC9-8A0E-AA1229604FEB}.Debug|x86.Build.0 = Debug|Any CPU
		{DC8671CA-4503-4EC9-8A0E-AA1229604FEB}.Release|Any CPU.ActiveCfg = Release|Any CPU
		{DC8671CA-4503-4EC9-8A0E-AA1229604FEB}.Release|Any CPU.Build.0 = Release|Any CPU
		{DC8671CA-4503-4EC9-8A0E-AA1229604FEB}.Release|x64.ActiveCfg = Release|Any CPU
		{DC8671CA-4503-4EC9-8A0E-AA1229604FEB}.Release|x64.Build.0 = Release|Any CPU
		{DC8671CA-4503-4EC9-8A0E-AA1229604FEB}.Release|x86.ActiveCfg = Release|Any CPU
		{DC8671CA-4503-4EC9-8A0E-AA1229604FEB}.Release|x86.Build.0 = Release|Any CPU
	EndGlobalSection
	GlobalSection(SolutionProperties) = preSolution
		HideSolutionNode = FALSE
	EndGlobalSection
	GlobalSection(NestedProjects) = preSolution
		{81D939DC-0FB7-48E8-88E3-DFDE3FDA67C6} = {056FA890-360B-4795-A6D9-64AE81FF3E96}
		{4B33765E-2959-47AD-99AA-BD3E80EF7C9D} = {056FA890-360B-4795-A6D9-64AE81FF3E96}
		{D940A88A-E3C1-454F-96D4-FFC2A5FE35E6} = {0D0A8505-9722-46F1-A6C1-C7D61BDFED07}
		{D10FBF23-F3B8-46A1-A253-AAD1F95C6A01} = {E18EB25B-3C4E-42C6-8707-C72F870CFA9F}
		{9FE2FACB-83CF-4FB5-8F74-FF336B079D3D} = {E18EB25B-3C4E-42C6-8707-C72F870CFA9F}
		{CD7EFAA1-0F95-4ECC-975F-E0AAEC9F3099} = {61928BE3-77D1-4A22-8ED6-06CDEA2197EF}
		{D3BD77FC-C636-4D20-8E00-EFD0E418D95E} = {61928BE3-77D1-4A22-8ED6-06CDEA2197EF}
		{A1541D93-16B0-4CEC-8585-B49F9CD31ACF} = {64DD75D5-BE93-446B-B74F-0D5AE8DCCB06}
		{59F41E47-7D71-447C-A603-894E6E4C4CD1} = {C51E9B80-5260-4A6B-BC54-8D32AE8E419B}
		{55F4B24D-1406-41F4-B2A5-2DEF155C1D05} = {C51E9B80-5260-4A6B-BC54-8D32AE8E419B}
		{9AFC6C12-1D2A-4CBB-B83A-64E145A21498} = {0D0A8505-9722-46F1-A6C1-C7D61BDFED07}
		{F126450A-8230-40E9-80D0-5102D592D4FB} = {0D0A8505-9722-46F1-A6C1-C7D61BDFED07}
		{A6153010-3622-46C3-9C20-1149F3620BF7} = {F7268AF8-35EC-4301-814F-B204590EABCA}
		{1A6BDD6F-B306-4AFD-BCAA-14708BE36A7B} = {F7268AF8-35EC-4301-814F-B204590EABCA}
		{142986D3-AB94-49BD-AF10-F64E736BEF1C} = {0D488696-563C-40B3-905C-C80BCDB4020F}
		{43964925-8E7F-4A36-AF54-9B0EADCD0BE1} = {F7268AF8-35EC-4301-814F-B204590EABCA}
		{FE050CF2-39CE-4F05-AFDE-84ABD5C04190} = {C51E9B80-5260-4A6B-BC54-8D32AE8E419B}
		{6D9E97D9-2EA3-4203-BF84-E190038FC546} = {C51E9B80-5260-4A6B-BC54-8D32AE8E419B}
		{367D2423-DE26-43E9-8B42-9CA7655D2E43} = {4A06C183-7271-43A5-8071-D428174071F0}
		{10225B1F-C0A7-4135-A770-8F420B40FA3C} = {4A06C183-7271-43A5-8071-D428174071F0}
		{B95A865F-515B-4C01-A794-D8596E3D57EA} = {A3A34192-39BE-4E65-B82F-4A6A55AAFFAF}
		{335B4F1E-DE43-48B2-AF50-0B54F484A1DE} = {A3A34192-39BE-4E65-B82F-4A6A55AAFFAF}
		{4B77B8E9-E2B5-4492-8F3C-AC75DB832224} = {0D0A8505-9722-46F1-A6C1-C7D61BDFED07}
		{4D35190C-7D11-4379-A9E2-132F5B69614F} = {BAC8F2E5-912F-41A7-9C4D-37B96D552F3A}
		{A57D4417-CF04-4836-9928-967BFF9EC6E8} = {64DD75D5-BE93-446B-B74F-0D5AE8DCCB06}
		{409647CF-2D7C-4DAB-A768-3757243C6BF0} = {4A06C183-7271-43A5-8071-D428174071F0}
		{29AEE8E2-0E62-41A5-AE3E-BA3BACBE1411} = {4A06C183-7271-43A5-8071-D428174071F0}
		{231B4747-9A64-4404-AFFC-5518B1308151} = {4A06C183-7271-43A5-8071-D428174071F0}
		{B438791B-0B6C-4FB0-A2C3-0BDD92282DAA} = {4A06C183-7271-43A5-8071-D428174071F0}
		{6C588348-CF71-4E6A-84AA-23EF6DD2BCA0} = {211E7CA0-BDEB-4BEA-A123-1A40B34CBF19}
		{EAFB7A19-7140-4EFC-BC65-6FACA254D3BE} = {211E7CA0-BDEB-4BEA-A123-1A40B34CBF19}
		{2D2001D9-950E-4401-8713-516191B3A4E3} = {1595A14F-C041-4D20-91A6-A1388CED57BC}
		{47CA8292-A2B0-4CBE-9609-1F02B68F3E8E} = {BB62D315-4B0A-4352-A6F4-4F4E1BD4EC8E}
		{7223E3C1-FF26-4542-9284-36EA14153974} = {BB62D315-4B0A-4352-A6F4-4F4E1BD4EC8E}
		{B451A10D-E1C0-4E50-938F-372375300892} = {BB62D315-4B0A-4352-A6F4-4F4E1BD4EC8E}
		{0A18D425-4E08-4412-8126-51B2ACCD2C15} = {BB62D315-4B0A-4352-A6F4-4F4E1BD4EC8E}
		{6DE602C1-9C37-4EAA-8760-ED7D646483A3} = {BB62D315-4B0A-4352-A6F4-4F4E1BD4EC8E}
		{5942A68D-F0B9-4517-9729-D6E16078838F} = {BB62D315-4B0A-4352-A6F4-4F4E1BD4EC8E}
		{B8640AC8-198D-4C28-9F6E-82918DB11BD9} = {BB62D315-4B0A-4352-A6F4-4F4E1BD4EC8E}
		{4CD2F234-E6E0-468F-8AC9-EF72FBE6A6A0} = {BB62D315-4B0A-4352-A6F4-4F4E1BD4EC8E}
		{8B7EC157-5BA2-4751-9C2F-5AF2E34CB44F} = {1595A14F-C041-4D20-91A6-A1388CED57BC}
		{AFDDF1D7-55FA-4560-8770-F48BF28834B3} = {0D0A8505-9722-46F1-A6C1-C7D61BDFED07}
		{0BCD83E5-1DA2-417E-A431-E446A6FE014A} = {0D0A8505-9722-46F1-A6C1-C7D61BDFED07}
		{26735CD0-C156-4B15-924A-C31905EA9E8E} = {A2E04AFB-A4D5-4E10-B909-0E4613EF57E2}
		{752B2233-90CD-4469-8E71-CA5BD88DF281} = {A2E04AFB-A4D5-4E10-B909-0E4613EF57E2}
		{DC8671CA-4503-4EC9-8A0E-AA1229604FEB} = {A2E04AFB-A4D5-4E10-B909-0E4613EF57E2}
	EndGlobalSection
	GlobalSection(ExtensibilityGlobals) = postSolution
		SolutionGuid = {E5BF586D-98FA-49EC-9D9F-A17A029ED341}
	EndGlobalSection
EndGlobal
