
Microsoft Visual Studio Solution File, Format Version 12.00
# Visual Studio Version 17
VisualStudioVersion = 17.8.34316.72
MinimumVisualStudioVersion = 10.0.40219.1
Project("{9A19103F-16F7-4668-BE54-9A1E7A4F7556}") = "Albatross.Caching", "Albatross.Caching\Albatross.Caching.csproj", "{221227BE-1B36-4DD9-81AD-2A1FED2AADA9}"
EndProject
Project("{9A19103F-16F7-4668-BE54-9A1E7A4F7556}") = "Albatross.Caching.MemCache", "Albatross.Caching.MemCache\Albatross.Caching.MemCache.csproj", "{9CCCDEBF-6891-448D-A6FB-A3C9C605A65B}"
EndProject
Project("{9A19103F-16F7-4668-BE54-9A1E7A4F7556}") = "Albatross.Caching.Redis", "Albatross.Caching.Redis\Albatross.Caching.Redis.csproj", "{C6AFFD53-A83B-4AFA-9FA7-BD4DBAFC74F8}"
EndProject
Project("{2150E333-8FDC-42A3-9474-1A3956D46DE8}") = "Solution Items", "Solution Items", "{1A2D7690-1AA0-421F-8ECE-8356F505234C}"
	ProjectSection(SolutionItems) = preProject
		Directory.Build.props = Directory.Build.props
		pack.ps1 = pack.ps1
		readme.md = readme.md
	EndProjectSection
EndProject
Project("{9A19103F-16F7-4668-BE54-9A1E7A4F7556}") = "Albatross.Caching.TestApi", "Albatross.Caching.TestApi\Albatross.Caching.TestApi.csproj", "{6CB5E926-5EA4-4E0C-9A9D-AAAC460A9552}"
EndProject
Project("{9A19103F-16F7-4668-BE54-9A1E7A4F7556}") = "Albatross.Caching.Test", "Albatross.Caching.Test\Albatross.Caching.Test.csproj", "{7546B5BB-3FFE-46E0-B0AD-8C155D19BF39}"
EndProject
Global
	GlobalSection(SolutionConfigurationPlatforms) = preSolution
		Debug|Any CPU = Debug|Any CPU
		Release|Any CPU = Release|Any CPU
	EndGlobalSection
	GlobalSection(ProjectConfigurationPlatforms) = postSolution
		{221227BE-1B36-4DD9-81AD-2A1FED2AADA9}.Debug|Any CPU.ActiveCfg = Debug|Any CPU
		{221227BE-1B36-4DD9-81AD-2A1FED2AADA9}.Debug|Any CPU.Build.0 = Debug|Any CPU
		{221227BE-1B36-4DD9-81AD-2A1FED2AADA9}.Release|Any CPU.ActiveCfg = Release|Any CPU
		{221227BE-1B36-4DD9-81AD-2A1FED2AADA9}.Release|Any CPU.Build.0 = Release|Any CPU
		{9CCCDEBF-6891-448D-A6FB-A3C9C605A65B}.Debug|Any CPU.ActiveCfg = Debug|Any CPU
		{9CCCDEBF-6891-448D-A6FB-A3C9C605A65B}.Debug|Any CPU.Build.0 = Debug|Any CPU
		{9CCCDEBF-6891-448D-A6FB-A3C9C605A65B}.Release|Any CPU.ActiveCfg = Release|Any CPU
		{9CCCDEBF-6891-448D-A6FB-A3C9C605A65B}.Release|Any CPU.Build.0 = Release|Any CPU
		{C6AFFD53-A83B-4AFA-9FA7-BD4DBAFC74F8}.Debug|Any CPU.ActiveCfg = Debug|Any CPU
		{C6AFFD53-A83B-4AFA-9FA7-BD4DBAFC74F8}.Debug|Any CPU.Build.0 = Debug|Any CPU
		{C6AFFD53-A83B-4AFA-9FA7-BD4DBAFC74F8}.Release|Any CPU.ActiveCfg = Release|Any CPU
		{C6AFFD53-A83B-4AFA-9FA7-BD4DBAFC74F8}.Release|Any CPU.Build.0 = Release|Any CPU
		{6CB5E926-5EA4-4E0C-9A9D-AAAC460A9552}.Debug|Any CPU.ActiveCfg = Debug|Any CPU
		{6CB5E926-5EA4-4E0C-9A9D-AAAC460A9552}.Debug|Any CPU.Build.0 = Debug|Any CPU
		{6CB5E926-5EA4-4E0C-9A9D-AAAC460A9552}.Release|Any CPU.ActiveCfg = Release|Any CPU
		{6CB5E926-5EA4-4E0C-9A9D-AAAC460A9552}.Release|Any CPU.Build.0 = Release|Any CPU
		{7546B5BB-3FFE-46E0-B0AD-8C155D19BF39}.Debug|Any CPU.ActiveCfg = Debug|Any CPU
		{7546B5BB-3FFE-46E0-B0AD-8C155D19BF39}.Debug|Any CPU.Build.0 = Debug|Any CPU
		{7546B5BB-3FFE-46E0-B0AD-8C155D19BF39}.Release|Any CPU.ActiveCfg = Release|Any CPU
		{7546B5BB-3FFE-46E0-B0AD-8C155D19BF39}.Release|Any CPU.Build.0 = Release|Any CPU
	EndGlobalSection
	GlobalSection(SolutionProperties) = preSolution
		HideSolutionNode = FALSE
	EndGlobalSection
	GlobalSection(ExtensibilityGlobals) = postSolution
		SolutionGuid = {39D3C82A-01A0-4EFE-87FC-F948C2A02501}
	EndGlobalSection
EndGlobal
