
Microsoft Visual Studio Solution File, Format Version 12.00
# Visual Studio Version 17
VisualStudioVersion = 17.8.34316.72
MinimumVisualStudioVersion = 10.0.40219.1
Project("{2150E333-8FDC-42A3-9474-1A3956D46DE8}") = "Solution Items", "Solution Items", "{1099E6C7-472C-4C23-BE56-C00019E891D5}"
	ProjectSection(SolutionItems) = preProject
		build.ps1 = build.ps1
	EndProjectSection
EndProject
Project("{9A19103F-16F7-4668-BE54-9A1E7A4F7556}") = "Sample.CommandLine", "Sample.CommandLine\Sample.CommandLine.csproj", "{F16B8592-5F52-4E14-8D68-8332661DCAFB}"
EndProject
Project("{9A19103F-16F7-4668-BE54-9A1E7A4F7556}") = "Albatross.Config", "..\config\Albatross.Config\Albatross.Config.csproj", "{7DFFC3A7-C689-4321-9B64-E6547A5D41F1}"
EndProject
Project("{9A19103F-16F7-4668-BE54-9A1E7A4F7556}") = "Albatross.Logging", "..\logging\Albatross.Logging\Albatross.Logging.csproj", "{47869335-8541-45C9-B1FB-55D2D1355F7A}"
EndProject
Project("{9A19103F-16F7-4668-BE54-9A1E7A4F7556}") = "Albatross.Text", "..\text\Albatross.Text\Albatross.Text.csproj", "{EA543AD7-E90D-45CC-B0AA-3161CC06493B}"
EndProject
Project("{2150E333-8FDC-42A3-9474-1A3956D46DE8}") = "dependencies", "dependencies", "{B8E2EA3F-BAB4-4CA2-A827-F11272B84BE3}"
EndProject
Project("{9A19103F-16F7-4668-BE54-9A1E7A4F7556}") = "Albatross.CodeAnalysis", "..\codeanalysis\Albatross.CodeAnalysis\Albatross.CodeAnalysis.csproj", "{297F4B86-A639-452E-A4DE-DBB29903EB8A}"
EndProject
Project("{9A19103F-16F7-4668-BE54-9A1E7A4F7556}") = "Albatross.CommandLine", "Albatross.CommandLine\Albatross.CommandLine.csproj", "{1A76485B-F797-494E-A06E-BC54679AF03C}"
EndProject
Project("{9A19103F-16F7-4668-BE54-9A1E7A4F7556}") = "Albatross.CommandLine.CodeGen", "Albatross.CommandLine.CodeGen\Albatross.CommandLine.CodeGen.csproj", "{F1B32452-3657-41DC-905D-7B56F7FE2844}"
EndProject
Global
	GlobalSection(SolutionConfigurationPlatforms) = preSolution
		Debug|Any CPU = Debug|Any CPU
		Release|Any CPU = Release|Any CPU
	EndGlobalSection
	GlobalSection(ProjectConfigurationPlatforms) = postSolution
		{F16B8592-5F52-4E14-8D68-8332661DCAFB}.Debug|Any CPU.ActiveCfg = Debug|Any CPU
		{F16B8592-5F52-4E14-8D68-8332661DCAFB}.Debug|Any CPU.Build.0 = Debug|Any CPU
		{F16B8592-5F52-4E14-8D68-8332661DCAFB}.Release|Any CPU.ActiveCfg = Release|Any CPU
		{F16B8592-5F52-4E14-8D68-8332661DCAFB}.Release|Any CPU.Build.0 = Release|Any CPU
		{7DFFC3A7-C689-4321-9B64-E6547A5D41F1}.Debug|Any CPU.ActiveCfg = Debug|Any CPU
		{7DFFC3A7-C689-4321-9B64-E6547A5D41F1}.Debug|Any CPU.Build.0 = Debug|Any CPU
		{7DFFC3A7-C689-4321-9B64-E6547A5D41F1}.Release|Any CPU.ActiveCfg = Release|Any CPU
		{7DFFC3A7-C689-4321-9B64-E6547A5D41F1}.Release|Any CPU.Build.0 = Release|Any CPU
		{47869335-8541-45C9-B1FB-55D2D1355F7A}.Debug|Any CPU.ActiveCfg = Debug|Any CPU
		{47869335-8541-45C9-B1FB-55D2D1355F7A}.Debug|Any CPU.Build.0 = Debug|Any CPU
		{47869335-8541-45C9-B1FB-55D2D1355F7A}.Release|Any CPU.ActiveCfg = Release|Any CPU
		{47869335-8541-45C9-B1FB-55D2D1355F7A}.Release|Any CPU.Build.0 = Release|Any CPU
		{EA543AD7-E90D-45CC-B0AA-3161CC06493B}.Debug|Any CPU.ActiveCfg = Debug|Any CPU
		{EA543AD7-E90D-45CC-B0AA-3161CC06493B}.Debug|Any CPU.Build.0 = Debug|Any CPU
		{EA543AD7-E90D-45CC-B0AA-3161CC06493B}.Release|Any CPU.ActiveCfg = Release|Any CPU
		{EA543AD7-E90D-45CC-B0AA-3161CC06493B}.Release|Any CPU.Build.0 = Release|Any CPU
		{297F4B86-A639-452E-A4DE-DBB29903EB8A}.Debug|Any CPU.ActiveCfg = Debug|Any CPU
		{297F4B86-A639-452E-A4DE-DBB29903EB8A}.Debug|Any CPU.Build.0 = Debug|Any CPU
		{297F4B86-A639-452E-A4DE-DBB29903EB8A}.Release|Any CPU.ActiveCfg = Release|Any CPU
		{297F4B86-A639-452E-A4DE-DBB29903EB8A}.Release|Any CPU.Build.0 = Release|Any CPU
		{1A76485B-F797-494E-A06E-BC54679AF03C}.Debug|Any CPU.ActiveCfg = Debug|Any CPU
		{1A76485B-F797-494E-A06E-BC54679AF03C}.Debug|Any CPU.Build.0 = Debug|Any CPU
		{1A76485B-F797-494E-A06E-BC54679AF03C}.Release|Any CPU.ActiveCfg = Release|Any CPU
		{1A76485B-F797-494E-A06E-BC54679AF03C}.Release|Any CPU.Build.0 = Release|Any CPU
		{F1B32452-3657-41DC-905D-7B56F7FE2844}.Debug|Any CPU.ActiveCfg = Debug|Any CPU
		{F1B32452-3657-41DC-905D-7B56F7FE2844}.Debug|Any CPU.Build.0 = Debug|Any CPU
		{F1B32452-3657-41DC-905D-7B56F7FE2844}.Release|Any CPU.ActiveCfg = Release|Any CPU
		{F1B32452-3657-41DC-905D-7B56F7FE2844}.Release|Any CPU.Build.0 = Release|Any CPU
	EndGlobalSection
	GlobalSection(SolutionProperties) = preSolution
		HideSolutionNode = FALSE
	EndGlobalSection
	GlobalSection(NestedProjects) = preSolution
		{7DFFC3A7-C689-4321-9B64-E6547A5D41F1} = {B8E2EA3F-BAB4-4CA2-A827-F11272B84BE3}
		{47869335-8541-45C9-B1FB-55D2D1355F7A} = {B8E2EA3F-BAB4-4CA2-A827-F11272B84BE3}
		{EA543AD7-E90D-45CC-B0AA-3161CC06493B} = {B8E2EA3F-BAB4-4CA2-A827-F11272B84BE3}
		{297F4B86-A639-452E-A4DE-DBB29903EB8A} = {B8E2EA3F-BAB4-4CA2-A827-F11272B84BE3}
	EndGlobalSection
	GlobalSection(ExtensibilityGlobals) = postSolution
		SolutionGuid = {34C18A2B-8C4B-4C35-AD12-24C8704BF832}
	EndGlobalSection
EndGlobal
