
Microsoft Visual Studio Solution File, Format Version 12.00
# Visual Studio Version 17
VisualStudioVersion = 17.8.34316.72
MinimumVisualStudioVersion = 10.0.40219.1
Project("{9A19103F-16F7-4668-BE54-9A1E7A4F7556}") = "Albatross.CodeGen", "Albatross.CodeGen\Albatross.CodeGen.csproj", "{6D9866DB-ABDF-4F26-9FC3-49504BCF97A7}"
EndProject
Project("{2150E333-8FDC-42A3-9474-1A3956D46DE8}") = "Solution Items", "Solution Items", "{8E1AD7A4-B958-49B8-A0F1-C503BD23D201}"
	ProjectSection(SolutionItems) = preProject
		Directory.Build.props = Directory.Build.props
		pack.ps1 = pack.ps1
	EndProjectSection
EndProject
Project("{9A19103F-16F7-4668-BE54-9A1E7A4F7556}") = "Albatross.CodeGen.WebClient", "Albatross.CodeGen.WebClient\Albatross.CodeGen.WebClient.csproj", "{929C98CB-AA06-439E-AB2F-D4EF9A2B61F4}"
EndProject
Project("{9A19103F-16F7-4668-BE54-9A1E7A4F7556}") = "Albatross.CodeGen.UnitTest", "Albatross.CodeGen.UnitTest\Albatross.CodeGen.UnitTest.csproj", "{917FCBDB-E2FD-41CD-A6A3-66C4BF78E551}"
EndProject
Project("{9A19103F-16F7-4668-BE54-9A1E7A4F7556}") = "Albatross.CodeGen.WebClient.UnitTest", "Albatross.CodeGen.WebClient.UnitTest\Albatross.CodeGen.WebClient.UnitTest.csproj", "{339BD57B-B8F5-4957-844F-BF2154B4B9E7}"
EndProject
Global
	GlobalSection(SolutionConfigurationPlatforms) = preSolution
		Debug|Any CPU = Debug|Any CPU
		Release|Any CPU = Release|Any CPU
	EndGlobalSection
	GlobalSection(ProjectConfigurationPlatforms) = postSolution
		{6D9866DB-ABDF-4F26-9FC3-49504BCF97A7}.Debug|Any CPU.ActiveCfg = Debug|Any CPU
		{6D9866DB-ABDF-4F26-9FC3-49504BCF97A7}.Debug|Any CPU.Build.0 = Debug|Any CPU
		{6D9866DB-ABDF-4F26-9FC3-49504BCF97A7}.Release|Any CPU.ActiveCfg = Release|Any CPU
		{6D9866DB-ABDF-4F26-9FC3-49504BCF97A7}.Release|Any CPU.Build.0 = Release|Any CPU
		{929C98CB-AA06-439E-AB2F-D4EF9A2B61F4}.Debug|Any CPU.ActiveCfg = Debug|Any CPU
		{929C98CB-AA06-439E-AB2F-D4EF9A2B61F4}.Debug|Any CPU.Build.0 = Debug|Any CPU
		{929C98CB-AA06-439E-AB2F-D4EF9A2B61F4}.Release|Any CPU.ActiveCfg = Release|Any CPU
		{929C98CB-AA06-439E-AB2F-D4EF9A2B61F4}.Release|Any CPU.Build.0 = Release|Any CPU
		{917FCBDB-E2FD-41CD-A6A3-66C4BF78E551}.Debug|Any CPU.ActiveCfg = Debug|Any CPU
		{917FCBDB-E2FD-41CD-A6A3-66C4BF78E551}.Debug|Any CPU.Build.0 = Debug|Any CPU
		{917FCBDB-E2FD-41CD-A6A3-66C4BF78E551}.Release|Any CPU.ActiveCfg = Release|Any CPU
		{917FCBDB-E2FD-41CD-A6A3-66C4BF78E551}.Release|Any CPU.Build.0 = Release|Any CPU
		{339BD57B-B8F5-4957-844F-BF2154B4B9E7}.Debug|Any CPU.ActiveCfg = Debug|Any CPU
		{339BD57B-B8F5-4957-844F-BF2154B4B9E7}.Debug|Any CPU.Build.0 = Debug|Any CPU
		{339BD57B-B8F5-4957-844F-BF2154B4B9E7}.Release|Any CPU.ActiveCfg = Release|Any CPU
		{339BD57B-B8F5-4957-844F-BF2154B4B9E7}.Release|Any CPU.Build.0 = Release|Any CPU
	EndGlobalSection
	GlobalSection(SolutionProperties) = preSolution
		HideSolutionNode = FALSE
	EndGlobalSection
	GlobalSection(ExtensibilityGlobals) = postSolution
		SolutionGuid = {E390C787-E7AE-4338-964B-DA9915316459}
	EndGlobalSection
EndGlobal
