
Microsoft Visual Studio Solution File, Format Version 12.00
# Visual Studio Version 17
VisualStudioVersion = 17.8.34316.72
MinimumVisualStudioVersion = 10.0.40219.1
Project("{9A19103F-16F7-4668-BE54-9A1E7A4F7556}") = "Albatross.CodeGen", "Albatross.CodeGen\Albatross.CodeGen.csproj", "{6D9866DB-ABDF-4F26-9FC3-49504BCF97A7}"
EndProject
Project("{2150E333-8FDC-42A3-9474-1A3956D46DE8}") = "Solution Items", "Solution Items", "{8E1AD7A4-B958-49B8-A0F1-C503BD23D201}"
	ProjectSection(SolutionItems) = preProject
		Directory.Build.props = Directory.Build.props
		pack.ps1 = pack.ps1
	EndProjectSection
EndProject
Project("{9A19103F-16F7-4668-BE54-9A1E7A4F7556}") = "Albatross.CodeGen.WebClient", "Albatross.CodeGen.WebClient\Albatross.CodeGen.WebClient.csproj", "{929C98CB-AA06-439E-AB2F-D4EF9A2B61F4}"
EndProject
Project("{9A19103F-16F7-4668-BE54-9A1E7A4F7556}") = "Albatross.CodeGen.UnitTest", "Albatross.CodeGen.UnitTest\Albatross.CodeGen.UnitTest.csproj", "{917FCBDB-E2FD-41CD-A6A3-66C4BF78E551}"
EndProject
Project("{9A19103F-16F7-4668-BE54-9A1E7A4F7556}") = "Albatross.CodeGen.WebClient.UnitTest", "Albatross.CodeGen.WebClient.UnitTest\Albatross.CodeGen.WebClient.UnitTest.csproj", "{339BD57B-B8F5-4957-844F-BF2154B4B9E7}"
EndProject
Project("{9A19103F-16F7-4668-BE54-9A1E7A4F7556}") = "Albatross.CodeGen.CSharp", "Albatross.CodeGen.CSharp\Albatross.CodeGen.CSharp.csproj", "{8594A25A-BC56-422A-8142-7F127991638F}"
EndProject
Project("{9A19103F-16F7-4668-BE54-9A1E7A4F7556}") = "Albatross.CodeGen.TypeScript", "Albatross.CodeGen.TypeScript\Albatross.CodeGen.TypeScript.csproj", "{AF626D8C-A697-4131-8C83-4329A20BBF61}"
EndProject
Project("{9A19103F-16F7-4668-BE54-9A1E7A4F7556}") = "Albatross.CodeGen.Python", "Albatross.CodeGen.Python\Albatross.CodeGen.Python.csproj", "{3AD21F93-638B-4619-ADC9-5784E78E4CD8}"
EndProject
Project("{9A19103F-16F7-4668-BE54-9A1E7A4F7556}") = "Albatross.CodeGen.Tests.Utility", "Albatross.CodeGen.Utility\Albatross.CodeGen.Tests.Utility.csproj", "{6B920DA8-9BC1-40AF-B1B5-08009B85947F}"
EndProject
Project("{2150E333-8FDC-42A3-9474-1A3956D46DE8}") = "tests", "tests", "{106E138F-304F-426D-8BB3-3625D8FFD9B6}"
EndProject
Project("{9A19103F-16F7-4668-BE54-9A1E7A4F7556}") = "Albatross.CodeGen.Tests.Dto", "Albatross.CodeGen.Tests.Dto\Albatross.CodeGen.Tests.Dto.csproj", "{BF7566EF-A3EE-4115-AA8E-79756D464450}"
EndProject
Project("{9A19103F-16F7-4668-BE54-9A1E7A4F7556}") = "Albatross.CodeGen.Tests.WebApi", "Albatross.CodeGen.Tests.WebApi\Albatross.CodeGen.Tests.WebApi.csproj", "{EBDE62F6-6FCC-446C-8B61-B32B98B88A50}"
EndProject
Project("{9A19103F-16F7-4668-BE54-9A1E7A4F7556}") = "ReferenceData.Core", "..\..\ReferenceData\src\ReferenceData.Core\ReferenceData.Core.csproj", "{59998F62-32CD-44B7-8D54-CF6787E873AA}"
EndProject
Project("{9A19103F-16F7-4668-BE54-9A1E7A4F7556}") = "ReferenceData.Api", "..\..\ReferenceData\src\ReferenceData.Api\ReferenceData.Api.csproj", "{AFE3F882-9410-469A-9D77-375C1AD23478}"
EndProject
Global
	GlobalSection(SolutionConfigurationPlatforms) = preSolution
		Debug|Any CPU = Debug|Any CPU
		Release|Any CPU = Release|Any CPU
	EndGlobalSection
	GlobalSection(ProjectConfigurationPlatforms) = postSolution
		{6D9866DB-ABDF-4F26-9FC3-49504BCF97A7}.Debug|Any CPU.ActiveCfg = Debug|Any CPU
		{6D9866DB-ABDF-4F26-9FC3-49504BCF97A7}.Debug|Any CPU.Build.0 = Debug|Any CPU
		{6D9866DB-ABDF-4F26-9FC3-49504BCF97A7}.Release|Any CPU.ActiveCfg = Release|Any CPU
		{6D9866DB-ABDF-4F26-9FC3-49504BCF97A7}.Release|Any CPU.Build.0 = Release|Any CPU
		{929C98CB-AA06-439E-AB2F-D4EF9A2B61F4}.Debug|Any CPU.ActiveCfg = Debug|Any CPU
		{929C98CB-AA06-439E-AB2F-D4EF9A2B61F4}.Debug|Any CPU.Build.0 = Debug|Any CPU
		{929C98CB-AA06-439E-AB2F-D4EF9A2B61F4}.Release|Any CPU.ActiveCfg = Release|Any CPU
		{929C98CB-AA06-439E-AB2F-D4EF9A2B61F4}.Release|Any CPU.Build.0 = Release|Any CPU
		{917FCBDB-E2FD-41CD-A6A3-66C4BF78E551}.Debug|Any CPU.ActiveCfg = Debug|Any CPU
		{917FCBDB-E2FD-41CD-A6A3-66C4BF78E551}.Debug|Any CPU.Build.0 = Debug|Any CPU
		{917FCBDB-E2FD-41CD-A6A3-66C4BF78E551}.Release|Any CPU.ActiveCfg = Release|Any CPU
		{917FCBDB-E2FD-41CD-A6A3-66C4BF78E551}.Release|Any CPU.Build.0 = Release|Any CPU
		{339BD57B-B8F5-4957-844F-BF2154B4B9E7}.Debug|Any CPU.ActiveCfg = Debug|Any CPU
		{339BD57B-B8F5-4957-844F-BF2154B4B9E7}.Debug|Any CPU.Build.0 = Debug|Any CPU
		{339BD57B-B8F5-4957-844F-BF2154B4B9E7}.Release|Any CPU.ActiveCfg = Release|Any CPU
		{339BD57B-B8F5-4957-844F-BF2154B4B9E7}.Release|Any CPU.Build.0 = Release|Any CPU
		{8594A25A-BC56-422A-8142-7F127991638F}.Debug|Any CPU.ActiveCfg = Debug|Any CPU
		{8594A25A-BC56-422A-8142-7F127991638F}.Debug|Any CPU.Build.0 = Debug|Any CPU
		{8594A25A-BC56-422A-8142-7F127991638F}.Release|Any CPU.ActiveCfg = Release|Any CPU
		{8594A25A-BC56-422A-8142-7F127991638F}.Release|Any CPU.Build.0 = Release|Any CPU
		{AF626D8C-A697-4131-8C83-4329A20BBF61}.Debug|Any CPU.ActiveCfg = Debug|Any CPU
		{AF626D8C-A697-4131-8C83-4329A20BBF61}.Debug|Any CPU.Build.0 = Debug|Any CPU
		{AF626D8C-A697-4131-8C83-4329A20BBF61}.Release|Any CPU.ActiveCfg = Release|Any CPU
		{AF626D8C-A697-4131-8C83-4329A20BBF61}.Release|Any CPU.Build.0 = Release|Any CPU
		{3AD21F93-638B-4619-ADC9-5784E78E4CD8}.Debug|Any CPU.ActiveCfg = Debug|Any CPU
		{3AD21F93-638B-4619-ADC9-5784E78E4CD8}.Debug|Any CPU.Build.0 = Debug|Any CPU
		{3AD21F93-638B-4619-ADC9-5784E78E4CD8}.Release|Any CPU.ActiveCfg = Release|Any CPU
		{3AD21F93-638B-4619-ADC9-5784E78E4CD8}.Release|Any CPU.Build.0 = Release|Any CPU
		{6B920DA8-9BC1-40AF-B1B5-08009B85947F}.Debug|Any CPU.ActiveCfg = Debug|Any CPU
		{6B920DA8-9BC1-40AF-B1B5-08009B85947F}.Debug|Any CPU.Build.0 = Debug|Any CPU
		{6B920DA8-9BC1-40AF-B1B5-08009B85947F}.Release|Any CPU.ActiveCfg = Release|Any CPU
		{6B920DA8-9BC1-40AF-B1B5-08009B85947F}.Release|Any CPU.Build.0 = Release|Any CPU
		{BF7566EF-A3EE-4115-AA8E-79756D464450}.Debug|Any CPU.ActiveCfg = Debug|Any CPU
		{BF7566EF-A3EE-4115-AA8E-79756D464450}.Debug|Any CPU.Build.0 = Debug|Any CPU
		{BF7566EF-A3EE-4115-AA8E-79756D464450}.Release|Any CPU.ActiveCfg = Release|Any CPU
		{BF7566EF-A3EE-4115-AA8E-79756D464450}.Release|Any CPU.Build.0 = Release|Any CPU
		{EBDE62F6-6FCC-446C-8B61-B32B98B88A50}.Debug|Any CPU.ActiveCfg = Debug|Any CPU
		{EBDE62F6-6FCC-446C-8B61-B32B98B88A50}.Debug|Any CPU.Build.0 = Debug|Any CPU
		{EBDE62F6-6FCC-446C-8B61-B32B98B88A50}.Release|Any CPU.ActiveCfg = Release|Any CPU
		{EBDE62F6-6FCC-446C-8B61-B32B98B88A50}.Release|Any CPU.Build.0 = Release|Any CPU
		{59998F62-32CD-44B7-8D54-CF6787E873AA}.Debug|Any CPU.ActiveCfg = Debug|Any CPU
		{59998F62-32CD-44B7-8D54-CF6787E873AA}.Debug|Any CPU.Build.0 = Debug|Any CPU
		{59998F62-32CD-44B7-8D54-CF6787E873AA}.Release|Any CPU.ActiveCfg = Release|Any CPU
		{59998F62-32CD-44B7-8D54-CF6787E873AA}.Release|Any CPU.Build.0 = Release|Any CPU
		{AFE3F882-9410-469A-9D77-375C1AD23478}.Debug|Any CPU.ActiveCfg = Debug|Any CPU
		{AFE3F882-9410-469A-9D77-375C1AD23478}.Debug|Any CPU.Build.0 = Debug|Any CPU
		{AFE3F882-9410-469A-9D77-375C1AD23478}.Release|Any CPU.ActiveCfg = Release|Any CPU
		{AFE3F882-9410-469A-9D77-375C1AD23478}.Release|Any CPU.Build.0 = Release|Any CPU
	EndGlobalSection
	GlobalSection(SolutionProperties) = preSolution
		HideSolutionNode = FALSE
	EndGlobalSection
	GlobalSection(NestedProjects) = preSolution
		{917FCBDB-E2FD-41CD-A6A3-66C4BF78E551} = {106E138F-304F-426D-8BB3-3625D8FFD9B6}
		{339BD57B-B8F5-4957-844F-BF2154B4B9E7} = {106E138F-304F-426D-8BB3-3625D8FFD9B6}
		{6B920DA8-9BC1-40AF-B1B5-08009B85947F} = {106E138F-304F-426D-8BB3-3625D8FFD9B6}
		{BF7566EF-A3EE-4115-AA8E-79756D464450} = {106E138F-304F-426D-8BB3-3625D8FFD9B6}
		{EBDE62F6-6FCC-446C-8B61-B32B98B88A50} = {106E138F-304F-426D-8BB3-3625D8FFD9B6}
	EndGlobalSection
	GlobalSection(ExtensibilityGlobals) = postSolution
		SolutionGuid = {E390C787-E7AE-4338-964B-DA9915316459}
	EndGlobalSection
EndGlobal
