
Microsoft Visual Studio Solution File, Format Version 12.00
# Visual Studio Version 17
VisualStudioVersion = 17.8.34316.72
MinimumVisualStudioVersion = 10.0.40219.1
Project("{9A19103F-16F7-4668-BE54-9A1E7A4F7556}") = "Albatross.Hosting", "Albatross.Hosting\Albatross.Hosting.csproj", "{F76BEA72-5625-4F0A-B5E6-F64D07EEAC90}"
EndProject
Project("{2150E333-8FDC-42A3-9474-1A3956D46DE8}") = "Solution Items", "Solution Items", "{1099E6C7-472C-4C23-BE56-C00019E891D5}"
	ProjectSection(SolutionItems) = preProject
		build.ps1 = build.ps1
		Directory.Build.props = Directory.Build.props
		pack.ps1 = pack.ps1
	EndProjectSection
EndProject
Project("{9A19103F-16F7-4668-BE54-9A1E7A4F7556}") = "Albatross.Hosting.Utility", "Albatross.Hosting.Utility\Albatross.Hosting.Utility.csproj", "{172670B2-0541-4BDF-ACE0-D8A5282E42ED}"
EndProject
Project("{9A19103F-16F7-4668-BE54-9A1E7A4F7556}") = "Sample.Hosting.WebApi", "Sample.Hosting.WebApi\Sample.Hosting.WebApi.csproj", "{FD15E117-A2D8-4E42-A47E-839C246F413E}"
EndProject
Project("{9A19103F-16F7-4668-BE54-9A1E7A4F7556}") = "Sample.Hosting.Utility", "Sample.Hosting.Utility\Sample.Hosting.Utility.csproj", "{10F00843-66DC-4BA1-8E2E-B77555DE71A5}"
EndProject
Project("{9A19103F-16F7-4668-BE54-9A1E7A4F7556}") = "Sample.Hosting.Daemon", "Sample.Hosting.Daemon\Sample.Hosting.Daemon.csproj", "{6E8DB81C-6AD8-4134-9094-A63AFF8D7F1F}"
EndProject
Global
	GlobalSection(SolutionConfigurationPlatforms) = preSolution
		Debug|Any CPU = Debug|Any CPU
		Release|Any CPU = Release|Any CPU
	EndGlobalSection
	GlobalSection(ProjectConfigurationPlatforms) = postSolution
		{F76BEA72-5625-4F0A-B5E6-F64D07EEAC90}.Debug|Any CPU.ActiveCfg = Debug|Any CPU
		{F76BEA72-5625-4F0A-B5E6-F64D07EEAC90}.Debug|Any CPU.Build.0 = Debug|Any CPU
		{F76BEA72-5625-4F0A-B5E6-F64D07EEAC90}.Release|Any CPU.ActiveCfg = Release|Any CPU
		{F76BEA72-5625-4F0A-B5E6-F64D07EEAC90}.Release|Any CPU.Build.0 = Release|Any CPU
		{172670B2-0541-4BDF-ACE0-D8A5282E42ED}.Debug|Any CPU.ActiveCfg = Debug|Any CPU
		{172670B2-0541-4BDF-ACE0-D8A5282E42ED}.Debug|Any CPU.Build.0 = Debug|Any CPU
		{172670B2-0541-4BDF-ACE0-D8A5282E42ED}.Release|Any CPU.ActiveCfg = Release|Any CPU
		{172670B2-0541-4BDF-ACE0-D8A5282E42ED}.Release|Any CPU.Build.0 = Release|Any CPU
		{FD15E117-A2D8-4E42-A47E-839C246F413E}.Debug|Any CPU.ActiveCfg = Debug|Any CPU
		{FD15E117-A2D8-4E42-A47E-839C246F413E}.Debug|Any CPU.Build.0 = Debug|Any CPU
		{FD15E117-A2D8-4E42-A47E-839C246F413E}.Release|Any CPU.ActiveCfg = Release|Any CPU
		{FD15E117-A2D8-4E42-A47E-839C246F413E}.Release|Any CPU.Build.0 = Release|Any CPU
		{10F00843-66DC-4BA1-8E2E-B77555DE71A5}.Debug|Any CPU.ActiveCfg = Debug|Any CPU
		{10F00843-66DC-4BA1-8E2E-B77555DE71A5}.Debug|Any CPU.Build.0 = Debug|Any CPU
		{10F00843-66DC-4BA1-8E2E-B77555DE71A5}.Release|Any CPU.ActiveCfg = Release|Any CPU
		{10F00843-66DC-4BA1-8E2E-B77555DE71A5}.Release|Any CPU.Build.0 = Release|Any CPU
		{6E8DB81C-6AD8-4134-9094-A63AFF8D7F1F}.Debug|Any CPU.ActiveCfg = Debug|Any CPU
		{6E8DB81C-6AD8-4134-9094-A63AFF8D7F1F}.Debug|Any CPU.Build.0 = Debug|Any CPU
		{6E8DB81C-6AD8-4134-9094-A63AFF8D7F1F}.Release|Any CPU.ActiveCfg = Release|Any CPU
		{6E8DB81C-6AD8-4134-9094-A63AFF8D7F1F}.Release|Any CPU.Build.0 = Release|Any CPU
	EndGlobalSection
	GlobalSection(SolutionProperties) = preSolution
		HideSolutionNode = FALSE
	EndGlobalSection
	GlobalSection(ExtensibilityGlobals) = postSolution
		SolutionGuid = {34C18A2B-8C4B-4C35-AD12-24C8704BF832}
	EndGlobalSection
EndGlobal
