
Microsoft Visual Studio Solution File, Format Version 12.00
# Visual Studio Version 17
VisualStudioVersion = 17.8.34316.72
MinimumVisualStudioVersion = 10.0.40219.1
Project("{9A19103F-16F7-4668-BE54-9A1E7A4F7556}") = "Albatross.Hosting", "Albatross.Hosting\Albatross.Hosting.csproj", "{F76BEA72-5625-4F0A-B5E6-F64D07EEAC90}"
EndProject
Project("{2150E333-8FDC-42A3-9474-1A3956D46DE8}") = "Solution Items", "Solution Items", "{1099E6C7-472C-4C23-BE56-C00019E891D5}"
	ProjectSection(SolutionItems) = preProject
		Directory.Build.props = Directory.Build.props
		pack.ps1 = pack.ps1
	EndProjectSection
EndProject
Project("{9A19103F-16F7-4668-BE54-9A1E7A4F7556}") = "Albatross.Hosting.Test", "Albatross.Hosting.Test\Albatross.Hosting.Test.csproj", "{E0577E45-4C6F-483D-8425-AB6FDA512182}"
EndProject
Project("{9A19103F-16F7-4668-BE54-9A1E7A4F7556}") = "Albatross.Hosting.Utility", "Albatross.Hosting.Utility\Albatross.Hosting.Utility.csproj", "{172670B2-0541-4BDF-ACE0-D8A5282E42ED}"
EndProject
Global
	GlobalSection(SolutionConfigurationPlatforms) = preSolution
		Debug|Any CPU = Debug|Any CPU
		Release|Any CPU = Release|Any CPU
	EndGlobalSection
	GlobalSection(ProjectConfigurationPlatforms) = postSolution
		{F76BEA72-5625-4F0A-B5E6-F64D07EEAC90}.Debug|Any CPU.ActiveCfg = Debug|Any CPU
		{F76BEA72-5625-4F0A-B5E6-F64D07EEAC90}.Debug|Any CPU.Build.0 = Debug|Any CPU
		{F76BEA72-5625-4F0A-B5E6-F64D07EEAC90}.Release|Any CPU.ActiveCfg = Release|Any CPU
		{F76BEA72-5625-4F0A-B5E6-F64D07EEAC90}.Release|Any CPU.Build.0 = Release|Any CPU
		{E0577E45-4C6F-483D-8425-AB6FDA512182}.Debug|Any CPU.ActiveCfg = Debug|Any CPU
		{E0577E45-4C6F-483D-8425-AB6FDA512182}.Debug|Any CPU.Build.0 = Debug|Any CPU
		{E0577E45-4C6F-483D-8425-AB6FDA512182}.Release|Any CPU.ActiveCfg = Release|Any CPU
		{E0577E45-4C6F-483D-8425-AB6FDA512182}.Release|Any CPU.Build.0 = Release|Any CPU
		{172670B2-0541-4BDF-ACE0-D8A5282E42ED}.Debug|Any CPU.ActiveCfg = Debug|Any CPU
		{172670B2-0541-4BDF-ACE0-D8A5282E42ED}.Debug|Any CPU.Build.0 = Debug|Any CPU
		{172670B2-0541-4BDF-ACE0-D8A5282E42ED}.Release|Any CPU.ActiveCfg = Release|Any CPU
		{172670B2-0541-4BDF-ACE0-D8A5282E42ED}.Release|Any CPU.Build.0 = Release|Any CPU
	EndGlobalSection
	GlobalSection(SolutionProperties) = preSolution
		HideSolutionNode = FALSE
	EndGlobalSection
	GlobalSection(ExtensibilityGlobals) = postSolution
		SolutionGuid = {34C18A2B-8C4B-4C35-AD12-24C8704BF832}
	EndGlobalSection
EndGlobal
