
Microsoft Visual Studio Solution File, Format Version 12.00
# Visual Studio Version 17
VisualStudioVersion = 17.8.34316.72
MinimumVisualStudioVersion = 10.0.40219.1
Project("{9A19103F-16F7-4668-BE54-9A1E7A4F7556}") = "Albatross", "Albatross\Albatross.csproj", "{1A83340F-3944-46FE-AC2B-38AB4C7B9715}"
EndProject
Project("{2150E333-8FDC-42A3-9474-1A3956D46DE8}") = "Solution Items", "Solution Items", "{4CD46C42-AD83-4239-87BA-BD0875D560B2}"
	ProjectSection(SolutionItems) = preProject
		Directory.Build.props = Directory.Build.props
		pack.ps1 = pack.ps1
	EndProjectSection
EndProject
Project("{9A19103F-16F7-4668-BE54-9A1E7A4F7556}") = "Albatross.Test", "Albatross.Test\Albatross.Test.csproj", "{3684C3E8-1BF9-4164-A39D-52B9C5968415}"
EndProject
Global
	GlobalSection(SolutionConfigurationPlatforms) = preSolution
		Debug|Any CPU = Debug|Any CPU
		Release|Any CPU = Release|Any CPU
	EndGlobalSection
	GlobalSection(ProjectConfigurationPlatforms) = postSolution
		{1A83340F-3944-46FE-AC2B-38AB4C7B9715}.Debug|Any CPU.ActiveCfg = Debug|Any CPU
		{1A83340F-3944-46FE-AC2B-38AB4C7B9715}.Debug|Any CPU.Build.0 = Debug|Any CPU
		{1A83340F-3944-46FE-AC2B-38AB4C7B9715}.Release|Any CPU.ActiveCfg = Release|Any CPU
		{1A83340F-3944-46FE-AC2B-38AB4C7B9715}.Release|Any CPU.Build.0 = Release|Any CPU
		{3684C3E8-1BF9-4164-A39D-52B9C5968415}.Debug|Any CPU.ActiveCfg = Debug|Any CPU
		{3684C3E8-1BF9-4164-A39D-52B9C5968415}.Debug|Any CPU.Build.0 = Debug|Any CPU
		{3684C3E8-1BF9-4164-A39D-52B9C5968415}.Release|Any CPU.ActiveCfg = Release|Any CPU
		{3684C3E8-1BF9-4164-A39D-52B9C5968415}.Release|Any CPU.Build.0 = Release|Any CPU
	EndGlobalSection
	GlobalSection(SolutionProperties) = preSolution
		HideSolutionNode = FALSE
	EndGlobalSection
	GlobalSection(ExtensibilityGlobals) = postSolution
		SolutionGuid = {BE880DF3-20C6-4576-87F7-CA6D7CFD5DC0}
	EndGlobalSection
EndGlobal
