
Microsoft Visual Studio Solution File, Format Version 12.00
# Visual Studio Version 17
VisualStudioVersion = 17.8.34316.72
MinimumVisualStudioVersion = 10.0.40219.1
Project("{2150E333-8FDC-42A3-9474-1A3956D46DE8}") = "Solution Items", "Solution Items", "{4CD46C42-AD83-4239-87BA-BD0875D560B2}"
	ProjectSection(SolutionItems) = preProject
		.projects = .projects
		.version = .version
	EndProjectSection
EndProject
Project("{9A19103F-16F7-4668-BE54-9A1E7A4F7556}") = "Albatross.Reflection", "Albatross.Reflection\Albatross.Reflection.csproj", "{1C4DA542-CE97-4DA7-8A69-6A8835F24DD8}"
EndProject
Project("{9A19103F-16F7-4668-BE54-9A1E7A4F7556}") = "Albatross.Reflection.Test", "Albatross.Reflection.Test\Albatross.Reflection.Test.csproj", "{82AC5243-6E7A-4099-8C1E-E5BD485B4246}"
EndProject
Global
	GlobalSection(SolutionConfigurationPlatforms) = preSolution
		Debug|Any CPU = Debug|Any CPU
		Release|Any CPU = Release|Any CPU
	EndGlobalSection
	GlobalSection(ProjectConfigurationPlatforms) = postSolution
		{1C4DA542-CE97-4DA7-8A69-6A8835F24DD8}.Debug|Any CPU.ActiveCfg = Debug|Any CPU
		{1C4DA542-CE97-4DA7-8A69-6A8835F24DD8}.Debug|Any CPU.Build.0 = Debug|Any CPU
		{1C4DA542-CE97-4DA7-8A69-6A8835F24DD8}.Release|Any CPU.ActiveCfg = Release|Any CPU
		{1C4DA542-CE97-4DA7-8A69-6A8835F24DD8}.Release|Any CPU.Build.0 = Release|Any CPU
		{82AC5243-6E7A-4099-8C1E-E5BD485B4246}.Debug|Any CPU.ActiveCfg = Debug|Any CPU
		{82AC5243-6E7A-4099-8C1E-E5BD485B4246}.Debug|Any CPU.Build.0 = Debug|Any CPU
		{82AC5243-6E7A-4099-8C1E-E5BD485B4246}.Release|Any CPU.ActiveCfg = Release|Any CPU
		{82AC5243-6E7A-4099-8C1E-E5BD485B4246}.Release|Any CPU.Build.0 = Release|Any CPU
	EndGlobalSection
	GlobalSection(SolutionProperties) = preSolution
		HideSolutionNode = FALSE
	EndGlobalSection
	GlobalSection(ExtensibilityGlobals) = postSolution
		SolutionGuid = {BE880DF3-20C6-4576-87F7-CA6D7CFD5DC0}
	EndGlobalSection
EndGlobal
